{
  "version": 4,
  "terraform_version": "1.9.8",
  "serial": 832,
  "lineage": "e1b64962-f172-71c4-ad51-759c6e1bfc9e",
  "outputs": {
    "private_ip": {
      "value": "10.0.10.113",
      "type": "string"
    },
    "public_dns": {
      "value": "ec2-54-180-158-249.ap-northeast-2.compute.amazonaws.com",
      "type": "string"
    },
    "public_ip": {
      "value": "54.180.158.249",
      "type": "string"
    },
    "security_group_mysql": {
      "value": "sg-03e41cadaba22c54a",
      "type": "string"
    },
    "security_group_tomcat": {
      "value": "sg-0d7d69d36148c51f3",
      "type": "string"
    },
    "ssh_tunnel_command": {
      "value": "ssh -i aws_project-default.pem -L 8080:54.180.158.249 -L 8081:10.0.10.113:8080\n",
      "type": "string"
    }
  },
  "resources": [
    {
      "mode": "data",
      "type": "aws_caller_identity",
      "name": "current",
      "provider": "provider[\"registry.terraform.io/hashicorp/aws\"]",
      "instances": [
        {
          "schema_version": 0,
          "attributes": {
            "account_id": "038462785952",
            "arn": "arn:aws:iam::038462785952:user/gibeom",
            "id": "038462785952",
            "user_id": "AIDAQR5EPRGQKCY54JT4M"
          },
          "sensitive_attributes": []
        }
      ]
    },
    {
      "mode": "data",
      "type": "aws_iam_policy_document",
      "name": "aws_eks_policy",
      "provider": "provider[\"registry.terraform.io/hashicorp/aws\"]",
      "instances": [
        {
          "schema_version": 0,
          "attributes": {
            "id": "3095942039",
            "json": "{\n  \"Version\": \"2012-10-17\",\n  \"Statement\": [\n    {\n      \"Sid\": \"EKSPermissions\",\n      \"Effect\": \"Allow\",\n      \"Action\": [\n        \"kms:DescribeKey\",\n        \"elasticloadbalancing:SetLoadBalancerPoliciesOfListener\",\n        \"elasticloadbalancing:SetLoadBalancerPoliciesForBackendServer\",\n        \"elasticloadbalancing:RegisterTargets\",\n        \"elasticloadbalancing:RegisterInstancesWithLoadBalancer\",\n        \"elasticloadbalancing:ModifyTargetGroupAttributes\",\n        \"elasticloadbalancing:ModifyTargetGroup\",\n        \"elasticloadbalancing:ModifyLoadBalancerAttributes\",\n        \"elasticloadbalancing:ModifyListener\",\n        \"elasticloadbalancing:DetachLoadBalancerFromSubnets\",\n        \"elasticloadbalancing:DescribeTargetHealth\",\n        \"elasticloadbalancing:DescribeTargetGroups\",\n        \"elasticloadbalancing:DescribeTargetGroupAttributes\",\n        \"elasticloadbalancing:DescribeLoadBalancers\",\n        \"elasticloadbalancing:DescribeLoadBalancerPolicies\",\n        \"elasticloadbalancing:DescribeLoadBalancerAttributes\",\n        \"elasticloadbalancing:DescribeListeners\",\n        \"elasticloadbalancing:DeregisterTargets\",\n        \"elasticloadbalancing:DeregisterInstancesFromLoadBalancer\",\n        \"elasticloadbalancing:DeleteTargetGroup\",\n        \"elasticloadbalancing:DeleteLoadBalancerListeners\",\n        \"elasticloadbalancing:DeleteLoadBalancer\",\n        \"elasticloadbalancing:DeleteListener\",\n        \"elasticloadbalancing:CreateTargetGroup\",\n        \"elasticloadbalancing:CreateRule\",\n        \"elasticloadbalancing:CreateLoadBalancerPolicy\",\n        \"elasticloadbalancing:CreateLoadBalancerListeners\",\n        \"elasticloadbalancing:CreateLoadBalancer\",\n        \"elasticloadbalancing:CreateListener\",\n        \"elasticloadbalancing:ConfigureHealthCheck\",\n        \"elasticloadbalancing:AttachLoadBalancerToSubnets\",\n        \"elasticloadbalancing:ApplySecurityGroupsToLoadBalancer\",\n        \"elasticloadbalancing:AddTags\",\n        \"eks:DescribeCluster\",\n        \"eks-auth:AssumeRoleForPodIdentity\",\n        \"ec2:RunInstances\",\n        \"ec2:RevokeSecurityGroupIngress\",\n        \"ec2:ModifyVolume\",\n        \"ec2:ModifyNetworkInterfaceAttribute\",\n        \"ec2:ModifyInstanceAttribute\",\n        \"ec2:EnableFastSnapshotRestores\",\n        \"ec2:DetachVolume\",\n        \"ec2:DetachNetworkInterface\",\n        \"ec2:DescribeVpcs\",\n        \"ec2:DescribeVolumesModifications\",\n        \"ec2:DescribeVolumes\",\n        \"ec2:DescribeTags\",\n        \"ec2:DescribeSubnets\",\n        \"ec2:DescribeSecurityGroups\",\n        \"ec2:DescribeRouteTables\",\n        \"ec2:DescribeNetworkInterfaces\",\n        \"ec2:DescribeInternetGateways\",\n        \"ec2:DescribeInstances\",\n        \"ec2:DescribeInstanceTypes\",\n        \"ec2:DescribeDhcpOptions\",\n        \"ec2:DescribeAvailabilityZones\",\n        \"ec2:DescribeAddresses\",\n        \"ec2:DescribeAccountAttributes\",\n        \"ec2:DeleteVolume\",\n        \"ec2:DeleteSecurityGroup\",\n        \"ec2:DeleteRoute\",\n        \"ec2:DeleteNetworkInterface\",\n        \"ec2:CreateVolume\",\n        \"ec2:CreateTags\",\n        \"ec2:CreateSecurityGroup\",\n        \"ec2:CreateRoute\",\n        \"ec2:CreateNetworkInterface\",\n        \"ec2:CreateFleet\",\n        \"ec2:AuthorizeSecurityGroupIngress\",\n        \"ec2:AttachVolume\",\n        \"ec2:AttachNetworkInterface\",\n        \"ec2:AssignPrivateIpAddresses\",\n        \"autoscaling:UpdateAutoScalingGroup\",\n        \"autoscaling:DescribeTags\",\n        \"autoscaling:DescribeLaunchConfigurations\",\n        \"autoscaling:DescribeAutoScalingInstances\",\n        \"autoscaling:DescribeAutoScalingGroups\"\n      ],\n      \"Resource\": \"*\",\n      \"Condition\": {\n        \"StringEquals\": {\n          \"autoscaling:ResourceTag/k8s.io/cluster-autoscaler/enabled\": \"true\",\n          \"autoscaling:ResourceTag/kubernetes.io/cluster/mysqldb\": \"owned\"\n        }\n      }\n    }\n  ]\n}",
            "minified_json": "{\"Version\":\"2012-10-17\",\"Statement\":[{\"Sid\":\"EKSPermissions\",\"Effect\":\"Allow\",\"Action\":[\"kms:DescribeKey\",\"elasticloadbalancing:SetLoadBalancerPoliciesOfListener\",\"elasticloadbalancing:SetLoadBalancerPoliciesForBackendServer\",\"elasticloadbalancing:RegisterTargets\",\"elasticloadbalancing:RegisterInstancesWithLoadBalancer\",\"elasticloadbalancing:ModifyTargetGroupAttributes\",\"elasticloadbalancing:ModifyTargetGroup\",\"elasticloadbalancing:ModifyLoadBalancerAttributes\",\"elasticloadbalancing:ModifyListener\",\"elasticloadbalancing:DetachLoadBalancerFromSubnets\",\"elasticloadbalancing:DescribeTargetHealth\",\"elasticloadbalancing:DescribeTargetGroups\",\"elasticloadbalancing:DescribeTargetGroupAttributes\",\"elasticloadbalancing:DescribeLoadBalancers\",\"elasticloadbalancing:DescribeLoadBalancerPolicies\",\"elasticloadbalancing:DescribeLoadBalancerAttributes\",\"elasticloadbalancing:DescribeListeners\",\"elasticloadbalancing:DeregisterTargets\",\"elasticloadbalancing:DeregisterInstancesFromLoadBalancer\",\"elasticloadbalancing:DeleteTargetGroup\",\"elasticloadbalancing:DeleteLoadBalancerListeners\",\"elasticloadbalancing:DeleteLoadBalancer\",\"elasticloadbalancing:DeleteListener\",\"elasticloadbalancing:CreateTargetGroup\",\"elasticloadbalancing:CreateRule\",\"elasticloadbalancing:CreateLoadBalancerPolicy\",\"elasticloadbalancing:CreateLoadBalancerListeners\",\"elasticloadbalancing:CreateLoadBalancer\",\"elasticloadbalancing:CreateListener\",\"elasticloadbalancing:ConfigureHealthCheck\",\"elasticloadbalancing:AttachLoadBalancerToSubnets\",\"elasticloadbalancing:ApplySecurityGroupsToLoadBalancer\",\"elasticloadbalancing:AddTags\",\"eks:DescribeCluster\",\"eks-auth:AssumeRoleForPodIdentity\",\"ec2:RunInstances\",\"ec2:RevokeSecurityGroupIngress\",\"ec2:ModifyVolume\",\"ec2:ModifyNetworkInterfaceAttribute\",\"ec2:ModifyInstanceAttribute\",\"ec2:EnableFastSnapshotRestores\",\"ec2:DetachVolume\",\"ec2:DetachNetworkInterface\",\"ec2:DescribeVpcs\",\"ec2:DescribeVolumesModifications\",\"ec2:DescribeVolumes\",\"ec2:DescribeTags\",\"ec2:DescribeSubnets\",\"ec2:DescribeSecurityGroups\",\"ec2:DescribeRouteTables\",\"ec2:DescribeNetworkInterfaces\",\"ec2:DescribeInternetGateways\",\"ec2:DescribeInstances\",\"ec2:DescribeInstanceTypes\",\"ec2:DescribeDhcpOptions\",\"ec2:DescribeAvailabilityZones\",\"ec2:DescribeAddresses\",\"ec2:DescribeAccountAttributes\",\"ec2:DeleteVolume\",\"ec2:DeleteSecurityGroup\",\"ec2:DeleteRoute\",\"ec2:DeleteNetworkInterface\",\"ec2:CreateVolume\",\"ec2:CreateTags\",\"ec2:CreateSecurityGroup\",\"ec2:CreateRoute\",\"ec2:CreateNetworkInterface\",\"ec2:CreateFleet\",\"ec2:AuthorizeSecurityGroupIngress\",\"ec2:AttachVolume\",\"ec2:AttachNetworkInterface\",\"ec2:AssignPrivateIpAddresses\",\"autoscaling:UpdateAutoScalingGroup\",\"autoscaling:DescribeTags\",\"autoscaling:DescribeLaunchConfigurations\",\"autoscaling:DescribeAutoScalingInstances\",\"autoscaling:DescribeAutoScalingGroups\"],\"Resource\":\"*\",\"Condition\":{\"StringEquals\":{\"autoscaling:ResourceTag/k8s.io/cluster-autoscaler/enabled\":\"true\",\"autoscaling:ResourceTag/kubernetes.io/cluster/mysqldb\":\"owned\"}}}]}",
            "override_json": null,
            "override_policy_documents": null,
            "policy_id": null,
            "source_json": null,
            "source_policy_documents": null,
            "statement": [
              {
                "actions": [
                  "autoscaling:DescribeAutoScalingGroups",
                  "autoscaling:DescribeAutoScalingInstances",
                  "autoscaling:DescribeLaunchConfigurations",
                  "autoscaling:DescribeTags",
                  "autoscaling:UpdateAutoScalingGroup",
                  "ec2:AssignPrivateIpAddresses",
                  "ec2:AttachNetworkInterface",
                  "ec2:AttachVolume",
                  "ec2:AuthorizeSecurityGroupIngress",
                  "ec2:CreateFleet",
                  "ec2:CreateNetworkInterface",
                  "ec2:CreateRoute",
                  "ec2:CreateSecurityGroup",
                  "ec2:CreateTags",
                  "ec2:CreateVolume",
                  "ec2:DeleteNetworkInterface",
                  "ec2:DeleteRoute",
                  "ec2:DeleteSecurityGroup",
                  "ec2:DeleteVolume",
                  "ec2:DescribeAccountAttributes",
                  "ec2:DescribeAddresses",
                  "ec2:DescribeAvailabilityZones",
                  "ec2:DescribeDhcpOptions",
                  "ec2:DescribeInstanceTypes",
                  "ec2:DescribeInstances",
                  "ec2:DescribeInternetGateways",
                  "ec2:DescribeNetworkInterfaces",
                  "ec2:DescribeRouteTables",
                  "ec2:DescribeSecurityGroups",
                  "ec2:DescribeSubnets",
                  "ec2:DescribeTags",
                  "ec2:DescribeVolumes",
                  "ec2:DescribeVolumesModifications",
                  "ec2:DescribeVpcs",
                  "ec2:DetachNetworkInterface",
                  "ec2:DetachVolume",
                  "ec2:EnableFastSnapshotRestores",
                  "ec2:ModifyInstanceAttribute",
                  "ec2:ModifyNetworkInterfaceAttribute",
                  "ec2:ModifyVolume",
                  "ec2:RevokeSecurityGroupIngress",
                  "ec2:RunInstances",
                  "eks-auth:AssumeRoleForPodIdentity",
                  "eks:DescribeCluster",
                  "elasticloadbalancing:AddTags",
                  "elasticloadbalancing:ApplySecurityGroupsToLoadBalancer",
                  "elasticloadbalancing:AttachLoadBalancerToSubnets",
                  "elasticloadbalancing:ConfigureHealthCheck",
                  "elasticloadbalancing:CreateListener",
                  "elasticloadbalancing:CreateLoadBalancer",
                  "elasticloadbalancing:CreateLoadBalancerListeners",
                  "elasticloadbalancing:CreateLoadBalancerPolicy",
                  "elasticloadbalancing:CreateRule",
                  "elasticloadbalancing:CreateTargetGroup",
                  "elasticloadbalancing:DeleteListener",
                  "elasticloadbalancing:DeleteLoadBalancer",
                  "elasticloadbalancing:DeleteLoadBalancerListeners",
                  "elasticloadbalancing:DeleteTargetGroup",
                  "elasticloadbalancing:DeregisterInstancesFromLoadBalancer",
                  "elasticloadbalancing:DeregisterTargets",
                  "elasticloadbalancing:DescribeListeners",
                  "elasticloadbalancing:DescribeLoadBalancerAttributes",
                  "elasticloadbalancing:DescribeLoadBalancerPolicies",
                  "elasticloadbalancing:DescribeLoadBalancers",
                  "elasticloadbalancing:DescribeTargetGroupAttributes",
                  "elasticloadbalancing:DescribeTargetGroups",
                  "elasticloadbalancing:DescribeTargetHealth",
                  "elasticloadbalancing:DetachLoadBalancerFromSubnets",
                  "elasticloadbalancing:ModifyListener",
                  "elasticloadbalancing:ModifyLoadBalancerAttributes",
                  "elasticloadbalancing:ModifyTargetGroup",
                  "elasticloadbalancing:ModifyTargetGroupAttributes",
                  "elasticloadbalancing:RegisterInstancesWithLoadBalancer",
                  "elasticloadbalancing:RegisterTargets",
                  "elasticloadbalancing:SetLoadBalancerPoliciesForBackendServer",
                  "elasticloadbalancing:SetLoadBalancerPoliciesOfListener",
                  "kms:DescribeKey"
                ],
                "condition": [
                  {
                    "test": "StringEquals",
                    "values": [
                      "owned"
                    ],
                    "variable": "autoscaling:ResourceTag/kubernetes.io/cluster/mysqldb"
                  },
                  {
                    "test": "StringEquals",
                    "values": [
                      "true"
                    ],
                    "variable": "autoscaling:ResourceTag/k8s.io/cluster-autoscaler/enabled"
                  }
                ],
                "effect": "Allow",
                "not_actions": [],
                "not_principals": [],
                "not_resources": [],
                "principals": [],
                "resources": [
                  "*"
                ],
                "sid": "EKSPermissions"
              }
            ],
            "version": "2012-10-17"
          },
          "sensitive_attributes": []
        }
      ]
    },
    {
      "mode": "data",
      "type": "aws_iam_policy_document",
      "name": "ec2_assume_role_policy",
      "provider": "provider[\"registry.terraform.io/hashicorp/aws\"]",
      "instances": [
        {
          "schema_version": 0,
          "attributes": {
            "id": "2851119427",
            "json": "{\n  \"Version\": \"2012-10-17\",\n  \"Statement\": [\n    {\n      \"Effect\": \"Allow\",\n      \"Action\": \"sts:AssumeRole\",\n      \"Principal\": {\n        \"Service\": \"ec2.amazonaws.com\"\n      }\n    }\n  ]\n}",
            "minified_json": "{\"Version\":\"2012-10-17\",\"Statement\":[{\"Effect\":\"Allow\",\"Action\":\"sts:AssumeRole\",\"Principal\":{\"Service\":\"ec2.amazonaws.com\"}}]}",
            "override_json": null,
            "override_policy_documents": null,
            "policy_id": null,
            "source_json": null,
            "source_policy_documents": null,
            "statement": [
              {
                "actions": [
                  "sts:AssumeRole"
                ],
                "condition": [],
                "effect": "Allow",
                "not_actions": [],
                "not_principals": [],
                "not_resources": [],
                "principals": [
                  {
                    "identifiers": [
                      "ec2.amazonaws.com"
                    ],
                    "type": "Service"
                  }
                ],
                "resources": [],
                "sid": ""
              }
            ],
            "version": "2012-10-17"
          },
          "sensitive_attributes": []
        }
      ]
    },
    {
      "mode": "data",
      "type": "aws_iam_policy_document",
      "name": "eks_assume_role_policy",
      "provider": "provider[\"registry.terraform.io/hashicorp/aws\"]",
      "instances": [
        {
          "schema_version": 0,
          "attributes": {
            "id": "3552664922",
            "json": "{\n  \"Version\": \"2012-10-17\",\n  \"Statement\": [\n    {\n      \"Effect\": \"Allow\",\n      \"Action\": \"sts:AssumeRole\",\n      \"Principal\": {\n        \"Service\": \"eks.amazonaws.com\"\n      }\n    }\n  ]\n}",
            "minified_json": "{\"Version\":\"2012-10-17\",\"Statement\":[{\"Effect\":\"Allow\",\"Action\":\"sts:AssumeRole\",\"Principal\":{\"Service\":\"eks.amazonaws.com\"}}]}",
            "override_json": null,
            "override_policy_documents": null,
            "policy_id": null,
            "source_json": null,
            "source_policy_documents": null,
            "statement": [
              {
                "actions": [
                  "sts:AssumeRole"
                ],
                "condition": [],
                "effect": "Allow",
                "not_actions": [],
                "not_principals": [],
                "not_resources": [],
                "principals": [
                  {
                    "identifiers": [
                      "eks.amazonaws.com"
                    ],
                    "type": "Service"
                  }
                ],
                "resources": [],
                "sid": ""
              }
            ],
            "version": "2012-10-17"
          },
          "sensitive_attributes": []
        }
      ]
    },
    {
      "mode": "managed",
      "type": "aws_customer_gateway",
      "name": "CGW-FOR-GCP-0",
      "provider": "provider[\"registry.terraform.io/hashicorp/aws\"]",
      "instances": [
        {
          "schema_version": 0,
          "attributes": {
            "arn": "arn:aws:ec2:ap-northeast-2:038462785952:customer-gateway/cgw-081f40dc0fff2f7a7",
            "bgp_asn": "65000",
            "bgp_asn_extended": "",
            "certificate_arn": "",
            "device_name": "",
            "id": "cgw-081f40dc0fff2f7a7",
            "ip_address": "34.64.65.77",
            "tags": {
              "Name": "CGW-FOR-GCP-0"
            },
            "tags_all": {
              "Name": "CGW-FOR-GCP-0"
            },
            "type": "ipsec.1"
          },
          "sensitive_attributes": [],
          "private": "bnVsbA==",
          "dependencies": [
            "google_compute_ha_vpn_gateway.ha-gateway",
            "google_compute_network.vpc_network"
          ]
        }
      ]
    },
    {
      "mode": "managed",
      "type": "aws_customer_gateway",
      "name": "CGW-FOR-GCP-1",
      "provider": "provider[\"registry.terraform.io/hashicorp/aws\"]",
      "instances": [
        {
          "schema_version": 0,
          "attributes": {
            "arn": "arn:aws:ec2:ap-northeast-2:038462785952:customer-gateway/cgw-0110d4da75ce53e37",
            "bgp_asn": "65000",
            "bgp_asn_extended": "",
            "certificate_arn": "",
            "device_name": "",
            "id": "cgw-0110d4da75ce53e37",
            "ip_address": "34.64.130.88",
            "tags": {
              "Name": "CGW-FOR-GCP-1"
            },
            "tags_all": {
              "Name": "CGW-FOR-GCP-1"
            },
            "type": "ipsec.1"
          },
          "sensitive_attributes": [],
          "private": "bnVsbA==",
          "dependencies": [
            "google_compute_ha_vpn_gateway.ha-gateway",
            "google_compute_network.vpc_network"
          ]
        }
      ]
    },
    {
      "mode": "managed",
      "type": "aws_eip",
      "name": "nat_gateway_eip",
      "provider": "provider[\"registry.terraform.io/hashicorp/aws\"]",
      "instances": [
        {
          "index_key": 0,
          "schema_version": 0,
          "attributes": {
            "address": null,
            "allocation_id": "eipalloc-0150d4318fd9a001f",
            "arn": "arn:aws:ec2:ap-northeast-2:038462785952:elastic-ip/eipalloc-0150d4318fd9a001f",
            "associate_with_private_ip": null,
            "association_id": "eipassoc-00a8bbaf0cb01d867",
            "carrier_ip": "",
            "customer_owned_ip": "",
            "customer_owned_ipv4_pool": "",
            "domain": "vpc",
            "id": "eipalloc-0150d4318fd9a001f",
            "instance": "",
            "ipam_pool_id": null,
            "network_border_group": "ap-northeast-2",
            "network_interface": "eni-088ee682a68866901",
            "private_dns": "ip-10-0-10-57.ap-northeast-2.compute.internal",
            "private_ip": "10.0.10.57",
            "ptr_record": "",
            "public_dns": "ec2-43-202-227-139.ap-northeast-2.compute.amazonaws.com",
            "public_ip": "43.202.227.139",
            "public_ipv4_pool": "amazon",
            "tags": {
              "Name": "SEC-PRD-VPC-EIP-ap-northeast-2a",
              "Project": "project-name"
            },
            "tags_all": {
              "Name": "SEC-PRD-VPC-EIP-ap-northeast-2a",
              "Project": "project-name"
            },
            "timeouts": null,
            "vpc": true
          },
          "sensitive_attributes": [],
          "private": "eyJlMmJmYjczMC1lY2FhLTExZTYtOGY4OC0zNDM2M2JjN2M0YzAiOnsiZGVsZXRlIjoxODAwMDAwMDAwMDAsInJlYWQiOjkwMDAwMDAwMDAwMCwidXBkYXRlIjozMDAwMDAwMDAwMDB9fQ==",
          "create_before_destroy": true
        },
        {
          "index_key": 1,
          "schema_version": 0,
          "attributes": {
            "address": null,
            "allocation_id": "eipalloc-0b64a6921cd534d70",
            "arn": "arn:aws:ec2:ap-northeast-2:038462785952:elastic-ip/eipalloc-0b64a6921cd534d70",
            "associate_with_private_ip": null,
            "association_id": "eipassoc-073312d426e0d1685",
            "carrier_ip": "",
            "customer_owned_ip": "",
            "customer_owned_ipv4_pool": "",
            "domain": "vpc",
            "id": "eipalloc-0b64a6921cd534d70",
            "instance": "",
            "ipam_pool_id": null,
            "network_border_group": "ap-northeast-2",
            "network_interface": "eni-0e1055c0e3808da29",
            "private_dns": "ip-10-0-20-42.ap-northeast-2.compute.internal",
            "private_ip": "10.0.20.42",
            "ptr_record": "",
            "public_dns": "ec2-43-203-23-68.ap-northeast-2.compute.amazonaws.com",
            "public_ip": "43.203.23.68",
            "public_ipv4_pool": "amazon",
            "tags": {
              "Name": "SEC-PRD-VPC-EIP-ap-northeast-2c",
              "Project": "project-name"
            },
            "tags_all": {
              "Name": "SEC-PRD-VPC-EIP-ap-northeast-2c",
              "Project": "project-name"
            },
            "timeouts": null,
            "vpc": true
          },
          "sensitive_attributes": [],
          "private": "eyJlMmJmYjczMC1lY2FhLTExZTYtOGY4OC0zNDM2M2JjN2M0YzAiOnsiZGVsZXRlIjoxODAwMDAwMDAwMDAsInJlYWQiOjkwMDAwMDAwMDAwMCwidXBkYXRlIjozMDAwMDAwMDAwMDB9fQ==",
          "create_before_destroy": true
        }
      ]
    },
    {
      "mode": "managed",
      "type": "aws_eks_cluster",
      "name": "mysqldb_cluster",
      "provider": "provider[\"registry.terraform.io/hashicorp/aws\"]",
      "instances": [
        {
          "schema_version": 1,
          "attributes": {
            "access_config": [
              {
                "authentication_mode": "CONFIG_MAP",
                "bootstrap_cluster_creator_admin_permissions": true
              }
            ],
            "arn": "arn:aws:eks:ap-northeast-2:038462785952:cluster/mysqldb",
            "bootstrap_self_managed_addons": true,
            "certificate_authority": [
              {
                "data": "LS0tLS1CRUdJTiBDRVJUSUZJQ0FURS0tLS0tCk1JSURCVENDQWUyZ0F3SUJBZ0lJQWllYk12QW5ZWUV3RFFZSktvWklodmNOQVFFTEJRQXdGVEVUTUJFR0ExVUUKQXhNS2EzVmlaWEp1WlhSbGN6QWVGdzB5TkRFeU1UVXhNVFUzTVRkYUZ3MHpOREV5TVRNeE1qQXlNVGRhTUJVeApFekFSQmdOVkJBTVRDbXQxWW1WeWJtVjBaWE13Z2dFaU1BMEdDU3FHU0liM0RRRUJBUVVBQTRJQkR3QXdnZ0VLCkFvSUJBUUM1Q2lDYy9SWTBZU2sydzJ1RkNGZC9nbkxmcksvcU5hZWliQ2tNcUUrRTVIVkFsL2hETjYybzdCN2MKYkRrbTJSbDd0ZUlYL1lZRzYxWjlQa0V5c3pIdUxWRGFPT2VJMWZhTU5ycXNxWTBzSzJ5QlU2V2VtVXIxWmVXcQo2QlB4MXhkQy9ZWXVwcHpCVzZZNXowVjdXcHVuTXQwTyt3Z2Z6Rkdwbm9SSWN0TTdYSVErVWQvdksxT3RKd0FBClRqSXdOaUkraFpMcWhTVUFlVGZrNzBRcjNSTGJITTJVSDVGM0d6Q2pQV3VvaVhoWkhOcnFITFZuT25DaS9pL2oKRk9JcTZrUERLbFNUVlVsNVVCWVhRckJkeDRjNUlWbzllY2cwc3FKZUZ0SDA5cnFlTGZrZEtVcEE3M0psYWt3ZQo4K2ZvOGZDSWdpR1BEeVVxRTA4R1dUZkRWQUhuQWdNQkFBR2pXVEJYTUE0R0ExVWREd0VCL3dRRUF3SUNwREFQCkJnTlZIUk1CQWY4RUJUQURBUUgvTUIwR0ExVWREZ1FXQkJTVjlyVHB0cVFkOUFCQ2kxM2RxTUFSSExLNEFqQVYKQmdOVkhSRUVEakFNZ2dwcmRXSmxjbTVsZEdWek1BMEdDU3FHU0liM0RRRUJDd1VBQTRJQkFRQ2d3T1laSG1wNApaWS9kaHdZeDFOdUhRTmVLRFZ4NGIrWmFxTCs2SktqM1owNC9QdjllMW1nSGhMbkpCbkZWWFIxWmt4ZFdHTEx0Ck1Cb1c0TjFuUk9VNXRjWmtNYndjQ3Y0cUFLMDdIb3JtYmI5SVRidUhGZE80ZHNMYURoYVdYaWw0cTVjVG1qVXUKV0FNQkVWc1VQaEhnYUNrcmZJZ09uS3NrMFo3ZFNYTE1ZZWlDUFYrdXJvc1NmTnFjMnJzT2FLOWUyWG5ZbklCMQpWRUlGSFAySzRwOFlQRVBjVzJqZkM0R3VvVTMySTBaVUZnbW9HM0MyNXo0bHhtVDVNUEFXWnZwaFpxZlVtbzNjCnRhWmxDWFd2MlppM3kvdzRmV3NDbFBoS1ZWU1FKd080V2h1ZkVvUjBtbnRSV1l3aGkvT1gxamc2Z2VJM3l3TEcKNEk2T0x6VjczdC9BCi0tLS0tRU5EIENFUlRJRklDQVRFLS0tLS0K"
              }
            ],
            "cluster_id": null,
            "compute_config": [],
            "created_at": "2024-12-15T11:56:55Z",
            "enabled_cluster_log_types": [],
            "encryption_config": [],
            "endpoint": "https://3A4C69068AABF0421F555E46A1FB147C.gr7.ap-northeast-2.eks.amazonaws.com",
            "id": "mysqldb",
            "identity": [
              {
                "oidc": [
                  {
                    "issuer": "https://oidc.eks.ap-northeast-2.amazonaws.com/id/3A4C69068AABF0421F555E46A1FB147C"
                  }
                ]
              }
            ],
            "kubernetes_network_config": [
              {
                "elastic_load_balancing": [
                  {
                    "enabled": false
                  }
                ],
                "ip_family": "ipv4",
                "service_ipv4_cidr": "172.20.0.0/16",
                "service_ipv6_cidr": ""
              }
            ],
            "name": "mysqldb",
            "outpost_config": [],
            "platform_version": "eks.23",
            "remote_network_config": [],
            "role_arn": "arn:aws:iam::038462785952:role/eks-admin-role",
            "status": "ACTIVE",
            "storage_config": [],
            "tags": {},
            "tags_all": {},
            "timeouts": null,
            "upgrade_policy": [
              {
                "support_type": "EXTENDED"
              }
            ],
            "version": "1.30",
            "vpc_config": [
              {
                "cluster_security_group_id": "sg-0c7f54c805d298e74",
                "endpoint_private_access": true,
                "endpoint_public_access": false,
                "public_access_cidrs": [],
                "security_group_ids": [
                  "sg-03e41cadaba22c54a"
                ],
                "subnet_ids": [
                  "subnet-018809a0b2573b774",
                  "subnet-02329894595fdd84c"
                ],
                "vpc_id": "vpc-00d059a1572ebf24a"
              }
            ],
            "zonal_shift_config": []
          },
          "sensitive_attributes": [],
          "private": "eyJlMmJmYjczMC1lY2FhLTExZTYtOGY4OC0zNDM2M2JjN2M0YzAiOnsiY3JlYXRlIjoxODAwMDAwMDAwMDAwLCJkZWxldGUiOjkwMDAwMDAwMDAwMCwidXBkYXRlIjozNjAwMDAwMDAwMDAwfSwic2NoZW1hX3ZlcnNpb24iOiIxIn0=",
          "dependencies": [
            "aws_eip.nat_gateway_eip",
            "aws_iam_role.aws_eks_role",
            "aws_internet_gateway.IGW",
            "aws_nat_gateway.nat_gateway",
            "aws_security_group.PRI-RDS-SG",
            "aws_security_group.PUB-SG",
            "aws_subnet.PRI-RDS-2A",
            "aws_subnet.PRI-RDS-2C",
            "aws_subnet.PUB-2A",
            "aws_subnet.PUB-2C",
            "aws_vpc.SEC-PRD-VPC"
          ]
        }
      ]
    },
    {
      "mode": "managed",
      "type": "aws_eks_cluster",
      "name": "tomcatwas_cluster",
      "provider": "provider[\"registry.terraform.io/hashicorp/aws\"]",
      "instances": [
        {
          "schema_version": 1,
          "attributes": {
            "access_config": [
              {
                "authentication_mode": "CONFIG_MAP",
                "bootstrap_cluster_creator_admin_permissions": true
              }
            ],
            "arn": "arn:aws:eks:ap-northeast-2:038462785952:cluster/tomcatwas",
            "bootstrap_self_managed_addons": true,
            "certificate_authority": [
              {
                "data": "LS0tLS1CRUdJTiBDRVJUSUZJQ0FURS0tLS0tCk1JSURCVENDQWUyZ0F3SUJBZ0lJS1dQMmFOc3FEUEF3RFFZSktvWklodmNOQVFFTEJRQXdGVEVUTUJFR0ExVUUKQXhNS2EzVmlaWEp1WlhSbGN6QWVGdzB5TkRFeU1UVXhNVFUyTXpoYUZ3MHpOREV5TVRNeE1qQXhNemhhTUJVeApFekFSQmdOVkJBTVRDbXQxWW1WeWJtVjBaWE13Z2dFaU1BMEdDU3FHU0liM0RRRUJBUVVBQTRJQkR3QXdnZ0VLCkFvSUJBUURQME14R0JRZmxyNTJ3VTAvd3lMWFpITDVuU1pJQnVuRE9OcEswMURGdWZyaFlxMFF4c0RWYW1JTWkKNjBNdCtNUHE4N2tyaGhZeEdKNlVxYW4rMmNpOTRTTXZKSGU0ajZ0eGFzU3kxREs4RGhjcjNIbHVST1VIRmdSYwpZN2VUckxXaVU2TXdSbVBGL3kwNnJpYW94alIvR3pqNmJYNjhPN2RxZFhDNGxScUFiN29ZaHhPRlRTVVpuVWNaCit0M1FGMjFTZnlaYnVEVzY1NDh4VkdUckpaMk4wcjNqOFZ5b09ueStuS09OcFFLenhJcTdPczFKeFpjMm0xbHAKQVZrZnVVYXRDN1JKbVpmOVJweFFYVW5JN2YveXY3Qzg3SU4vaThHVUVOakJraDlONzZsSlRUTzEvS2pvMXdvcgpCNmRrdmJsdUZqVExucENtM0cwNnpmemRIUUJoQWdNQkFBR2pXVEJYTUE0R0ExVWREd0VCL3dRRUF3SUNwREFQCkJnTlZIUk1CQWY4RUJUQURBUUgvTUIwR0ExVWREZ1FXQkJTelpqdkZ1TlkrZkJpTzEzdVJUaHpjVzlxZ0d6QVYKQmdOVkhSRUVEakFNZ2dwcmRXSmxjbTVsZEdWek1BMEdDU3FHU0liM0RRRUJDd1VBQTRJQkFRQUoydGU2b3drRworRDNSaTBQNVFvQnBIcmFWZ3JFRnJaTHlYeFhWWk9SV2grOEJwWVRleDRWQmRlWnRnWU9iVUJZNE95M2RvbVNyCjFMQy9UZUl5NjZBR1NYV05KRW01MVlydERzckQ4NVprSi8vMlRlVFVVZEtmQlViZnBaQS9tbDJTLzFaS0wrQS8KaDM1NUcyZHJUQTJ3MUlONDBFcDFxa2xtUHExWG9FT3ZGenBrdTV0VlcrS0hxSHR1TG5lbEZQWHc5T29HM2RTZgpUVm9tWnJDYkR2YUNUdCtnNjdqMnNpditFRW1vaEUzQWFnTElmTUxDcGFNa0lxYXJlTGhQTlFvUVExQVk5RzY1CmlvQ2JjNVdFMVI3N2FuTG1Oc21FZkhEUnlKY2VLYVNqVU85K3E0QVJuRnhHV3N4cFlza3RPNjJ6a3ltdUVBdkwKYVdNb3RSeWJITi9nCi0tLS0tRU5EIENFUlRJRklDQVRFLS0tLS0K"
              }
            ],
            "cluster_id": null,
            "compute_config": [],
            "created_at": "2024-12-15T11:56:55Z",
            "enabled_cluster_log_types": [],
            "encryption_config": [],
            "endpoint": "https://CA4DC4C14CD74E58C87F50DBFA6B2E3C.gr7.ap-northeast-2.eks.amazonaws.com",
            "id": "tomcatwas",
            "identity": [
              {
                "oidc": [
                  {
                    "issuer": "https://oidc.eks.ap-northeast-2.amazonaws.com/id/CA4DC4C14CD74E58C87F50DBFA6B2E3C"
                  }
                ]
              }
            ],
            "kubernetes_network_config": [
              {
                "elastic_load_balancing": [
                  {
                    "enabled": false
                  }
                ],
                "ip_family": "ipv4",
                "service_ipv4_cidr": "172.20.0.0/16",
                "service_ipv6_cidr": ""
              }
            ],
            "name": "tomcatwas",
            "outpost_config": [],
            "platform_version": "eks.23",
            "remote_network_config": [],
            "role_arn": "arn:aws:iam::038462785952:role/eks-admin-role",
            "status": "ACTIVE",
            "storage_config": [],
            "tags": {
              "App": "tomcatwas",
              "Env": "prod",
              "Name": "tomcatwas_cluster",
              "Team": "AppOps"
            },
            "tags_all": {
              "App": "tomcatwas",
              "Env": "prod",
              "Name": "tomcatwas_cluster",
              "Team": "AppOps"
            },
            "timeouts": null,
            "upgrade_policy": [
              {
                "support_type": "EXTENDED"
              }
            ],
            "version": "1.30",
            "vpc_config": [
              {
                "cluster_security_group_id": "sg-0941b5f18c89165cc",
                "endpoint_private_access": true,
                "endpoint_public_access": false,
                "public_access_cidrs": [],
                "security_group_ids": [
                  "sg-0d7d69d36148c51f3"
                ],
                "subnet_ids": [
                  "subnet-022823ffc77676c1b",
                  "subnet-080340c130bfd6e50"
                ],
                "vpc_id": "vpc-00d059a1572ebf24a"
              }
            ],
            "zonal_shift_config": []
          },
          "sensitive_attributes": [],
          "private": "eyJlMmJmYjczMC1lY2FhLTExZTYtOGY4OC0zNDM2M2JjN2M0YzAiOnsiY3JlYXRlIjoxODAwMDAwMDAwMDAwLCJkZWxldGUiOjkwMDAwMDAwMDAwMCwidXBkYXRlIjozNjAwMDAwMDAwMDAwfSwic2NoZW1hX3ZlcnNpb24iOiIxIn0=",
          "dependencies": [
            "aws_eip.nat_gateway_eip",
            "aws_iam_role.aws_eks_role",
            "aws_internet_gateway.IGW",
            "aws_nat_gateway.nat_gateway",
            "aws_security_group.PRI-SG",
            "aws_security_group.PUB-SG",
            "aws_subnet.PRI-2A",
            "aws_subnet.PRI-2C",
            "aws_subnet.PUB-2A",
            "aws_subnet.PUB-2C",
            "aws_vpc.SEC-PRD-VPC"
          ],
          "create_before_destroy": true
        }
      ]
    },
    {
      "mode": "managed",
      "type": "aws_eks_node_group",
      "name": "mysqldb_node_group",
      "provider": "provider[\"registry.terraform.io/hashicorp/aws\"]",
      "instances": [
        {
          "schema_version": 0,
          "attributes": {
            "ami_type": "AL2023_x86_64_STANDARD",
            "arn": "arn:aws:eks:ap-northeast-2:038462785952:nodegroup/mysqldb/mysqldb_node_group/ccc9e51b-9f38-ff72-a696-d02a398e89dd",
            "capacity_type": "ON_DEMAND",
            "cluster_name": "mysqldb",
            "disk_size": 0,
            "force_update_version": null,
            "id": "mysqldb:mysqldb_node_group",
            "instance_types": [],
            "labels": {
              "ondemand": "true"
            },
            "launch_template": [
              {
                "id": "lt-088eaa78b61d479d0",
                "name": "mysqldb-launch-template2024121511565363650000000d",
                "version": "1"
              }
            ],
            "node_group_name": "mysqldb_node_group",
            "node_group_name_prefix": "",
            "node_role_arn": "arn:aws:iam::038462785952:role/eks-admin-role",
            "release_version": "1.30.7-20241205",
            "remote_access": [],
            "resources": [
              {
                "autoscaling_groups": [
                  {
                    "name": "eks-mysqldb_node_group-ccc9e51b-9f38-ff72-a696-d02a398e89dd"
                  }
                ],
                "remote_access_security_group_id": ""
              }
            ],
            "scaling_config": [
              {
                "desired_size": 3,
                "max_size": 4,
                "min_size": 2
              }
            ],
            "status": "ACTIVE",
            "subnet_ids": [
              "subnet-018809a0b2573b774",
              "subnet-02329894595fdd84c"
            ],
            "tags": {
              "App": "mysqldb",
              "Env": "prod",
              "Name": "mysqldb_node_group",
              "Team": "DBOps",
              "k8s.io/cluster-autoscaler/enabled": "true",
              "k8s.io/cluster-autoscaler/mysqldb": "true"
            },
            "tags_all": {
              "App": "mysqldb",
              "Env": "prod",
              "Name": "mysqldb_node_group",
              "Team": "DBOps",
              "k8s.io/cluster-autoscaler/enabled": "true",
              "k8s.io/cluster-autoscaler/mysqldb": "true"
            },
            "taint": [],
            "timeouts": null,
            "update_config": [
              {
                "max_unavailable": 1,
                "max_unavailable_percentage": 0
              }
            ],
            "version": "1.30"
          },
          "sensitive_attributes": [],
          "private": "eyJlMmJmYjczMC1lY2FhLTExZTYtOGY4OC0zNDM2M2JjN2M0YzAiOnsiY3JlYXRlIjozNjAwMDAwMDAwMDAwLCJkZWxldGUiOjM2MDAwMDAwMDAwMDAsInVwZGF0ZSI6MzYwMDAwMDAwMDAwMH19",
          "dependencies": [
            "aws_eip.nat_gateway_eip",
            "aws_eks_cluster.mysqldb_cluster",
            "aws_iam_role.aws_eks_role",
            "aws_internet_gateway.IGW",
            "aws_launch_template.mysqldb_node_group_template",
            "aws_nat_gateway.nat_gateway",
            "aws_security_group.PRI-RDS-SG",
            "aws_security_group.PUB-SG",
            "aws_subnet.PRI-RDS-2A",
            "aws_subnet.PRI-RDS-2C",
            "aws_subnet.PUB-2A",
            "aws_subnet.PUB-2C",
            "aws_vpc.SEC-PRD-VPC"
          ]
        }
      ]
    },
    {
      "mode": "managed",
      "type": "aws_eks_node_group",
      "name": "tomcatwas_node_group",
      "provider": "provider[\"registry.terraform.io/hashicorp/aws\"]",
      "instances": [
        {
          "schema_version": 0,
          "attributes": {
            "ami_type": "AL2023_x86_64_STANDARD",
            "arn": "arn:aws:eks:ap-northeast-2:038462785952:nodegroup/tomcatwas/tomcatwas_node_group/a0c9e51b-aa37-7373-7b84-8b2e8c19ca27",
            "capacity_type": "ON_DEMAND",
            "cluster_name": "tomcatwas",
            "disk_size": 0,
            "force_update_version": null,
            "id": "tomcatwas:tomcatwas_node_group",
            "instance_types": [],
            "labels": {
              "ondemand": "true"
            },
            "launch_template": [
              {
                "id": "lt-035e48f9cd147293f",
                "name": "tomcatwas-launch-template2024121512071820390000000f",
                "version": "1"
              }
            ],
            "node_group_name": "tomcatwas_node_group",
            "node_group_name_prefix": "",
            "node_role_arn": "arn:aws:iam::038462785952:role/eks-admin-role",
            "release_version": "1.30.7-20241205",
            "remote_access": [],
            "resources": [
              {
                "autoscaling_groups": [
                  {
                    "name": "eks-tomcatwas_node_group-a0c9e51b-aa37-7373-7b84-8b2e8c19ca27"
                  }
                ],
                "remote_access_security_group_id": ""
              }
            ],
            "scaling_config": [
              {
                "desired_size": 3,
                "max_size": 4,
                "min_size": 2
              }
            ],
            "status": "ACTIVE",
            "subnet_ids": [
              "subnet-022823ffc77676c1b",
              "subnet-080340c130bfd6e50"
            ],
            "tags": {
              "App": "tomcatwas",
              "Env": "prod",
              "Name": "tomcatwas_node_group",
              "Team": "AppOps",
              "kubernetes.io/cluster/tomcatwas": "owned"
            },
            "tags_all": {
              "App": "tomcatwas",
              "Env": "prod",
              "Name": "tomcatwas_node_group",
              "Team": "AppOps",
              "kubernetes.io/cluster/tomcatwas": "owned"
            },
            "taint": [],
            "timeouts": null,
            "update_config": [
              {
                "max_unavailable": 1,
                "max_unavailable_percentage": 0
              }
            ],
            "version": "1.30"
          },
          "sensitive_attributes": [],
          "private": "eyJlMmJmYjczMC1lY2FhLTExZTYtOGY4OC0zNDM2M2JjN2M0YzAiOnsiY3JlYXRlIjozNjAwMDAwMDAwMDAwLCJkZWxldGUiOjM2MDAwMDAwMDAwMDAsInVwZGF0ZSI6MzYwMDAwMDAwMDAwMH19",
          "dependencies": [
            "aws_eip.nat_gateway_eip",
            "aws_eks_cluster.tomcatwas_cluster",
            "aws_iam_role.aws_eks_role",
            "aws_internet_gateway.IGW",
            "aws_launch_template.tomcatwas_node_group_template",
            "aws_nat_gateway.nat_gateway",
            "aws_security_group.PRI-SG",
            "aws_security_group.PUB-SG",
            "aws_subnet.PRI-2A",
            "aws_subnet.PRI-2C",
            "aws_subnet.PUB-2A",
            "aws_subnet.PUB-2C",
            "aws_vpc.SEC-PRD-VPC"
          ]
        }
      ]
    },
    {
      "mode": "managed",
      "type": "aws_iam_role",
      "name": "aws_eks_role",
      "provider": "provider[\"registry.terraform.io/hashicorp/aws\"]",
      "instances": [
        {
          "schema_version": 0,
          "attributes": {
            "arn": "arn:aws:iam::038462785952:role/eks-admin-role",
            "assume_role_policy": "{\"Statement\":[{\"Action\":\"sts:AssumeRole\",\"Effect\":\"Allow\",\"Principal\":{\"Service\":\"eks.amazonaws.com\"}},{\"Action\":\"sts:AssumeRole\",\"Effect\":\"Allow\",\"Principal\":{\"Service\":\"ec2.amazonaws.com\"}}],\"Version\":\"2012-10-17\"}",
            "create_date": "2024-12-15T11:54:36Z",
            "description": "",
            "force_detach_policies": false,
            "id": "eks-admin-role",
            "inline_policy": [],
            "managed_policy_arns": [
              "arn:aws:iam::038462785952:policy/eks-cluster-admin-policy",
              "arn:aws:iam::aws:policy/AmazonEC2ContainerRegistryReadOnly",
              "arn:aws:iam::aws:policy/AmazonEKSClusterPolicy",
              "arn:aws:iam::aws:policy/AmazonEKSServicePolicy",
              "arn:aws:iam::aws:policy/AmazonEKSWorkerNodePolicy",
              "arn:aws:iam::aws:policy/AmazonEKS_CNI_Policy"
            ],
            "max_session_duration": 3600,
            "name": "eks-admin-role",
            "name_prefix": "",
            "path": "/",
            "permissions_boundary": "",
            "tags": {},
            "tags_all": {},
            "unique_id": "AROAQR5EPRGQC375APXZX"
          },
          "sensitive_attributes": [],
          "private": "bnVsbA==",
          "create_before_destroy": true
        }
      ]
    },
    {
      "mode": "managed",
      "type": "aws_iam_role_policy_attachment",
      "name": "ec2_container_registry_readonly",
      "provider": "provider[\"registry.terraform.io/hashicorp/aws\"]",
      "instances": [
        {
          "schema_version": 0,
          "attributes": {
            "id": "eks-admin-role-20241215115438035300000006",
            "policy_arn": "arn:aws:iam::aws:policy/AmazonEC2ContainerRegistryReadOnly",
            "role": "eks-admin-role"
          },
          "sensitive_attributes": [],
          "private": "bnVsbA==",
          "dependencies": [
            "aws_iam_role.aws_eks_role"
          ]
        }
      ]
    },
    {
      "mode": "managed",
      "type": "aws_iam_role_policy_attachment",
      "name": "eks_cluster_policy",
      "provider": "provider[\"registry.terraform.io/hashicorp/aws\"]",
      "instances": [
        {
          "schema_version": 0,
          "attributes": {
            "id": "eks-admin-role-20241215115438011500000005",
            "policy_arn": "arn:aws:iam::aws:policy/AmazonEKSClusterPolicy",
            "role": "eks-admin-role"
          },
          "sensitive_attributes": [],
          "private": "bnVsbA==",
          "dependencies": [
            "aws_iam_role.aws_eks_role"
          ]
        }
      ]
    },
    {
      "mode": "managed",
      "type": "aws_iam_role_policy_attachment",
      "name": "eks_cni_policy",
      "provider": "provider[\"registry.terraform.io/hashicorp/aws\"]",
      "instances": [
        {
          "schema_version": 0,
          "attributes": {
            "id": "eks-admin-role-20241215115437527000000004",
            "policy_arn": "arn:aws:iam::aws:policy/AmazonEKS_CNI_Policy",
            "role": "eks-admin-role"
          },
          "sensitive_attributes": [],
          "private": "bnVsbA==",
          "dependencies": [
            "aws_iam_role.aws_eks_role"
          ]
        }
      ]
    },
    {
      "mode": "managed",
      "type": "aws_iam_role_policy_attachment",
      "name": "eks_policy_attachment",
      "provider": "provider[\"registry.terraform.io/hashicorp/aws\"]",
      "instances": [
        {
          "schema_version": 0,
          "attributes": {
            "id": "eks-admin-role-20241215115437282300000002",
            "policy_arn": "arn:aws:iam::038462785952:policy/eks-cluster-admin-policy",
            "role": "eks-admin-role"
          },
          "sensitive_attributes": [],
          "private": "bnVsbA==",
          "dependencies": [
            "aws_iam_role.aws_eks_role"
          ]
        }
      ]
    },
    {
      "mode": "managed",
      "type": "aws_iam_role_policy_attachment",
      "name": "eks_service_policy",
      "provider": "provider[\"registry.terraform.io/hashicorp/aws\"]",
      "instances": [
        {
          "schema_version": 0,
          "attributes": {
            "id": "eks-admin-role-20241215115437280900000001",
            "policy_arn": "arn:aws:iam::aws:policy/AmazonEKSServicePolicy",
            "role": "eks-admin-role"
          },
          "sensitive_attributes": [],
          "private": "bnVsbA==",
          "dependencies": [
            "aws_iam_role.aws_eks_role"
          ]
        }
      ]
    },
    {
      "mode": "managed",
      "type": "aws_iam_role_policy_attachment",
      "name": "eks_worker_node_policy",
      "provider": "provider[\"registry.terraform.io/hashicorp/aws\"]",
      "instances": [
        {
          "schema_version": 0,
          "attributes": {
            "id": "eks-admin-role-20241215115437524900000003",
            "policy_arn": "arn:aws:iam::aws:policy/AmazonEKSWorkerNodePolicy",
            "role": "eks-admin-role"
          },
          "sensitive_attributes": [],
          "private": "bnVsbA==",
          "dependencies": [
            "aws_iam_role.aws_eks_role"
          ]
        }
      ]
    },
    {
      "mode": "managed",
      "type": "aws_instance",
      "name": "bastion_host",
      "provider": "provider[\"registry.terraform.io/hashicorp/aws\"]",
      "instances": [
        {
          "schema_version": 1,
          "attributes": {
            "ami": "ami-042e76978adeb8c48",
            "arn": "arn:aws:ec2:ap-northeast-2:038462785952:instance/i-00450a4f501f2be24",
            "associate_public_ip_address": true,
            "availability_zone": "ap-northeast-2a",
            "capacity_reservation_specification": [
              {
                "capacity_reservation_preference": "open",
                "capacity_reservation_target": []
              }
            ],
            "cpu_core_count": 1,
            "cpu_options": [
              {
                "amd_sev_snp": "",
                "core_count": 1,
                "threads_per_core": 1
              }
            ],
            "cpu_threads_per_core": 1,
            "credit_specification": [
              {
                "cpu_credits": "standard"
              }
            ],
            "disable_api_stop": false,
            "disable_api_termination": false,
            "ebs_block_device": [],
            "ebs_optimized": false,
            "enable_primary_ipv6": null,
            "enclave_options": [
              {
                "enabled": false
              }
            ],
            "ephemeral_block_device": [],
            "get_password_data": false,
            "hibernation": false,
            "host_id": "",
            "host_resource_group_arn": null,
            "iam_instance_profile": "",
            "id": "i-00450a4f501f2be24",
            "instance_initiated_shutdown_behavior": "stop",
            "instance_lifecycle": "",
            "instance_market_options": [],
            "instance_state": "running",
            "instance_type": "t2.micro",
            "ipv6_address_count": 0,
            "ipv6_addresses": [],
            "key_name": "aws_project-default",
            "launch_template": [],
            "maintenance_options": [
              {
                "auto_recovery": "default"
              }
            ],
            "metadata_options": [
              {
                "http_endpoint": "enabled",
                "http_protocol_ipv6": "disabled",
                "http_put_response_hop_limit": 1,
                "http_tokens": "optional",
                "instance_metadata_tags": "disabled"
              }
            ],
            "monitoring": false,
            "network_interface": [],
            "outpost_arn": "",
            "password_data": "",
            "placement_group": "",
            "placement_partition_number": 0,
            "primary_network_interface_id": "eni-0e9c984dced7522fe",
            "private_dns": "ip-10-0-10-113.ap-northeast-2.compute.internal",
            "private_dns_name_options": [
              {
                "enable_resource_name_dns_a_record": false,
                "enable_resource_name_dns_aaaa_record": false,
                "hostname_type": "ip-name"
              }
            ],
            "private_ip": "10.0.10.113",
            "public_dns": "ec2-54-180-158-249.ap-northeast-2.compute.amazonaws.com",
            "public_ip": "54.180.158.249",
            "root_block_device": [
              {
                "delete_on_termination": true,
                "device_name": "/dev/sda1",
                "encrypted": false,
                "iops": 100,
                "kms_key_id": "",
                "tags": {},
                "tags_all": {},
                "throughput": 0,
                "volume_id": "vol-00f8300dcb759b874",
                "volume_size": 8,
                "volume_type": "gp2"
              }
            ],
            "secondary_private_ips": [],
            "security_groups": [
              "sg-0c7ce6f7e394584b0"
            ],
            "source_dest_check": false,
            "spot_instance_request_id": "",
            "subnet_id": "subnet-08f9ceb4b74438cdb",
            "tags": {
              "Name": "basion_host"
            },
            "tags_all": {
              "Name": "basion_host"
            },
            "tenancy": "default",
            "timeouts": null,
            "user_data": "8cd275af489737de5953e67e1468c91de8dd98c0",
            "user_data_base64": null,
            "user_data_replace_on_change": false,
            "volume_tags": null,
            "vpc_security_group_ids": [
              "sg-0c7ce6f7e394584b0"
            ]
          },
          "sensitive_attributes": [
            [
              {
                "type": "get_attr",
                "value": "user_data"
              }
            ]
          ],
          "private": "eyJlMmJmYjczMC1lY2FhLTExZTYtOGY4OC0zNDM2M2JjN2M0YzAiOnsiY3JlYXRlIjo2MDAwMDAwMDAwMDAsImRlbGV0ZSI6MTIwMDAwMDAwMDAwMCwicmVhZCI6OTAwMDAwMDAwMDAwLCJ1cGRhdGUiOjYwMDAwMDAwMDAwMH0sInNjaGVtYV92ZXJzaW9uIjoiMSJ9",
          "dependencies": [
            "aws_internet_gateway.IGW",
            "aws_key_pair.aws_project",
            "aws_security_group.PUB-SG",
            "aws_subnet.PUB-2A",
            "aws_vpc.SEC-PRD-VPC",
            "tls_private_key.aws_private_keypair"
          ]
        }
      ]
    },
    {
      "mode": "managed",
      "type": "aws_internet_gateway",
      "name": "IGW",
      "provider": "provider[\"registry.terraform.io/hashicorp/aws\"]",
      "instances": [
        {
          "schema_version": 0,
          "attributes": {
            "arn": "arn:aws:ec2:ap-northeast-2:038462785952:internet-gateway/igw-05ee9990cbdd5d6bf",
            "id": "igw-05ee9990cbdd5d6bf",
            "owner_id": "038462785952",
            "tags": {
              "Name": "SEC-PRD-VPC-IGW",
              "Project": "project-name"
            },
            "tags_all": {
              "Name": "SEC-PRD-VPC-IGW",
              "Project": "project-name"
            },
            "timeouts": null,
            "vpc_id": "vpc-00d059a1572ebf24a"
          },
          "sensitive_attributes": [],
          "private": "eyJlMmJmYjczMC1lY2FhLTExZTYtOGY4OC0zNDM2M2JjN2M0YzAiOnsiY3JlYXRlIjoxMjAwMDAwMDAwMDAwLCJkZWxldGUiOjEyMDAwMDAwMDAwMDAsInVwZGF0ZSI6MTIwMDAwMDAwMDAwMH19",
          "dependencies": [
            "aws_subnet.PUB-2A",
            "aws_vpc.SEC-PRD-VPC"
          ],
          "create_before_destroy": true
        }
      ]
    },
    {
      "mode": "managed",
      "type": "aws_key_pair",
      "name": "aws_project",
      "provider": "provider[\"registry.terraform.io/hashicorp/aws\"]",
      "instances": [
        {
          "schema_version": 1,
          "attributes": {
            "arn": "arn:aws:ec2:ap-northeast-2:038462785952:key-pair/aws_project-default",
            "fingerprint": "4d:5e:41:20:0d:f8:e5:0b:15:6a:7e:70:74:0c:61:35",
            "id": "aws_project-default",
            "key_name": "aws_project-default",
            "key_name_prefix": "",
            "key_pair_id": "key-056f641eea6142111",
            "key_type": "rsa",
            "public_key": "ssh-rsa AAAAB3NzaC1yc2EAAAADAQABAAACAQC4E9QBP3/IBZdRLf2qtgOFcQGB0E/yKqsGnbu30Klr13Y2MRxLZfC14OJ77/53Oo3fKbqPU2KielEin7QdFEPFIC7AXGLpNATw7LbDbI+PL3N1jTx32FJfhmT37tlOUkjVg3LpSddXqci33wxiyaAtgQslmg6H9/0l75qrqypAUiBQMvCV/TcONvwrdisFe3DEFgpeDtn8Lzh1suQowReeFJmHyEOlWfzC1zOOxC3+7yGa6Gmc9M+MFcOQ1K35o4o1xbunCNa9AggowJP9ivxz0/8MuBO65yNa+rYmsblv6MvwCj87mrZ6Oj6qO9BCf4PqwG2w/dmjFT+CWZVGAyHqCgh7j9pgBWtJMHIDZjEprvAhc4mL43vFuiaLNnKyo+f994AHZMnXnueFWyOZqkFJmwS9N2UgCDvKV9ZrXc88+tsUBLpZ4rFTVxJmUsQcAt4JTjn4tNFEAglDReBd3T/3INMyPRtKbSmGxRXrS3z1VZsN/PM6n4oKUWAJ7CQCbHxdsNJD57DxSF5FWOLEpk1kln46gZfmz5mSLRKV0Tlg5KEfodGLThnMZp3U7ypdYY+YrtYe3kUYp7Mo0FNBEdi6SLCp7f5ErD1PkwXE/X678lhzI6TXVSSjUQ/VYv2CmxfJS/t+KefKlLhEEIeLyflUSeDJINZA1ZM3/wTjH/YFJQ==",
            "tags": {
              "Name": "aws_project"
            },
            "tags_all": {
              "Name": "aws_project"
            }
          },
          "sensitive_attributes": [],
          "private": "eyJzY2hlbWFfdmVyc2lvbiI6IjEifQ==",
          "dependencies": [
            "tls_private_key.aws_private_keypair"
          ]
        }
      ]
    },
    {
      "mode": "managed",
      "type": "aws_launch_template",
      "name": "mysqldb_node_group_template",
      "provider": "provider[\"registry.terraform.io/hashicorp/aws\"]",
      "instances": [
        {
          "schema_version": 0,
          "attributes": {
            "arn": "arn:aws:ec2:ap-northeast-2:038462785952:launch-template/lt-088eaa78b61d479d0",
            "block_device_mappings": [
              {
                "device_name": "/dev/xvda",
                "ebs": [
                  {
                    "delete_on_termination": "",
                    "encrypted": "",
                    "iops": 0,
                    "kms_key_id": "",
                    "snapshot_id": "",
                    "throughput": 0,
                    "volume_size": 50,
                    "volume_type": "gp3"
                  }
                ],
                "no_device": "",
                "virtual_name": ""
              }
            ],
            "capacity_reservation_specification": [],
            "cpu_options": [],
            "credit_specification": [],
            "default_version": 1,
            "description": "",
            "disable_api_stop": false,
            "disable_api_termination": false,
            "ebs_optimized": "",
            "elastic_gpu_specifications": [],
            "elastic_inference_accelerator": [],
            "enclave_options": [],
            "hibernation_options": [],
            "iam_instance_profile": [],
            "id": "lt-088eaa78b61d479d0",
            "image_id": "",
            "instance_initiated_shutdown_behavior": "",
            "instance_market_options": [],
            "instance_requirements": [],
            "instance_type": "t2.micro",
            "kernel_id": "",
            "key_name": "",
            "latest_version": 1,
            "license_specification": [],
            "maintenance_options": [],
            "metadata_options": [],
            "monitoring": [],
            "name": "mysqldb-launch-template2024121511565363650000000d",
            "name_prefix": "mysqldb-launch-template",
            "network_interfaces": [
              {
                "associate_carrier_ip_address": "",
                "associate_public_ip_address": "",
                "delete_on_termination": "",
                "description": "",
                "device_index": 0,
                "interface_type": "",
                "ipv4_address_count": 0,
                "ipv4_addresses": [],
                "ipv4_prefix_count": 0,
                "ipv4_prefixes": [],
                "ipv6_address_count": 0,
                "ipv6_addresses": [],
                "ipv6_prefix_count": 0,
                "ipv6_prefixes": [],
                "network_card_index": 0,
                "network_interface_id": "",
                "primary_ipv6": "",
                "private_ip_address": "",
                "security_groups": [
                  "sg-03e41cadaba22c54a"
                ],
                "subnet_id": ""
              }
            ],
            "placement": [],
            "private_dns_name_options": [],
            "ram_disk_id": "",
            "security_group_names": [],
            "tag_specifications": [],
            "tags": {},
            "tags_all": {},
            "update_default_version": null,
            "user_data": "",
            "vpc_security_group_ids": []
          },
          "sensitive_attributes": [],
          "private": "bnVsbA==",
          "dependencies": [
            "aws_eip.nat_gateway_eip",
            "aws_internet_gateway.IGW",
            "aws_nat_gateway.nat_gateway",
            "aws_security_group.PRI-RDS-SG",
            "aws_security_group.PUB-SG",
            "aws_subnet.PUB-2A",
            "aws_subnet.PUB-2C",
            "aws_vpc.SEC-PRD-VPC"
          ],
          "create_before_destroy": true
        }
      ]
    },
    {
      "mode": "managed",
      "type": "aws_launch_template",
      "name": "tomcatwas_node_group_template",
      "provider": "provider[\"registry.terraform.io/hashicorp/aws\"]",
      "instances": [
        {
          "schema_version": 0,
          "attributes": {
            "arn": "arn:aws:ec2:ap-northeast-2:038462785952:launch-template/lt-035e48f9cd147293f",
            "block_device_mappings": [
              {
                "device_name": "/dev/xvda",
                "ebs": [
                  {
                    "delete_on_termination": "",
                    "encrypted": "",
                    "iops": 0,
                    "kms_key_id": "",
                    "snapshot_id": "",
                    "throughput": 0,
                    "volume_size": 50,
                    "volume_type": "gp3"
                  }
                ],
                "no_device": "",
                "virtual_name": ""
              }
            ],
            "capacity_reservation_specification": [],
            "cpu_options": [],
            "credit_specification": [],
            "default_version": 1,
            "description": "",
            "disable_api_stop": false,
            "disable_api_termination": false,
            "ebs_optimized": "",
            "elastic_gpu_specifications": [],
            "elastic_inference_accelerator": [],
            "enclave_options": [],
            "hibernation_options": [],
            "iam_instance_profile": [],
            "id": "lt-035e48f9cd147293f",
            "image_id": "",
            "instance_initiated_shutdown_behavior": "",
            "instance_market_options": [],
            "instance_requirements": [],
            "instance_type": "t2.micro",
            "kernel_id": "",
            "key_name": "",
            "latest_version": 1,
            "license_specification": [],
            "maintenance_options": [],
            "metadata_options": [],
            "monitoring": [],
            "name": "tomcatwas-launch-template2024121512071820390000000f",
            "name_prefix": "tomcatwas-launch-template",
            "network_interfaces": [
              {
                "associate_carrier_ip_address": "",
                "associate_public_ip_address": "",
                "delete_on_termination": "",
                "description": "",
                "device_index": 0,
                "interface_type": "",
                "ipv4_address_count": 0,
                "ipv4_addresses": [],
                "ipv4_prefix_count": 0,
                "ipv4_prefixes": [],
                "ipv6_address_count": 0,
                "ipv6_addresses": [],
                "ipv6_prefix_count": 0,
                "ipv6_prefixes": [],
                "network_card_index": 0,
                "network_interface_id": "",
                "primary_ipv6": "",
                "private_ip_address": "",
                "security_groups": [
                  "sg-0d7d69d36148c51f3"
                ],
                "subnet_id": ""
              }
            ],
            "placement": [],
            "private_dns_name_options": [],
            "ram_disk_id": "",
            "security_group_names": [],
            "tag_specifications": [],
            "tags": {},
            "tags_all": {},
            "update_default_version": null,
            "user_data": "",
            "vpc_security_group_ids": []
          },
          "sensitive_attributes": [],
          "private": "bnVsbA==",
          "dependencies": [
            "aws_eip.nat_gateway_eip",
            "aws_eks_cluster.tomcatwas_cluster",
            "aws_iam_role.aws_eks_role",
            "aws_internet_gateway.IGW",
            "aws_nat_gateway.nat_gateway",
            "aws_security_group.PRI-SG",
            "aws_security_group.PUB-SG",
            "aws_subnet.PRI-2A",
            "aws_subnet.PRI-2C",
            "aws_subnet.PUB-2A",
            "aws_subnet.PUB-2C",
            "aws_vpc.SEC-PRD-VPC"
          ],
          "create_before_destroy": true
        }
      ]
    },
    {
      "mode": "managed",
      "type": "aws_nat_gateway",
      "name": "nat_gateway",
      "provider": "provider[\"registry.terraform.io/hashicorp/aws\"]",
      "instances": [
        {
          "index_key": 0,
          "schema_version": 0,
          "attributes": {
            "allocation_id": "eipalloc-0150d4318fd9a001f",
            "association_id": "eipassoc-00a8bbaf0cb01d867",
            "connectivity_type": "public",
            "id": "nat-0eb0af75320b50623",
            "network_interface_id": "eni-088ee682a68866901",
            "private_ip": "10.0.10.57",
            "public_ip": "43.202.227.139",
            "secondary_allocation_ids": [],
            "secondary_private_ip_address_count": 0,
            "secondary_private_ip_addresses": [],
            "subnet_id": "subnet-08f9ceb4b74438cdb",
            "tags": {
              "Name": "SEC-PRD-VPC-NGW-ap-northeast-2a",
              "Project": "project-name"
            },
            "tags_all": {
              "Name": "SEC-PRD-VPC-NGW-ap-northeast-2a",
              "Project": "project-name"
            },
            "timeouts": null
          },
          "sensitive_attributes": [],
          "private": "eyJlMmJmYjczMC1lY2FhLTExZTYtOGY4OC0zNDM2M2JjN2M0YzAiOnsiY3JlYXRlIjo2MDAwMDAwMDAwMDAsImRlbGV0ZSI6MTgwMDAwMDAwMDAwMCwidXBkYXRlIjo2MDAwMDAwMDAwMDB9fQ==",
          "dependencies": [
            "aws_eip.nat_gateway_eip",
            "aws_subnet.PUB-2A",
            "aws_subnet.PUB-2C",
            "aws_vpc.SEC-PRD-VPC"
          ],
          "create_before_destroy": true
        },
        {
          "index_key": 1,
          "schema_version": 0,
          "attributes": {
            "allocation_id": "eipalloc-0b64a6921cd534d70",
            "association_id": "eipassoc-073312d426e0d1685",
            "connectivity_type": "public",
            "id": "nat-0fd5738afc16797ce",
            "network_interface_id": "eni-0e1055c0e3808da29",
            "private_ip": "10.0.20.42",
            "public_ip": "43.203.23.68",
            "secondary_allocation_ids": [],
            "secondary_private_ip_address_count": 0,
            "secondary_private_ip_addresses": [],
            "subnet_id": "subnet-00659e84481ca19bc",
            "tags": {
              "Name": "SEC-PRD-VPC-NGW-ap-northeast-2c",
              "Project": "project-name"
            },
            "tags_all": {
              "Name": "SEC-PRD-VPC-NGW-ap-northeast-2c",
              "Project": "project-name"
            },
            "timeouts": null
          },
          "sensitive_attributes": [],
          "private": "eyJlMmJmYjczMC1lY2FhLTExZTYtOGY4OC0zNDM2M2JjN2M0YzAiOnsiY3JlYXRlIjo2MDAwMDAwMDAwMDAsImRlbGV0ZSI6MTgwMDAwMDAwMDAwMCwidXBkYXRlIjo2MDAwMDAwMDAwMDB9fQ==",
          "dependencies": [
            "aws_eip.nat_gateway_eip",
            "aws_subnet.PUB-2A",
            "aws_subnet.PUB-2C",
            "aws_vpc.SEC-PRD-VPC"
          ],
          "create_before_destroy": true
        }
      ]
    },
    {
      "mode": "managed",
      "type": "aws_route_table",
      "name": "RT-PRI-2A",
      "provider": "provider[\"registry.terraform.io/hashicorp/aws\"]",
      "instances": [
        {
          "schema_version": 0,
          "attributes": {
            "arn": "arn:aws:ec2:ap-northeast-2:038462785952:route-table/rtb-09387ca50f20d8e3c",
            "id": "rtb-09387ca50f20d8e3c",
            "owner_id": "038462785952",
            "propagating_vgws": [
              "vgw-09f2a4fc82715cd98"
            ],
            "route": [
              {
                "carrier_gateway_id": "",
                "cidr_block": "0.0.0.0/0",
                "core_network_arn": "",
                "destination_prefix_list_id": "",
                "egress_only_gateway_id": "",
                "gateway_id": "",
                "ipv6_cidr_block": "",
                "local_gateway_id": "",
                "nat_gateway_id": "nat-0eb0af75320b50623",
                "network_interface_id": "",
                "transit_gateway_id": "",
                "vpc_endpoint_id": "",
                "vpc_peering_connection_id": ""
              }
            ],
            "tags": {
              "Name": "SEC-PRD-VPC-RT-PRI-2A",
              "Project": "project-name"
            },
            "tags_all": {
              "Name": "SEC-PRD-VPC-RT-PRI-2A",
              "Project": "project-name"
            },
            "timeouts": null,
            "vpc_id": "vpc-00d059a1572ebf24a"
          },
          "sensitive_attributes": [],
          "private": "eyJlMmJmYjczMC1lY2FhLTExZTYtOGY4OC0zNDM2M2JjN2M0YzAiOnsiY3JlYXRlIjozMDAwMDAwMDAwMDAsImRlbGV0ZSI6MzAwMDAwMDAwMDAwLCJ1cGRhdGUiOjEyMDAwMDAwMDAwMH19",
          "dependencies": [
            "aws_eip.nat_gateway_eip",
            "aws_nat_gateway.nat_gateway",
            "aws_subnet.PUB-2A",
            "aws_subnet.PUB-2C",
            "aws_vpc.SEC-PRD-VPC"
          ]
        }
      ]
    },
    {
      "mode": "managed",
      "type": "aws_route_table",
      "name": "RT-PRI-2C",
      "provider": "provider[\"registry.terraform.io/hashicorp/aws\"]",
      "instances": [
        {
          "schema_version": 0,
          "attributes": {
            "arn": "arn:aws:ec2:ap-northeast-2:038462785952:route-table/rtb-0b46ab5b259f31ee6",
            "id": "rtb-0b46ab5b259f31ee6",
            "owner_id": "038462785952",
            "propagating_vgws": [],
            "route": [
              {
                "carrier_gateway_id": "",
                "cidr_block": "0.0.0.0/0",
                "core_network_arn": "",
                "destination_prefix_list_id": "",
                "egress_only_gateway_id": "",
                "gateway_id": "",
                "ipv6_cidr_block": "",
                "local_gateway_id": "",
                "nat_gateway_id": "nat-0fd5738afc16797ce",
                "network_interface_id": "",
                "transit_gateway_id": "",
                "vpc_endpoint_id": "",
                "vpc_peering_connection_id": ""
              }
            ],
            "tags": {
              "Name": "SEC-PRD-VPC-RT-PRI-2C",
              "Project": "project-name"
            },
            "tags_all": {
              "Name": "SEC-PRD-VPC-RT-PRI-2C",
              "Project": "project-name"
            },
            "timeouts": null,
            "vpc_id": "vpc-00d059a1572ebf24a"
          },
          "sensitive_attributes": [],
          "private": "eyJlMmJmYjczMC1lY2FhLTExZTYtOGY4OC0zNDM2M2JjN2M0YzAiOnsiY3JlYXRlIjozMDAwMDAwMDAwMDAsImRlbGV0ZSI6MzAwMDAwMDAwMDAwLCJ1cGRhdGUiOjEyMDAwMDAwMDAwMH19",
          "dependencies": [
            "aws_eip.nat_gateway_eip",
            "aws_nat_gateway.nat_gateway",
            "aws_subnet.PUB-2A",
            "aws_subnet.PUB-2C",
            "aws_vpc.SEC-PRD-VPC"
          ]
        }
      ]
    },
    {
      "mode": "managed",
      "type": "aws_route_table",
      "name": "RT-PUB",
      "provider": "provider[\"registry.terraform.io/hashicorp/aws\"]",
      "instances": [
        {
          "schema_version": 0,
          "attributes": {
            "arn": "arn:aws:ec2:ap-northeast-2:038462785952:route-table/rtb-04351c2a3a8f0a83c",
            "id": "rtb-04351c2a3a8f0a83c",
            "owner_id": "038462785952",
            "propagating_vgws": [
              "vgw-09f2a4fc82715cd98"
            ],
            "route": [
              {
                "carrier_gateway_id": "",
                "cidr_block": "0.0.0.0/0",
                "core_network_arn": "",
                "destination_prefix_list_id": "",
                "egress_only_gateway_id": "",
                "gateway_id": "igw-05ee9990cbdd5d6bf",
                "ipv6_cidr_block": "",
                "local_gateway_id": "",
                "nat_gateway_id": "",
                "network_interface_id": "",
                "transit_gateway_id": "",
                "vpc_endpoint_id": "",
                "vpc_peering_connection_id": ""
              }
            ],
            "tags": {
              "Name": "SEC-PRD-VPC-RT-PUB",
              "Project": "project-name"
            },
            "tags_all": {
              "Name": "SEC-PRD-VPC-RT-PUB",
              "Project": "project-name"
            },
            "timeouts": null,
            "vpc_id": "vpc-00d059a1572ebf24a"
          },
          "sensitive_attributes": [],
          "private": "eyJlMmJmYjczMC1lY2FhLTExZTYtOGY4OC0zNDM2M2JjN2M0YzAiOnsiY3JlYXRlIjozMDAwMDAwMDAwMDAsImRlbGV0ZSI6MzAwMDAwMDAwMDAwLCJ1cGRhdGUiOjEyMDAwMDAwMDAwMH19",
          "dependencies": [
            "aws_internet_gateway.IGW",
            "aws_subnet.PUB-2A",
            "aws_vpc.SEC-PRD-VPC"
          ]
        }
      ]
    },
    {
      "mode": "managed",
      "type": "aws_route_table_association",
      "name": "PRI-2A",
      "provider": "provider[\"registry.terraform.io/hashicorp/aws\"]",
      "instances": [
        {
          "schema_version": 0,
          "attributes": {
            "gateway_id": "",
            "id": "rtbassoc-0f5b289a5dbd55100",
            "route_table_id": "rtb-09387ca50f20d8e3c",
            "subnet_id": "subnet-022823ffc77676c1b",
            "timeouts": null
          },
          "sensitive_attributes": [],
          "private": "eyJlMmJmYjczMC1lY2FhLTExZTYtOGY4OC0zNDM2M2JjN2M0YzAiOnsiY3JlYXRlIjozMDAwMDAwMDAwMDAsImRlbGV0ZSI6MzAwMDAwMDAwMDAwLCJ1cGRhdGUiOjEyMDAwMDAwMDAwMH19",
          "dependencies": [
            "aws_eip.nat_gateway_eip",
            "aws_nat_gateway.nat_gateway",
            "aws_route_table.RT-PRI-2A",
            "aws_subnet.PRI-2A",
            "aws_subnet.PUB-2A",
            "aws_subnet.PUB-2C",
            "aws_vpc.SEC-PRD-VPC"
          ]
        }
      ]
    },
    {
      "mode": "managed",
      "type": "aws_route_table_association",
      "name": "PRI-2C",
      "provider": "provider[\"registry.terraform.io/hashicorp/aws\"]",
      "instances": [
        {
          "schema_version": 0,
          "attributes": {
            "gateway_id": "",
            "id": "rtbassoc-0502714e6821a89d4",
            "route_table_id": "rtb-0b46ab5b259f31ee6",
            "subnet_id": "subnet-080340c130bfd6e50",
            "timeouts": null
          },
          "sensitive_attributes": [],
          "private": "eyJlMmJmYjczMC1lY2FhLTExZTYtOGY4OC0zNDM2M2JjN2M0YzAiOnsiY3JlYXRlIjozMDAwMDAwMDAwMDAsImRlbGV0ZSI6MzAwMDAwMDAwMDAwLCJ1cGRhdGUiOjEyMDAwMDAwMDAwMH19",
          "dependencies": [
            "aws_eip.nat_gateway_eip",
            "aws_nat_gateway.nat_gateway",
            "aws_route_table.RT-PRI-2C",
            "aws_subnet.PRI-2C",
            "aws_subnet.PUB-2A",
            "aws_subnet.PUB-2C",
            "aws_vpc.SEC-PRD-VPC"
          ]
        }
      ]
    },
    {
      "mode": "managed",
      "type": "aws_route_table_association",
      "name": "PRI-RDS-2A",
      "provider": "provider[\"registry.terraform.io/hashicorp/aws\"]",
      "instances": [
        {
          "schema_version": 0,
          "attributes": {
            "gateway_id": "",
            "id": "rtbassoc-0361401d7bbb85bad",
            "route_table_id": "rtb-09387ca50f20d8e3c",
            "subnet_id": "subnet-018809a0b2573b774",
            "timeouts": null
          },
          "sensitive_attributes": [],
          "private": "eyJlMmJmYjczMC1lY2FhLTExZTYtOGY4OC0zNDM2M2JjN2M0YzAiOnsiY3JlYXRlIjozMDAwMDAwMDAwMDAsImRlbGV0ZSI6MzAwMDAwMDAwMDAwLCJ1cGRhdGUiOjEyMDAwMDAwMDAwMH19",
          "dependencies": [
            "aws_eip.nat_gateway_eip",
            "aws_nat_gateway.nat_gateway",
            "aws_route_table.RT-PRI-2A",
            "aws_subnet.PRI-RDS-2A",
            "aws_subnet.PUB-2A",
            "aws_subnet.PUB-2C",
            "aws_vpc.SEC-PRD-VPC"
          ]
        }
      ]
    },
    {
      "mode": "managed",
      "type": "aws_route_table_association",
      "name": "PRI-RDS-2C",
      "provider": "provider[\"registry.terraform.io/hashicorp/aws\"]",
      "instances": [
        {
          "schema_version": 0,
          "attributes": {
            "gateway_id": "",
            "id": "rtbassoc-0fc1dc59305ace70e",
            "route_table_id": "rtb-0b46ab5b259f31ee6",
            "subnet_id": "subnet-02329894595fdd84c",
            "timeouts": null
          },
          "sensitive_attributes": [],
          "private": "eyJlMmJmYjczMC1lY2FhLTExZTYtOGY4OC0zNDM2M2JjN2M0YzAiOnsiY3JlYXRlIjozMDAwMDAwMDAwMDAsImRlbGV0ZSI6MzAwMDAwMDAwMDAwLCJ1cGRhdGUiOjEyMDAwMDAwMDAwMH19",
          "dependencies": [
            "aws_eip.nat_gateway_eip",
            "aws_nat_gateway.nat_gateway",
            "aws_route_table.RT-PRI-2C",
            "aws_subnet.PRI-RDS-2C",
            "aws_subnet.PUB-2A",
            "aws_subnet.PUB-2C",
            "aws_vpc.SEC-PRD-VPC"
          ]
        }
      ]
    },
    {
      "mode": "managed",
      "type": "aws_route_table_association",
      "name": "PUB-2A",
      "provider": "provider[\"registry.terraform.io/hashicorp/aws\"]",
      "instances": [
        {
          "schema_version": 0,
          "attributes": {
            "gateway_id": "",
            "id": "rtbassoc-0641a5e0a561f80e4",
            "route_table_id": "rtb-04351c2a3a8f0a83c",
            "subnet_id": "subnet-08f9ceb4b74438cdb",
            "timeouts": null
          },
          "sensitive_attributes": [],
          "private": "eyJlMmJmYjczMC1lY2FhLTExZTYtOGY4OC0zNDM2M2JjN2M0YzAiOnsiY3JlYXRlIjozMDAwMDAwMDAwMDAsImRlbGV0ZSI6MzAwMDAwMDAwMDAwLCJ1cGRhdGUiOjEyMDAwMDAwMDAwMH19",
          "dependencies": [
            "aws_internet_gateway.IGW",
            "aws_route_table.RT-PUB",
            "aws_subnet.PUB-2A",
            "aws_vpc.SEC-PRD-VPC"
          ]
        }
      ]
    },
    {
      "mode": "managed",
      "type": "aws_route_table_association",
      "name": "PUB-2C",
      "provider": "provider[\"registry.terraform.io/hashicorp/aws\"]",
      "instances": [
        {
          "schema_version": 0,
          "attributes": {
            "gateway_id": "",
            "id": "rtbassoc-0094e6e3a21bc62c2",
            "route_table_id": "rtb-04351c2a3a8f0a83c",
            "subnet_id": "subnet-00659e84481ca19bc",
            "timeouts": null
          },
          "sensitive_attributes": [],
          "private": "eyJlMmJmYjczMC1lY2FhLTExZTYtOGY4OC0zNDM2M2JjN2M0YzAiOnsiY3JlYXRlIjozMDAwMDAwMDAwMDAsImRlbGV0ZSI6MzAwMDAwMDAwMDAwLCJ1cGRhdGUiOjEyMDAwMDAwMDAwMH19",
          "dependencies": [
            "aws_internet_gateway.IGW",
            "aws_route_table.RT-PUB",
            "aws_subnet.PUB-2A",
            "aws_subnet.PUB-2C",
            "aws_vpc.SEC-PRD-VPC"
          ]
        }
      ]
    },
    {
      "mode": "managed",
      "type": "aws_security_group",
      "name": "PRI-RDS-SG",
      "provider": "provider[\"registry.terraform.io/hashicorp/aws\"]",
      "instances": [
        {
          "schema_version": 1,
          "attributes": {
            "arn": "arn:aws:ec2:ap-northeast-2:038462785952:security-group/sg-03e41cadaba22c54a",
            "description": "Allow HTTP traffic to MySQL",
            "egress": [
              {
                "cidr_blocks": [
                  "0.0.0.0/0"
                ],
                "description": "",
                "from_port": 0,
                "ipv6_cidr_blocks": [],
                "prefix_list_ids": [],
                "protocol": "-1",
                "security_groups": [],
                "self": false,
                "to_port": 0
              }
            ],
            "id": "sg-03e41cadaba22c54a",
            "ingress": [
              {
                "cidr_blocks": [
                  "0.0.0.0/0"
                ],
                "description": "Allow HTTPS from anywhere",
                "from_port": 443,
                "ipv6_cidr_blocks": [],
                "prefix_list_ids": [],
                "protocol": "tcp",
                "security_groups": [],
                "self": false,
                "to_port": 443
              },
              {
                "cidr_blocks": [
                  "10.0.0.0/16"
                ],
                "description": "8080 from VPC",
                "from_port": 8080,
                "ipv6_cidr_blocks": [],
                "prefix_list_ids": [],
                "protocol": "tcp",
                "security_groups": [],
                "self": false,
                "to_port": 8080
              },
              {
                "cidr_blocks": [
                  "10.0.0.0/16"
                ],
                "description": "ICMP from VPC",
                "from_port": -1,
                "ipv6_cidr_blocks": [],
                "prefix_list_ids": [],
                "protocol": "icmp",
                "security_groups": [],
                "self": false,
                "to_port": -1
              },
              {
                "cidr_blocks": [
                  "10.0.0.0/16"
                ],
                "description": "MySQL/Aurora from VPC",
                "from_port": 3306,
                "ipv6_cidr_blocks": [],
                "prefix_list_ids": [],
                "protocol": "tcp",
                "security_groups": [],
                "self": false,
                "to_port": 3306
              },
              {
                "cidr_blocks": [],
                "description": "Allow SSH from Bastion Host",
                "from_port": 22,
                "ipv6_cidr_blocks": [],
                "prefix_list_ids": [],
                "protocol": "tcp",
                "security_groups": [
                  "sg-0c7ce6f7e394584b0"
                ],
                "self": false,
                "to_port": 22
              }
            ],
            "name": "PRI-RDS-SG",
            "name_prefix": "",
            "owner_id": "038462785952",
            "revoke_rules_on_delete": false,
            "tags": {
              "name": "PRI-RDS-SG"
            },
            "tags_all": {
              "name": "PRI-RDS-SG"
            },
            "timeouts": null,
            "vpc_id": "vpc-00d059a1572ebf24a"
          },
          "sensitive_attributes": [],
          "private": "eyJlMmJmYjczMC1lY2FhLTExZTYtOGY4OC0zNDM2M2JjN2M0YzAiOnsiY3JlYXRlIjo2MDAwMDAwMDAwMDAsImRlbGV0ZSI6OTAwMDAwMDAwMDAwfSwic2NoZW1hX3ZlcnNpb24iOiIxIn0=",
          "dependencies": [
            "aws_eip.nat_gateway_eip",
            "aws_internet_gateway.IGW",
            "aws_nat_gateway.nat_gateway",
            "aws_security_group.PUB-SG",
            "aws_subnet.PUB-2A",
            "aws_subnet.PUB-2C",
            "aws_vpc.SEC-PRD-VPC"
          ],
          "create_before_destroy": true
        }
      ]
    },
    {
      "mode": "managed",
      "type": "aws_security_group",
      "name": "PRI-SG",
      "provider": "provider[\"registry.terraform.io/hashicorp/aws\"]",
      "instances": [
        {
          "schema_version": 1,
          "attributes": {
            "arn": "arn:aws:ec2:ap-northeast-2:038462785952:security-group/sg-0d7d69d36148c51f3",
            "description": "Allow HTTP traffic to Tomcat",
            "egress": [
              {
                "cidr_blocks": [
                  "0.0.0.0/0"
                ],
                "description": "",
                "from_port": 0,
                "ipv6_cidr_blocks": [],
                "prefix_list_ids": [],
                "protocol": "-1",
                "security_groups": [],
                "self": false,
                "to_port": 0
              }
            ],
            "id": "sg-0d7d69d36148c51f3",
            "ingress": [
              {
                "cidr_blocks": [
                  "0.0.0.0/0"
                ],
                "description": "Allow HTTPS from anywhere",
                "from_port": 443,
                "ipv6_cidr_blocks": [],
                "prefix_list_ids": [],
                "protocol": "tcp",
                "security_groups": [],
                "self": false,
                "to_port": 443
              },
              {
                "cidr_blocks": [
                  "10.0.0.0/16"
                ],
                "description": "8080 from VPC",
                "from_port": 8080,
                "ipv6_cidr_blocks": [],
                "prefix_list_ids": [],
                "protocol": "tcp",
                "security_groups": [],
                "self": false,
                "to_port": 8080
              },
              {
                "cidr_blocks": [
                  "10.0.0.0/16"
                ],
                "description": "ICMP from VPC",
                "from_port": -1,
                "ipv6_cidr_blocks": [],
                "prefix_list_ids": [],
                "protocol": "icmp",
                "security_groups": [],
                "self": false,
                "to_port": -1
              },
              {
                "cidr_blocks": [
                  "10.0.0.0/16"
                ],
                "description": "MySQL/Aurora from VPC",
                "from_port": 3306,
                "ipv6_cidr_blocks": [],
                "prefix_list_ids": [],
                "protocol": "tcp",
                "security_groups": [],
                "self": false,
                "to_port": 3306
              },
              {
                "cidr_blocks": [],
                "description": "Allow SSH from Bastion Host",
                "from_port": 22,
                "ipv6_cidr_blocks": [],
                "prefix_list_ids": [],
                "protocol": "tcp",
                "security_groups": [
                  "sg-0c7ce6f7e394584b0"
                ],
                "self": false,
                "to_port": 22
              }
            ],
            "name": "PRI-SG",
            "name_prefix": "",
            "owner_id": "038462785952",
            "revoke_rules_on_delete": false,
            "tags": {
              "name": "PRI-SG"
            },
            "tags_all": {
              "name": "PRI-SG"
            },
            "timeouts": null,
            "vpc_id": "vpc-00d059a1572ebf24a"
          },
          "sensitive_attributes": [],
          "private": "eyJlMmJmYjczMC1lY2FhLTExZTYtOGY4OC0zNDM2M2JjN2M0YzAiOnsiY3JlYXRlIjo2MDAwMDAwMDAwMDAsImRlbGV0ZSI6OTAwMDAwMDAwMDAwfSwic2NoZW1hX3ZlcnNpb24iOiIxIn0=",
          "dependencies": [
            "aws_eip.nat_gateway_eip",
            "aws_internet_gateway.IGW",
            "aws_nat_gateway.nat_gateway",
            "aws_security_group.PUB-SG",
            "aws_subnet.PUB-2A",
            "aws_subnet.PUB-2C",
            "aws_vpc.SEC-PRD-VPC"
          ],
          "create_before_destroy": true
        }
      ]
    },
    {
      "mode": "managed",
      "type": "aws_security_group",
      "name": "PUB-SG",
      "provider": "provider[\"registry.terraform.io/hashicorp/aws\"]",
      "instances": [
        {
          "schema_version": 1,
          "attributes": {
            "arn": "arn:aws:ec2:ap-northeast-2:038462785952:security-group/sg-0c7ce6f7e394584b0",
            "description": "Allow HTTP and HTTPS traffic to Bastion",
            "egress": [
              {
                "cidr_blocks": [
                  "0.0.0.0/0"
                ],
                "description": "Allow all outbound traffic",
                "from_port": 0,
                "ipv6_cidr_blocks": [],
                "prefix_list_ids": [],
                "protocol": "-1",
                "security_groups": [],
                "self": false,
                "to_port": 0
              }
            ],
            "id": "sg-0c7ce6f7e394584b0",
            "ingress": [
              {
                "cidr_blocks": [
                  "0.0.0.0/0"
                ],
                "description": "Allow 8080 from anywhere",
                "from_port": 8080,
                "ipv6_cidr_blocks": [],
                "prefix_list_ids": [],
                "protocol": "tcp",
                "security_groups": [],
                "self": false,
                "to_port": 8080
              },
              {
                "cidr_blocks": [
                  "0.0.0.0/0"
                ],
                "description": "Allow HTTP from anywhere",
                "from_port": 80,
                "ipv6_cidr_blocks": [],
                "prefix_list_ids": [],
                "protocol": "tcp",
                "security_groups": [],
                "self": false,
                "to_port": 80
              },
              {
                "cidr_blocks": [
                  "0.0.0.0/0"
                ],
                "description": "Allow HTTPS from anywhere",
                "from_port": 443,
                "ipv6_cidr_blocks": [],
                "prefix_list_ids": [],
                "protocol": "tcp",
                "security_groups": [],
                "self": false,
                "to_port": 443
              },
              {
                "cidr_blocks": [
                  "0.0.0.0/0"
                ],
                "description": "Allow ICMP from anywhere",
                "from_port": -1,
                "ipv6_cidr_blocks": [],
                "prefix_list_ids": [],
                "protocol": "icmp",
                "security_groups": [],
                "self": false,
                "to_port": -1
              },
              {
                "cidr_blocks": [
                  "0.0.0.0/0"
                ],
                "description": "Allow SSH from anywhere",
                "from_port": 22,
                "ipv6_cidr_blocks": [],
                "prefix_list_ids": [],
                "protocol": "tcp",
                "security_groups": [],
                "self": false,
                "to_port": 22
              }
            ],
            "name": "PUB-SG",
            "name_prefix": "",
            "owner_id": "038462785952",
            "revoke_rules_on_delete": false,
            "tags": {
              "name": "PUB-SG"
            },
            "tags_all": {
              "name": "PUB-SG"
            },
            "timeouts": null,
            "vpc_id": "vpc-00d059a1572ebf24a"
          },
          "sensitive_attributes": [],
          "private": "eyJlMmJmYjczMC1lY2FhLTExZTYtOGY4OC0zNDM2M2JjN2M0YzAiOnsiY3JlYXRlIjo2MDAwMDAwMDAwMDAsImRlbGV0ZSI6OTAwMDAwMDAwMDAwfSwic2NoZW1hX3ZlcnNpb24iOiIxIn0=",
          "dependencies": [
            "aws_internet_gateway.IGW",
            "aws_subnet.PUB-2A",
            "aws_vpc.SEC-PRD-VPC"
          ],
          "create_before_destroy": true
        }
      ]
    },
    {
      "mode": "managed",
      "type": "aws_subnet",
      "name": "PRI-2A",
      "provider": "provider[\"registry.terraform.io/hashicorp/aws\"]",
      "instances": [
        {
          "schema_version": 1,
          "attributes": {
            "arn": "arn:aws:ec2:ap-northeast-2:038462785952:subnet/subnet-022823ffc77676c1b",
            "assign_ipv6_address_on_creation": false,
            "availability_zone": "ap-northeast-2a",
            "availability_zone_id": "apne2-az1",
            "cidr_block": "10.0.30.0/24",
            "customer_owned_ipv4_pool": "",
            "enable_dns64": false,
            "enable_lni_at_device_index": 0,
            "enable_resource_name_dns_a_record_on_launch": false,
            "enable_resource_name_dns_aaaa_record_on_launch": false,
            "id": "subnet-022823ffc77676c1b",
            "ipv6_cidr_block": "",
            "ipv6_cidr_block_association_id": "",
            "ipv6_native": false,
            "map_customer_owned_ip_on_launch": false,
            "map_public_ip_on_launch": false,
            "outpost_arn": "",
            "owner_id": "038462785952",
            "private_dns_hostname_type_on_launch": "ip-name",
            "tags": {
              "Name": "SEC-PRD-VPC-PRI-2A",
              "Project": "project-name"
            },
            "tags_all": {
              "Name": "SEC-PRD-VPC-PRI-2A",
              "Project": "project-name"
            },
            "timeouts": null,
            "vpc_id": "vpc-00d059a1572ebf24a"
          },
          "sensitive_attributes": [],
          "private": "eyJlMmJmYjczMC1lY2FhLTExZTYtOGY4OC0zNDM2M2JjN2M0YzAiOnsiY3JlYXRlIjo2MDAwMDAwMDAwMDAsImRlbGV0ZSI6MTIwMDAwMDAwMDAwMH0sInNjaGVtYV92ZXJzaW9uIjoiMSJ9",
          "dependencies": [
            "aws_vpc.SEC-PRD-VPC"
          ],
          "create_before_destroy": true
        }
      ]
    },
    {
      "mode": "managed",
      "type": "aws_subnet",
      "name": "PRI-2C",
      "provider": "provider[\"registry.terraform.io/hashicorp/aws\"]",
      "instances": [
        {
          "schema_version": 1,
          "attributes": {
            "arn": "arn:aws:ec2:ap-northeast-2:038462785952:subnet/subnet-080340c130bfd6e50",
            "assign_ipv6_address_on_creation": false,
            "availability_zone": "ap-northeast-2c",
            "availability_zone_id": "apne2-az3",
            "cidr_block": "10.0.40.0/24",
            "customer_owned_ipv4_pool": "",
            "enable_dns64": false,
            "enable_lni_at_device_index": 0,
            "enable_resource_name_dns_a_record_on_launch": false,
            "enable_resource_name_dns_aaaa_record_on_launch": false,
            "id": "subnet-080340c130bfd6e50",
            "ipv6_cidr_block": "",
            "ipv6_cidr_block_association_id": "",
            "ipv6_native": false,
            "map_customer_owned_ip_on_launch": false,
            "map_public_ip_on_launch": false,
            "outpost_arn": "",
            "owner_id": "038462785952",
            "private_dns_hostname_type_on_launch": "ip-name",
            "tags": {
              "Name": "SEC-PRD-VPC-PRI-2C",
              "Project": "project-name"
            },
            "tags_all": {
              "Name": "SEC-PRD-VPC-PRI-2C",
              "Project": "project-name"
            },
            "timeouts": null,
            "vpc_id": "vpc-00d059a1572ebf24a"
          },
          "sensitive_attributes": [],
          "private": "eyJlMmJmYjczMC1lY2FhLTExZTYtOGY4OC0zNDM2M2JjN2M0YzAiOnsiY3JlYXRlIjo2MDAwMDAwMDAwMDAsImRlbGV0ZSI6MTIwMDAwMDAwMDAwMH0sInNjaGVtYV92ZXJzaW9uIjoiMSJ9",
          "dependencies": [
            "aws_vpc.SEC-PRD-VPC"
          ],
          "create_before_destroy": true
        }
      ]
    },
    {
      "mode": "managed",
      "type": "aws_subnet",
      "name": "PRI-RDS-2A",
      "provider": "provider[\"registry.terraform.io/hashicorp/aws\"]",
      "instances": [
        {
          "schema_version": 1,
          "attributes": {
            "arn": "arn:aws:ec2:ap-northeast-2:038462785952:subnet/subnet-018809a0b2573b774",
            "assign_ipv6_address_on_creation": false,
            "availability_zone": "ap-northeast-2a",
            "availability_zone_id": "apne2-az1",
            "cidr_block": "10.0.50.0/24",
            "customer_owned_ipv4_pool": "",
            "enable_dns64": false,
            "enable_lni_at_device_index": 0,
            "enable_resource_name_dns_a_record_on_launch": false,
            "enable_resource_name_dns_aaaa_record_on_launch": false,
            "id": "subnet-018809a0b2573b774",
            "ipv6_cidr_block": "",
            "ipv6_cidr_block_association_id": "",
            "ipv6_native": false,
            "map_customer_owned_ip_on_launch": false,
            "map_public_ip_on_launch": false,
            "outpost_arn": "",
            "owner_id": "038462785952",
            "private_dns_hostname_type_on_launch": "ip-name",
            "tags": {
              "Name": "SEC-PRD-VPC-PRI-RDS-2A",
              "Project": "project-name"
            },
            "tags_all": {
              "Name": "SEC-PRD-VPC-PRI-RDS-2A",
              "Project": "project-name"
            },
            "timeouts": null,
            "vpc_id": "vpc-00d059a1572ebf24a"
          },
          "sensitive_attributes": [],
          "private": "eyJlMmJmYjczMC1lY2FhLTExZTYtOGY4OC0zNDM2M2JjN2M0YzAiOnsiY3JlYXRlIjo2MDAwMDAwMDAwMDAsImRlbGV0ZSI6MTIwMDAwMDAwMDAwMH0sInNjaGVtYV92ZXJzaW9uIjoiMSJ9",
          "dependencies": [
            "aws_vpc.SEC-PRD-VPC"
          ]
        }
      ]
    },
    {
      "mode": "managed",
      "type": "aws_subnet",
      "name": "PRI-RDS-2C",
      "provider": "provider[\"registry.terraform.io/hashicorp/aws\"]",
      "instances": [
        {
          "schema_version": 1,
          "attributes": {
            "arn": "arn:aws:ec2:ap-northeast-2:038462785952:subnet/subnet-02329894595fdd84c",
            "assign_ipv6_address_on_creation": false,
            "availability_zone": "ap-northeast-2c",
            "availability_zone_id": "apne2-az3",
            "cidr_block": "10.0.60.0/24",
            "customer_owned_ipv4_pool": "",
            "enable_dns64": false,
            "enable_lni_at_device_index": 0,
            "enable_resource_name_dns_a_record_on_launch": false,
            "enable_resource_name_dns_aaaa_record_on_launch": false,
            "id": "subnet-02329894595fdd84c",
            "ipv6_cidr_block": "",
            "ipv6_cidr_block_association_id": "",
            "ipv6_native": false,
            "map_customer_owned_ip_on_launch": false,
            "map_public_ip_on_launch": false,
            "outpost_arn": "",
            "owner_id": "038462785952",
            "private_dns_hostname_type_on_launch": "ip-name",
            "tags": {
              "Name": "SEC-PRD-VPC-PRI-RDS-2C",
              "Project": "project-name"
            },
            "tags_all": {
              "Name": "SEC-PRD-VPC-PRI-RDS-2C",
              "Project": "project-name"
            },
            "timeouts": null,
            "vpc_id": "vpc-00d059a1572ebf24a"
          },
          "sensitive_attributes": [],
          "private": "eyJlMmJmYjczMC1lY2FhLTExZTYtOGY4OC0zNDM2M2JjN2M0YzAiOnsiY3JlYXRlIjo2MDAwMDAwMDAwMDAsImRlbGV0ZSI6MTIwMDAwMDAwMDAwMH0sInNjaGVtYV92ZXJzaW9uIjoiMSJ9",
          "dependencies": [
            "aws_vpc.SEC-PRD-VPC"
          ]
        }
      ]
    },
    {
      "mode": "managed",
      "type": "aws_subnet",
      "name": "PUB-2A",
      "provider": "provider[\"registry.terraform.io/hashicorp/aws\"]",
      "instances": [
        {
          "schema_version": 1,
          "attributes": {
            "arn": "arn:aws:ec2:ap-northeast-2:038462785952:subnet/subnet-08f9ceb4b74438cdb",
            "assign_ipv6_address_on_creation": false,
            "availability_zone": "ap-northeast-2a",
            "availability_zone_id": "apne2-az1",
            "cidr_block": "10.0.10.0/24",
            "customer_owned_ipv4_pool": "",
            "enable_dns64": false,
            "enable_lni_at_device_index": 0,
            "enable_resource_name_dns_a_record_on_launch": false,
            "enable_resource_name_dns_aaaa_record_on_launch": false,
            "id": "subnet-08f9ceb4b74438cdb",
            "ipv6_cidr_block": "",
            "ipv6_cidr_block_association_id": "",
            "ipv6_native": false,
            "map_customer_owned_ip_on_launch": false,
            "map_public_ip_on_launch": true,
            "outpost_arn": "",
            "owner_id": "038462785952",
            "private_dns_hostname_type_on_launch": "ip-name",
            "tags": {
              "Name": "SEC-PRD-VPC-PUB-2A",
              "Project": "project-name"
            },
            "tags_all": {
              "Name": "SEC-PRD-VPC-PUB-2A",
              "Project": "project-name"
            },
            "timeouts": null,
            "vpc_id": "vpc-00d059a1572ebf24a"
          },
          "sensitive_attributes": [],
          "private": "eyJlMmJmYjczMC1lY2FhLTExZTYtOGY4OC0zNDM2M2JjN2M0YzAiOnsiY3JlYXRlIjo2MDAwMDAwMDAwMDAsImRlbGV0ZSI6MTIwMDAwMDAwMDAwMH0sInNjaGVtYV92ZXJzaW9uIjoiMSJ9",
          "dependencies": [
            "aws_vpc.SEC-PRD-VPC"
          ],
          "create_before_destroy": true
        }
      ]
    },
    {
      "mode": "managed",
      "type": "aws_subnet",
      "name": "PUB-2C",
      "provider": "provider[\"registry.terraform.io/hashicorp/aws\"]",
      "instances": [
        {
          "schema_version": 1,
          "attributes": {
            "arn": "arn:aws:ec2:ap-northeast-2:038462785952:subnet/subnet-00659e84481ca19bc",
            "assign_ipv6_address_on_creation": false,
            "availability_zone": "ap-northeast-2c",
            "availability_zone_id": "apne2-az3",
            "cidr_block": "10.0.20.0/24",
            "customer_owned_ipv4_pool": "",
            "enable_dns64": false,
            "enable_lni_at_device_index": 0,
            "enable_resource_name_dns_a_record_on_launch": false,
            "enable_resource_name_dns_aaaa_record_on_launch": false,
            "id": "subnet-00659e84481ca19bc",
            "ipv6_cidr_block": "",
            "ipv6_cidr_block_association_id": "",
            "ipv6_native": false,
            "map_customer_owned_ip_on_launch": false,
            "map_public_ip_on_launch": true,
            "outpost_arn": "",
            "owner_id": "038462785952",
            "private_dns_hostname_type_on_launch": "ip-name",
            "tags": {
              "Name": "SEC-PRD-VPC-PUB-2C",
              "Project": "project-name"
            },
            "tags_all": {
              "Name": "SEC-PRD-VPC-PUB-2C",
              "Project": "project-name"
            },
            "timeouts": null,
            "vpc_id": "vpc-00d059a1572ebf24a"
          },
          "sensitive_attributes": [],
          "private": "eyJlMmJmYjczMC1lY2FhLTExZTYtOGY4OC0zNDM2M2JjN2M0YzAiOnsiY3JlYXRlIjo2MDAwMDAwMDAwMDAsImRlbGV0ZSI6MTIwMDAwMDAwMDAwMH0sInNjaGVtYV92ZXJzaW9uIjoiMSJ9",
          "dependencies": [
            "aws_vpc.SEC-PRD-VPC"
          ],
          "create_before_destroy": true
        }
      ]
    },
    {
      "mode": "managed",
      "type": "aws_vpc",
      "name": "SEC-PRD-VPC",
      "provider": "provider[\"registry.terraform.io/hashicorp/aws\"]",
      "instances": [
        {
          "schema_version": 1,
          "attributes": {
            "arn": "arn:aws:ec2:ap-northeast-2:038462785952:vpc/vpc-00d059a1572ebf24a",
            "assign_generated_ipv6_cidr_block": false,
            "cidr_block": "10.0.0.0/16",
            "default_network_acl_id": "acl-09857d1a424009b2d",
            "default_route_table_id": "rtb-0626e2c17c00bf12e",
            "default_security_group_id": "sg-04874dbba885536ec",
            "dhcp_options_id": "dopt-0c0614d14808da98d",
            "enable_dns_hostnames": true,
            "enable_dns_support": true,
            "enable_network_address_usage_metrics": false,
            "id": "vpc-00d059a1572ebf24a",
            "instance_tenancy": "default",
            "ipv4_ipam_pool_id": null,
            "ipv4_netmask_length": null,
            "ipv6_association_id": "",
            "ipv6_cidr_block": "",
            "ipv6_cidr_block_network_border_group": "",
            "ipv6_ipam_pool_id": "",
            "ipv6_netmask_length": 0,
            "main_route_table_id": "rtb-0626e2c17c00bf12e",
            "owner_id": "038462785952",
            "tags": {
              "Name": "SEC-PRD-VPC"
            },
            "tags_all": {
              "Name": "SEC-PRD-VPC"
            }
          },
          "sensitive_attributes": [],
          "private": "eyJzY2hlbWFfdmVyc2lvbiI6IjEifQ==",
          "create_before_destroy": true
        }
      ]
    },
    {
      "mode": "managed",
      "type": "aws_vpn_connection",
      "name": "AWS-GCP-VPN-0",
      "provider": "provider[\"registry.terraform.io/hashicorp/aws\"]",
      "instances": [
        {
          "schema_version": 0,
          "attributes": {
            "arn": "arn:aws:ec2:ap-northeast-2:038462785952:vpn-connection/vpn-083099d3a427cb859",
            "core_network_arn": "",
            "core_network_attachment_arn": "",
            "customer_gateway_configuration": "\u003c?xml version=\"1.0\" encoding=\"UTF-8\"?\u003e\n\u003cvpn_connection id=\"vpn-083099d3a427cb859\"\u003e\n  \u003ccustomer_gateway_id\u003ecgw-081f40dc0fff2f7a7\u003c/customer_gateway_id\u003e\n  \u003cvpn_gateway_id\u003evgw-09f2a4fc82715cd98\u003c/vpn_gateway_id\u003e\n  \u003cvpn_connection_type\u003eipsec.1\u003c/vpn_connection_type\u003e\n  \u003cipsec_tunnel\u003e\n    \u003ccustomer_gateway\u003e\n      \u003ctunnel_outside_address\u003e\n        \u003cip_address\u003e34.64.65.77\u003c/ip_address\u003e\n      \u003c/tunnel_outside_address\u003e\n      \u003ctunnel_inside_address\u003e\n        \u003cip_address\u003e169.254.109.66\u003c/ip_address\u003e\n        \u003cnetwork_mask\u003e255.255.255.252\u003c/network_mask\u003e\n        \u003cnetwork_cidr\u003e30\u003c/network_cidr\u003e\n      \u003c/tunnel_inside_address\u003e\n      \u003cbgp\u003e\n        \u003casn\u003e65000\u003c/asn\u003e\n        \u003chold_time\u003e30\u003c/hold_time\u003e\n      \u003c/bgp\u003e\n    \u003c/customer_gateway\u003e\n    \u003cvpn_gateway\u003e\n      \u003ctunnel_outside_address\u003e\n        \u003cip_address\u003e13.209.180.14\u003c/ip_address\u003e\n      \u003c/tunnel_outside_address\u003e\n      \u003ctunnel_inside_address\u003e\n        \u003cip_address\u003e169.254.109.65\u003c/ip_address\u003e\n        \u003cnetwork_mask\u003e255.255.255.252\u003c/network_mask\u003e\n        \u003cnetwork_cidr\u003e30\u003c/network_cidr\u003e\n      \u003c/tunnel_inside_address\u003e\n      \u003cbgp\u003e\n        \u003casn\u003e64512\u003c/asn\u003e\n        \u003chold_time\u003e30\u003c/hold_time\u003e\n      \u003c/bgp\u003e\n    \u003c/vpn_gateway\u003e\n    \u003cike\u003e\n      \u003cauthentication_protocol\u003esha1\u003c/authentication_protocol\u003e\n      \u003cencryption_protocol\u003eaes-128-cbc\u003c/encryption_protocol\u003e\n      \u003clifetime\u003e28800\u003c/lifetime\u003e\n      \u003cperfect_forward_secrecy\u003egroup2\u003c/perfect_forward_secrecy\u003e\n      \u003cmode\u003emain\u003c/mode\u003e\n      \u003cpre_shared_key\u003eCcrcUwZ755SuvfPrewXk1qug.SklpKhc\u003c/pre_shared_key\u003e\n    \u003c/ike\u003e\n    \u003cipsec\u003e\n      \u003cprotocol\u003eesp\u003c/protocol\u003e\n      \u003cauthentication_protocol\u003ehmac-sha1-96\u003c/authentication_protocol\u003e\n      \u003cencryption_protocol\u003eaes-128-cbc\u003c/encryption_protocol\u003e\n      \u003clifetime\u003e3600\u003c/lifetime\u003e\n      \u003cperfect_forward_secrecy\u003egroup2\u003c/perfect_forward_secrecy\u003e\n      \u003cmode\u003etunnel\u003c/mode\u003e\n      \u003cclear_df_bit\u003etrue\u003c/clear_df_bit\u003e\n      \u003cfragmentation_before_encryption\u003etrue\u003c/fragmentation_before_encryption\u003e\n      \u003ctcp_mss_adjustment\u003e1379\u003c/tcp_mss_adjustment\u003e\n      \u003cdead_peer_detection\u003e\n        \u003cinterval\u003e10\u003c/interval\u003e\n        \u003cretries\u003e3\u003c/retries\u003e\n      \u003c/dead_peer_detection\u003e\n    \u003c/ipsec\u003e\n  \u003c/ipsec_tunnel\u003e\n  \u003cipsec_tunnel\u003e\n    \u003ccustomer_gateway\u003e\n      \u003ctunnel_outside_address\u003e\n        \u003cip_address\u003e34.64.65.77\u003c/ip_address\u003e\n      \u003c/tunnel_outside_address\u003e\n      \u003ctunnel_inside_address\u003e\n        \u003cip_address\u003e169.254.225.6\u003c/ip_address\u003e\n        \u003cnetwork_mask\u003e255.255.255.252\u003c/network_mask\u003e\n        \u003cnetwork_cidr\u003e30\u003c/network_cidr\u003e\n      \u003c/tunnel_inside_address\u003e\n      \u003cbgp\u003e\n        \u003casn\u003e65000\u003c/asn\u003e\n        \u003chold_time\u003e30\u003c/hold_time\u003e\n      \u003c/bgp\u003e\n    \u003c/customer_gateway\u003e\n    \u003cvpn_gateway\u003e\n      \u003ctunnel_outside_address\u003e\n        \u003cip_address\u003e43.201.119.87\u003c/ip_address\u003e\n      \u003c/tunnel_outside_address\u003e\n      \u003ctunnel_inside_address\u003e\n        \u003cip_address\u003e169.254.225.5\u003c/ip_address\u003e\n        \u003cnetwork_mask\u003e255.255.255.252\u003c/network_mask\u003e\n        \u003cnetwork_cidr\u003e30\u003c/network_cidr\u003e\n      \u003c/tunnel_inside_address\u003e\n      \u003cbgp\u003e\n        \u003casn\u003e64512\u003c/asn\u003e\n        \u003chold_time\u003e30\u003c/hold_time\u003e\n      \u003c/bgp\u003e\n    \u003c/vpn_gateway\u003e\n    \u003cike\u003e\n      \u003cauthentication_protocol\u003esha1\u003c/authentication_protocol\u003e\n      \u003cencryption_protocol\u003eaes-128-cbc\u003c/encryption_protocol\u003e\n      \u003clifetime\u003e28800\u003c/lifetime\u003e\n      \u003cperfect_forward_secrecy\u003egroup2\u003c/perfect_forward_secrecy\u003e\n      \u003cmode\u003emain\u003c/mode\u003e\n      \u003cpre_shared_key\u003e2zR3Jaaa1OyD0DKNysXV48suevCdk02X\u003c/pre_shared_key\u003e\n    \u003c/ike\u003e\n    \u003cipsec\u003e\n      \u003cprotocol\u003eesp\u003c/protocol\u003e\n      \u003cauthentication_protocol\u003ehmac-sha1-96\u003c/authentication_protocol\u003e\n      \u003cencryption_protocol\u003eaes-128-cbc\u003c/encryption_protocol\u003e\n      \u003clifetime\u003e3600\u003c/lifetime\u003e\n      \u003cperfect_forward_secrecy\u003egroup2\u003c/perfect_forward_secrecy\u003e\n      \u003cmode\u003etunnel\u003c/mode\u003e\n      \u003cclear_df_bit\u003etrue\u003c/clear_df_bit\u003e\n      \u003cfragmentation_before_encryption\u003etrue\u003c/fragmentation_before_encryption\u003e\n      \u003ctcp_mss_adjustment\u003e1379\u003c/tcp_mss_adjustment\u003e\n      \u003cdead_peer_detection\u003e\n        \u003cinterval\u003e10\u003c/interval\u003e\n        \u003cretries\u003e3\u003c/retries\u003e\n      \u003c/dead_peer_detection\u003e\n    \u003c/ipsec\u003e\n  \u003c/ipsec_tunnel\u003e\n\u003c/vpn_connection\u003e\n",
            "customer_gateway_id": "cgw-081f40dc0fff2f7a7",
            "enable_acceleration": false,
            "id": "vpn-083099d3a427cb859",
            "local_ipv4_network_cidr": "10.0.30.0/24",
            "local_ipv6_network_cidr": "",
            "outside_ip_address_type": "PublicIpv4",
            "remote_ipv4_network_cidr": "10.0.80.0/21",
            "remote_ipv6_network_cidr": "",
            "routes": [],
            "static_routes_only": false,
            "tags": {
              "Name": "AWS-GCP-VPN-0"
            },
            "tags_all": {
              "Name": "AWS-GCP-VPN-0"
            },
            "transit_gateway_attachment_id": "",
            "transit_gateway_id": "",
            "transport_transit_gateway_attachment_id": "",
            "tunnel1_address": "13.209.180.14",
            "tunnel1_bgp_asn": "64512",
            "tunnel1_bgp_holdtime": 30,
            "tunnel1_cgw_inside_address": "169.254.109.66",
            "tunnel1_dpd_timeout_action": "",
            "tunnel1_dpd_timeout_seconds": 0,
            "tunnel1_enable_tunnel_lifecycle_control": false,
            "tunnel1_ike_versions": [
              "ikev2"
            ],
            "tunnel1_inside_cidr": "169.254.109.64/30",
            "tunnel1_inside_ipv6_cidr": "",
            "tunnel1_log_options": [
              {
                "cloudwatch_log_options": [
                  {
                    "log_enabled": false,
                    "log_group_arn": "",
                    "log_output_format": ""
                  }
                ]
              }
            ],
            "tunnel1_phase1_dh_group_numbers": [],
            "tunnel1_phase1_encryption_algorithms": [],
            "tunnel1_phase1_integrity_algorithms": [],
            "tunnel1_phase1_lifetime_seconds": 0,
            "tunnel1_phase2_dh_group_numbers": [],
            "tunnel1_phase2_encryption_algorithms": [],
            "tunnel1_phase2_integrity_algorithms": [],
            "tunnel1_phase2_lifetime_seconds": 0,
            "tunnel1_preshared_key": "CcrcUwZ755SuvfPrewXk1qug.SklpKhc",
            "tunnel1_rekey_fuzz_percentage": 0,
            "tunnel1_rekey_margin_time_seconds": 0,
            "tunnel1_replay_window_size": 0,
            "tunnel1_startup_action": "",
            "tunnel1_vgw_inside_address": "169.254.109.65",
            "tunnel2_address": "43.201.119.87",
            "tunnel2_bgp_asn": "64512",
            "tunnel2_bgp_holdtime": 30,
            "tunnel2_cgw_inside_address": "169.254.225.6",
            "tunnel2_dpd_timeout_action": "",
            "tunnel2_dpd_timeout_seconds": 0,
            "tunnel2_enable_tunnel_lifecycle_control": false,
            "tunnel2_ike_versions": [
              "ikev2"
            ],
            "tunnel2_inside_cidr": "169.254.225.4/30",
            "tunnel2_inside_ipv6_cidr": "",
            "tunnel2_log_options": [
              {
                "cloudwatch_log_options": [
                  {
                    "log_enabled": false,
                    "log_group_arn": "",
                    "log_output_format": ""
                  }
                ]
              }
            ],
            "tunnel2_phase1_dh_group_numbers": [],
            "tunnel2_phase1_encryption_algorithms": [],
            "tunnel2_phase1_integrity_algorithms": [],
            "tunnel2_phase1_lifetime_seconds": 0,
            "tunnel2_phase2_dh_group_numbers": [],
            "tunnel2_phase2_encryption_algorithms": [],
            "tunnel2_phase2_integrity_algorithms": [],
            "tunnel2_phase2_lifetime_seconds": 0,
            "tunnel2_preshared_key": "2zR3Jaaa1OyD0DKNysXV48suevCdk02X",
            "tunnel2_rekey_fuzz_percentage": 0,
            "tunnel2_rekey_margin_time_seconds": 0,
            "tunnel2_replay_window_size": 0,
            "tunnel2_startup_action": "",
            "tunnel2_vgw_inside_address": "169.254.225.5",
            "tunnel_inside_ip_version": "ipv4",
            "type": "ipsec.1",
            "vgw_telemetry": [
              {
                "accepted_route_count": 10,
                "certificate_arn": "",
                "last_status_change": "2024-12-15T14:49:36Z",
                "outside_ip_address": "43.201.119.87",
                "status": "UP",
                "status_message": "10 BGP ROUTES"
              },
              {
                "accepted_route_count": 10,
                "certificate_arn": "",
                "last_status_change": "2024-12-15T14:49:49Z",
                "outside_ip_address": "13.209.180.14",
                "status": "UP",
                "status_message": "10 BGP ROUTES"
              }
            ],
            "vpn_gateway_id": "vgw-09f2a4fc82715cd98"
          },
          "sensitive_attributes": [
            [
              {
                "type": "get_attr",
                "value": "customer_gateway_configuration"
              }
            ],
            [
              {
                "type": "get_attr",
                "value": "tunnel1_preshared_key"
              }
            ],
            [
              {
                "type": "get_attr",
                "value": "tunnel2_preshared_key"
              }
            ]
          ],
          "private": "bnVsbA==",
          "dependencies": [
            "aws_customer_gateway.CGW-FOR-GCP-0",
            "aws_vpc.SEC-PRD-VPC",
            "aws_vpn_gateway.VGW-FOR-GCP",
            "google_compute_ha_vpn_gateway.ha-gateway",
            "google_compute_network.vpc_network"
          ]
        }
      ]
    },
    {
      "mode": "managed",
      "type": "aws_vpn_connection",
      "name": "AWS-GCP-VPN-1",
      "provider": "provider[\"registry.terraform.io/hashicorp/aws\"]",
      "instances": [
        {
          "schema_version": 0,
          "attributes": {
            "arn": "arn:aws:ec2:ap-northeast-2:038462785952:vpn-connection/vpn-0b690f8a531b70404",
            "core_network_arn": "",
            "core_network_attachment_arn": "",
            "customer_gateway_configuration": "\u003c?xml version=\"1.0\" encoding=\"UTF-8\"?\u003e\n\u003cvpn_connection id=\"vpn-0b690f8a531b70404\"\u003e\n  \u003ccustomer_gateway_id\u003ecgw-0110d4da75ce53e37\u003c/customer_gateway_id\u003e\n  \u003cvpn_gateway_id\u003evgw-09f2a4fc82715cd98\u003c/vpn_gateway_id\u003e\n  \u003cvpn_connection_type\u003eipsec.1\u003c/vpn_connection_type\u003e\n  \u003cipsec_tunnel\u003e\n    \u003ccustomer_gateway\u003e\n      \u003ctunnel_outside_address\u003e\n        \u003cip_address\u003e34.64.130.88\u003c/ip_address\u003e\n      \u003c/tunnel_outside_address\u003e\n      \u003ctunnel_inside_address\u003e\n        \u003cip_address\u003e169.254.86.126\u003c/ip_address\u003e\n        \u003cnetwork_mask\u003e255.255.255.252\u003c/network_mask\u003e\n        \u003cnetwork_cidr\u003e30\u003c/network_cidr\u003e\n      \u003c/tunnel_inside_address\u003e\n      \u003cbgp\u003e\n        \u003casn\u003e65000\u003c/asn\u003e\n        \u003chold_time\u003e30\u003c/hold_time\u003e\n      \u003c/bgp\u003e\n    \u003c/customer_gateway\u003e\n    \u003cvpn_gateway\u003e\n      \u003ctunnel_outside_address\u003e\n        \u003cip_address\u003e43.201.221.176\u003c/ip_address\u003e\n      \u003c/tunnel_outside_address\u003e\n      \u003ctunnel_inside_address\u003e\n        \u003cip_address\u003e169.254.86.125\u003c/ip_address\u003e\n        \u003cnetwork_mask\u003e255.255.255.252\u003c/network_mask\u003e\n        \u003cnetwork_cidr\u003e30\u003c/network_cidr\u003e\n      \u003c/tunnel_inside_address\u003e\n      \u003cbgp\u003e\n        \u003casn\u003e64512\u003c/asn\u003e\n        \u003chold_time\u003e30\u003c/hold_time\u003e\n      \u003c/bgp\u003e\n    \u003c/vpn_gateway\u003e\n    \u003cike\u003e\n      \u003cauthentication_protocol\u003esha1\u003c/authentication_protocol\u003e\n      \u003cencryption_protocol\u003eaes-128-cbc\u003c/encryption_protocol\u003e\n      \u003clifetime\u003e28800\u003c/lifetime\u003e\n      \u003cperfect_forward_secrecy\u003egroup2\u003c/perfect_forward_secrecy\u003e\n      \u003cmode\u003emain\u003c/mode\u003e\n      \u003cpre_shared_key\u003efxhKon_c5csu4nLZF8DvA0wHy260Kpto\u003c/pre_shared_key\u003e\n    \u003c/ike\u003e\n    \u003cipsec\u003e\n      \u003cprotocol\u003eesp\u003c/protocol\u003e\n      \u003cauthentication_protocol\u003ehmac-sha1-96\u003c/authentication_protocol\u003e\n      \u003cencryption_protocol\u003eaes-128-cbc\u003c/encryption_protocol\u003e\n      \u003clifetime\u003e3600\u003c/lifetime\u003e\n      \u003cperfect_forward_secrecy\u003egroup2\u003c/perfect_forward_secrecy\u003e\n      \u003cmode\u003etunnel\u003c/mode\u003e\n      \u003cclear_df_bit\u003etrue\u003c/clear_df_bit\u003e\n      \u003cfragmentation_before_encryption\u003etrue\u003c/fragmentation_before_encryption\u003e\n      \u003ctcp_mss_adjustment\u003e1379\u003c/tcp_mss_adjustment\u003e\n      \u003cdead_peer_detection\u003e\n        \u003cinterval\u003e10\u003c/interval\u003e\n        \u003cretries\u003e3\u003c/retries\u003e\n      \u003c/dead_peer_detection\u003e\n    \u003c/ipsec\u003e\n  \u003c/ipsec_tunnel\u003e\n  \u003cipsec_tunnel\u003e\n    \u003ccustomer_gateway\u003e\n      \u003ctunnel_outside_address\u003e\n        \u003cip_address\u003e34.64.130.88\u003c/ip_address\u003e\n      \u003c/tunnel_outside_address\u003e\n      \u003ctunnel_inside_address\u003e\n        \u003cip_address\u003e169.254.120.102\u003c/ip_address\u003e\n        \u003cnetwork_mask\u003e255.255.255.252\u003c/network_mask\u003e\n        \u003cnetwork_cidr\u003e30\u003c/network_cidr\u003e\n      \u003c/tunnel_inside_address\u003e\n      \u003cbgp\u003e\n        \u003casn\u003e65000\u003c/asn\u003e\n        \u003chold_time\u003e30\u003c/hold_time\u003e\n      \u003c/bgp\u003e\n    \u003c/customer_gateway\u003e\n    \u003cvpn_gateway\u003e\n      \u003ctunnel_outside_address\u003e\n        \u003cip_address\u003e43.203.16.135\u003c/ip_address\u003e\n      \u003c/tunnel_outside_address\u003e\n      \u003ctunnel_inside_address\u003e\n        \u003cip_address\u003e169.254.120.101\u003c/ip_address\u003e\n        \u003cnetwork_mask\u003e255.255.255.252\u003c/network_mask\u003e\n        \u003cnetwork_cidr\u003e30\u003c/network_cidr\u003e\n      \u003c/tunnel_inside_address\u003e\n      \u003cbgp\u003e\n        \u003casn\u003e64512\u003c/asn\u003e\n        \u003chold_time\u003e30\u003c/hold_time\u003e\n      \u003c/bgp\u003e\n    \u003c/vpn_gateway\u003e\n    \u003cike\u003e\n      \u003cauthentication_protocol\u003esha1\u003c/authentication_protocol\u003e\n      \u003cencryption_protocol\u003eaes-128-cbc\u003c/encryption_protocol\u003e\n      \u003clifetime\u003e28800\u003c/lifetime\u003e\n      \u003cperfect_forward_secrecy\u003egroup2\u003c/perfect_forward_secrecy\u003e\n      \u003cmode\u003emain\u003c/mode\u003e\n      \u003cpre_shared_key\u003e8aQyVkeMTVilnJ86B3PUEdZw6VKxxmzg\u003c/pre_shared_key\u003e\n    \u003c/ike\u003e\n    \u003cipsec\u003e\n      \u003cprotocol\u003eesp\u003c/protocol\u003e\n      \u003cauthentication_protocol\u003ehmac-sha1-96\u003c/authentication_protocol\u003e\n      \u003cencryption_protocol\u003eaes-128-cbc\u003c/encryption_protocol\u003e\n      \u003clifetime\u003e3600\u003c/lifetime\u003e\n      \u003cperfect_forward_secrecy\u003egroup2\u003c/perfect_forward_secrecy\u003e\n      \u003cmode\u003etunnel\u003c/mode\u003e\n      \u003cclear_df_bit\u003etrue\u003c/clear_df_bit\u003e\n      \u003cfragmentation_before_encryption\u003etrue\u003c/fragmentation_before_encryption\u003e\n      \u003ctcp_mss_adjustment\u003e1379\u003c/tcp_mss_adjustment\u003e\n      \u003cdead_peer_detection\u003e\n        \u003cinterval\u003e10\u003c/interval\u003e\n        \u003cretries\u003e3\u003c/retries\u003e\n      \u003c/dead_peer_detection\u003e\n    \u003c/ipsec\u003e\n  \u003c/ipsec_tunnel\u003e\n\u003c/vpn_connection\u003e\n",
            "customer_gateway_id": "cgw-0110d4da75ce53e37",
            "enable_acceleration": false,
            "id": "vpn-0b690f8a531b70404",
            "local_ipv4_network_cidr": "10.0.40.0/24",
            "local_ipv6_network_cidr": "",
            "outside_ip_address_type": "PublicIpv4",
            "remote_ipv4_network_cidr": "10.0.80.0/21",
            "remote_ipv6_network_cidr": "",
            "routes": [],
            "static_routes_only": false,
            "tags": {
              "Name": "AWS-GCP-VPN-1"
            },
            "tags_all": {
              "Name": "AWS-GCP-VPN-1"
            },
            "transit_gateway_attachment_id": "",
            "transit_gateway_id": "",
            "transport_transit_gateway_attachment_id": "",
            "tunnel1_address": "43.201.221.176",
            "tunnel1_bgp_asn": "64512",
            "tunnel1_bgp_holdtime": 30,
            "tunnel1_cgw_inside_address": "169.254.86.126",
            "tunnel1_dpd_timeout_action": "",
            "tunnel1_dpd_timeout_seconds": 0,
            "tunnel1_enable_tunnel_lifecycle_control": false,
            "tunnel1_ike_versions": [
              "ikev2"
            ],
            "tunnel1_inside_cidr": "169.254.86.124/30",
            "tunnel1_inside_ipv6_cidr": "",
            "tunnel1_log_options": [
              {
                "cloudwatch_log_options": [
                  {
                    "log_enabled": false,
                    "log_group_arn": "",
                    "log_output_format": ""
                  }
                ]
              }
            ],
            "tunnel1_phase1_dh_group_numbers": [],
            "tunnel1_phase1_encryption_algorithms": [],
            "tunnel1_phase1_integrity_algorithms": [],
            "tunnel1_phase1_lifetime_seconds": 0,
            "tunnel1_phase2_dh_group_numbers": [],
            "tunnel1_phase2_encryption_algorithms": [],
            "tunnel1_phase2_integrity_algorithms": [],
            "tunnel1_phase2_lifetime_seconds": 0,
            "tunnel1_preshared_key": "fxhKon_c5csu4nLZF8DvA0wHy260Kpto",
            "tunnel1_rekey_fuzz_percentage": 0,
            "tunnel1_rekey_margin_time_seconds": 0,
            "tunnel1_replay_window_size": 0,
            "tunnel1_startup_action": "",
            "tunnel1_vgw_inside_address": "169.254.86.125",
            "tunnel2_address": "43.203.16.135",
            "tunnel2_bgp_asn": "64512",
            "tunnel2_bgp_holdtime": 30,
            "tunnel2_cgw_inside_address": "169.254.120.102",
            "tunnel2_dpd_timeout_action": "",
            "tunnel2_dpd_timeout_seconds": 0,
            "tunnel2_enable_tunnel_lifecycle_control": false,
            "tunnel2_ike_versions": [
              "ikev2"
            ],
            "tunnel2_inside_cidr": "169.254.120.100/30",
            "tunnel2_inside_ipv6_cidr": "",
            "tunnel2_log_options": [
              {
                "cloudwatch_log_options": [
                  {
                    "log_enabled": false,
                    "log_group_arn": "",
                    "log_output_format": ""
                  }
                ]
              }
            ],
            "tunnel2_phase1_dh_group_numbers": [],
            "tunnel2_phase1_encryption_algorithms": [],
            "tunnel2_phase1_integrity_algorithms": [],
            "tunnel2_phase1_lifetime_seconds": 0,
            "tunnel2_phase2_dh_group_numbers": [],
            "tunnel2_phase2_encryption_algorithms": [],
            "tunnel2_phase2_integrity_algorithms": [],
            "tunnel2_phase2_lifetime_seconds": 0,
            "tunnel2_preshared_key": "8aQyVkeMTVilnJ86B3PUEdZw6VKxxmzg",
            "tunnel2_rekey_fuzz_percentage": 0,
            "tunnel2_rekey_margin_time_seconds": 0,
            "tunnel2_replay_window_size": 0,
            "tunnel2_startup_action": "",
            "tunnel2_vgw_inside_address": "169.254.120.101",
            "tunnel_inside_ip_version": "ipv4",
            "type": "ipsec.1",
            "vgw_telemetry": [
              {
                "accepted_route_count": 10,
                "certificate_arn": "",
                "last_status_change": "2024-12-15T14:48:18Z",
                "outside_ip_address": "43.201.221.176",
                "status": "UP",
                "status_message": "10 BGP ROUTES"
              },
              {
                "accepted_route_count": 10,
                "certificate_arn": "",
                "last_status_change": "2024-12-15T14:48:31Z",
                "outside_ip_address": "43.203.16.135",
                "status": "UP",
                "status_message": "10 BGP ROUTES"
              }
            ],
            "vpn_gateway_id": "vgw-09f2a4fc82715cd98"
          },
          "sensitive_attributes": [
            [
              {
                "type": "get_attr",
                "value": "tunnel1_preshared_key"
              }
            ],
            [
              {
                "type": "get_attr",
                "value": "customer_gateway_configuration"
              }
            ],
            [
              {
                "type": "get_attr",
                "value": "tunnel2_preshared_key"
              }
            ]
          ],
          "private": "bnVsbA==",
          "dependencies": [
            "aws_customer_gateway.CGW-FOR-GCP-1",
            "aws_vpc.SEC-PRD-VPC",
            "aws_vpn_gateway.VGW-FOR-GCP",
            "google_compute_ha_vpn_gateway.ha-gateway",
            "google_compute_network.vpc_network"
          ]
        }
      ]
    },
    {
      "mode": "managed",
      "type": "aws_vpn_gateway",
      "name": "VGW-FOR-GCP",
      "provider": "provider[\"registry.terraform.io/hashicorp/aws\"]",
      "instances": [
        {
          "schema_version": 0,
          "attributes": {
            "amazon_side_asn": "64512",
            "arn": "arn:aws:ec2:ap-northeast-2:038462785952:vpn-gateway/vgw-09f2a4fc82715cd98",
            "availability_zone": null,
            "id": "vgw-09f2a4fc82715cd98",
            "tags": {
              "Name": "VGW-FOR-GCP"
            },
            "tags_all": {
              "Name": "VGW-FOR-GCP"
            },
            "vpc_id": "vpc-00d059a1572ebf24a"
          },
          "sensitive_attributes": [],
          "private": "bnVsbA==",
          "dependencies": [
            "aws_vpc.SEC-PRD-VPC"
          ]
        }
      ]
    },
    {
      "mode": "managed",
      "type": "aws_vpn_gateway_route_propagation",
      "name": "testing_route",
      "provider": "provider[\"registry.terraform.io/hashicorp/aws\"]",
      "instances": [
        {
          "schema_version": 0,
          "attributes": {
            "id": "vgw-09f2a4fc82715cd98_rtb-04351c2a3a8f0a83c",
            "route_table_id": "rtb-04351c2a3a8f0a83c",
            "timeouts": null,
            "vpn_gateway_id": "vgw-09f2a4fc82715cd98"
          },
          "sensitive_attributes": [],
          "private": "eyJlMmJmYjczMC1lY2FhLTExZTYtOGY4OC0zNDM2M2JjN2M0YzAiOnsiY3JlYXRlIjoxMjAwMDAwMDAwMDAsImRlbGV0ZSI6MTIwMDAwMDAwMDAwfX0=",
          "dependencies": [
            "aws_internet_gateway.IGW",
            "aws_route_table.RT-PUB",
            "aws_subnet.PUB-2A",
            "aws_vpc.SEC-PRD-VPC",
            "aws_vpn_gateway.VGW-FOR-GCP"
          ]
        }
      ]
    },
    {
      "mode": "managed",
      "type": "aws_vpn_gateway_route_propagation",
      "name": "testing_route1",
      "provider": "provider[\"registry.terraform.io/hashicorp/aws\"]",
      "instances": [
        {
          "schema_version": 0,
          "attributes": {
            "id": "vgw-09f2a4fc82715cd98_rtb-09387ca50f20d8e3c",
            "route_table_id": "rtb-09387ca50f20d8e3c",
            "timeouts": null,
            "vpn_gateway_id": "vgw-09f2a4fc82715cd98"
          },
          "sensitive_attributes": [],
          "private": "eyJlMmJmYjczMC1lY2FhLTExZTYtOGY4OC0zNDM2M2JjN2M0YzAiOnsiY3JlYXRlIjoxMjAwMDAwMDAwMDAsImRlbGV0ZSI6MTIwMDAwMDAwMDAwfX0=",
          "dependencies": [
            "aws_eip.nat_gateway_eip",
            "aws_nat_gateway.nat_gateway",
            "aws_route_table.RT-PRI-2A",
            "aws_subnet.PUB-2A",
            "aws_subnet.PUB-2C",
            "aws_vpc.SEC-PRD-VPC",
            "aws_vpn_gateway.VGW-FOR-GCP"
          ]
        }
      ]
    },
    {
      "mode": "managed",
      "type": "aws_vpn_gateway_route_propagation",
      "name": "testing_route2",
      "provider": "provider[\"registry.terraform.io/hashicorp/aws\"]",
      "instances": [
        {
          "schema_version": 0,
          "attributes": {
            "id": "vgw-09f2a4fc82715cd98_rtb-09387ca50f20d8e3c",
            "route_table_id": "rtb-09387ca50f20d8e3c",
            "timeouts": null,
            "vpn_gateway_id": "vgw-09f2a4fc82715cd98"
          },
          "sensitive_attributes": [],
          "private": "eyJlMmJmYjczMC1lY2FhLTExZTYtOGY4OC0zNDM2M2JjN2M0YzAiOnsiY3JlYXRlIjoxMjAwMDAwMDAwMDAsImRlbGV0ZSI6MTIwMDAwMDAwMDAwfX0=",
          "dependencies": [
            "aws_eip.nat_gateway_eip",
            "aws_nat_gateway.nat_gateway",
            "aws_route_table.RT-PRI-2A",
            "aws_subnet.PUB-2A",
            "aws_subnet.PUB-2C",
            "aws_vpc.SEC-PRD-VPC",
            "aws_vpn_gateway.VGW-FOR-GCP"
          ]
        }
      ]
    },
    {
      "mode": "managed",
      "type": "google_compute_external_vpn_gateway",
      "name": "peer-gw",
      "provider": "provider[\"registry.terraform.io/hashicorp/google\"]",
      "instances": [
        {
          "schema_version": 0,
          "attributes": {
            "description": "",
            "effective_labels": {
              "goog-terraform-provisioned": "true"
            },
            "id": "projects/deep-thought-440807-g3/global/externalVpnGateways/peer-gw",
            "interface": [
              {
                "id": 0,
                "ip_address": "13.209.180.14",
                "ipv6_address": ""
              },
              {
                "id": 1,
                "ip_address": "43.201.119.87",
                "ipv6_address": ""
              },
              {
                "id": 2,
                "ip_address": "43.201.221.176",
                "ipv6_address": ""
              },
              {
                "id": 3,
                "ip_address": "43.203.16.135",
                "ipv6_address": ""
              }
            ],
            "label_fingerprint": "vezUS-42LLM=",
            "labels": {},
            "name": "peer-gw",
            "project": "deep-thought-440807-g3",
            "redundancy_type": "FOUR_IPS_REDUNDANCY",
            "self_link": "https://www.googleapis.com/compute/v1/projects/deep-thought-440807-g3/global/externalVpnGateways/peer-gw",
            "terraform_labels": {
              "goog-terraform-provisioned": "true"
            },
            "timeouts": null
          },
          "sensitive_attributes": [],
          "private": "eyJlMmJmYjczMC1lY2FhLTExZTYtOGY4OC0zNDM2M2JjN2M0YzAiOnsiY3JlYXRlIjoxMjAwMDAwMDAwMDAwLCJkZWxldGUiOjEyMDAwMDAwMDAwMDAsInVwZGF0ZSI6MTIwMDAwMDAwMDAwMH19",
          "dependencies": [
            "aws_customer_gateway.CGW-FOR-GCP-0",
            "aws_customer_gateway.CGW-FOR-GCP-1",
            "aws_vpc.SEC-PRD-VPC",
            "aws_vpn_connection.AWS-GCP-VPN-0",
            "aws_vpn_connection.AWS-GCP-VPN-1",
            "aws_vpn_gateway.VGW-FOR-GCP",
            "google_compute_ha_vpn_gateway.ha-gateway",
            "google_compute_network.vpc_network"
          ]
        }
      ]
    },
    {
      "mode": "managed",
      "type": "google_compute_firewall",
      "name": "allow_bastion_ssh",
      "provider": "provider[\"registry.terraform.io/hashicorp/google\"]",
      "instances": [
        {
          "schema_version": 1,
          "attributes": {
            "allow": [
              {
                "ports": [
                  "22"
                ],
                "protocol": "tcp"
              },
              {
                "ports": [
                  "443"
                ],
                "protocol": "tcp"
              },
              {
                "ports": [
                  "80"
                ],
                "protocol": "tcp"
              },
              {
                "ports": [
                  "8080"
                ],
                "protocol": "tcp"
              },
              {
                "ports": [],
                "protocol": "icmp"
              }
            ],
            "creation_timestamp": "2024-12-15T03:54:48.642-08:00",
            "deny": [],
            "description": "Allow SSH, HTTP, HTTPS, ICMP, and 8080 traffic from anywhere",
            "destination_ranges": [],
            "direction": "INGRESS",
            "disabled": false,
            "enable_logging": null,
            "id": "projects/deep-thought-440807-g3/global/firewalls/allow-bastion-ssh",
            "log_config": [],
            "name": "allow-bastion-ssh",
            "network": "https://www.googleapis.com/compute/v1/projects/deep-thought-440807-g3/global/networks/project-vpc",
            "priority": 1000,
            "project": "deep-thought-440807-g3",
            "self_link": "https://www.googleapis.com/compute/v1/projects/deep-thought-440807-g3/global/firewalls/allow-bastion-ssh",
            "source_ranges": [
              "0.0.0.0/0"
            ],
            "source_service_accounts": [],
            "source_tags": [],
            "target_service_accounts": [],
            "target_tags": [
              "bastion"
            ],
            "timeouts": null
          },
          "sensitive_attributes": [],
          "private": "eyJlMmJmYjczMC1lY2FhLTExZTYtOGY4OC0zNDM2M2JjN2M0YzAiOnsiY3JlYXRlIjoxMjAwMDAwMDAwMDAwLCJkZWxldGUiOjEyMDAwMDAwMDAwMDAsInVwZGF0ZSI6MTIwMDAwMDAwMDAwMH0sInNjaGVtYV92ZXJzaW9uIjoiMSJ9",
          "dependencies": [
            "google_compute_network.vpc_network"
          ]
        }
      ]
    },
    {
      "mode": "managed",
      "type": "google_compute_ha_vpn_gateway",
      "name": "ha-gateway",
      "provider": "provider[\"registry.terraform.io/hashicorp/google\"]",
      "instances": [
        {
          "schema_version": 0,
          "attributes": {
            "description": "",
            "gateway_ip_version": "IPV4",
            "id": "projects/deep-thought-440807-g3/regions/asia-northeast3/vpnGateways/ha-vpn",
            "name": "ha-vpn",
            "network": "https://www.googleapis.com/compute/v1/projects/deep-thought-440807-g3/global/networks/project-vpc",
            "project": "deep-thought-440807-g3",
            "region": "asia-northeast3",
            "self_link": "https://www.googleapis.com/compute/v1/projects/deep-thought-440807-g3/regions/asia-northeast3/vpnGateways/ha-vpn",
            "stack_type": "IPV4_ONLY",
            "timeouts": null,
            "vpn_interfaces": [
              {
                "id": 0,
                "interconnect_attachment": "",
                "ip_address": "34.64.65.77"
              },
              {
                "id": 1,
                "interconnect_attachment": "",
                "ip_address": "34.64.130.88"
              }
            ]
          },
          "sensitive_attributes": [],
          "private": "eyJlMmJmYjczMC1lY2FhLTExZTYtOGY4OC0zNDM2M2JjN2M0YzAiOnsiY3JlYXRlIjoxMjAwMDAwMDAwMDAwLCJkZWxldGUiOjEyMDAwMDAwMDAwMDB9fQ==",
          "dependencies": [
            "google_compute_network.vpc_network"
          ]
        }
      ]
    },
    {
      "mode": "managed",
      "type": "google_compute_instance",
      "name": "bastion_host",
      "provider": "provider[\"registry.terraform.io/hashicorp/google\"]",
      "instances": [
        {
          "schema_version": 6,
          "attributes": {
            "advanced_machine_features": [],
            "allow_stopping_for_update": null,
            "attached_disk": [],
            "boot_disk": [
              {
                "auto_delete": true,
                "device_name": "persistent-disk-0",
                "disk_encryption_key_raw": "",
                "disk_encryption_key_sha256": "",
                "initialize_params": [
                  {
                    "enable_confidential_compute": false,
                    "image": "https://www.googleapis.com/compute/v1/projects/ubuntu-os-cloud/global/images/ubuntu-2204-jammy-v20241119",
                    "labels": {},
                    "provisioned_iops": 0,
                    "provisioned_throughput": 0,
                    "resource_manager_tags": {},
                    "resource_policies": [],
                    "size": 10,
                    "storage_pool": "",
                    "type": "pd-standard"
                  }
                ],
                "interface": "",
                "kms_key_self_link": "",
                "mode": "READ_WRITE",
                "source": "https://www.googleapis.com/compute/v1/projects/deep-thought-440807-g3/zones/asia-northeast3-a/disks/bastion-host"
              }
            ],
            "can_ip_forward": false,
            "confidential_instance_config": [],
            "cpu_platform": "Intel Broadwell",
            "creation_timestamp": "2024-12-15T05:14:45.080-08:00",
            "current_status": "RUNNING",
            "deletion_protection": false,
            "description": "",
            "desired_status": null,
            "effective_labels": {
              "goog-terraform-provisioned": "true"
            },
            "enable_display": false,
            "guest_accelerator": [],
            "hostname": "",
            "id": "projects/deep-thought-440807-g3/zones/asia-northeast3-a/instances/bastion-host",
            "instance_id": "8759841031743301803",
            "key_revocation_action_type": "",
            "label_fingerprint": "vezUS-42LLM=",
            "labels": {},
            "machine_type": "e2-small",
            "metadata": {
              "ssh-keys": "ubuntu:ssh-rsa AAAAB3NzaC1yc2EAAAABIwAAAQEArJQ9...(생략)...key1 ubuntu"
            },
            "metadata_fingerprint": "fDoSI67rIIE=",
            "metadata_startup_script": "#!/bin/bash\n\nsudo apt update -y\nsudo apt install -y openssh-server\nsudo service sshd start\n\nsudo mkdir -p /home/ubuntu/.ssh\nsudo chown ubuntu:ubuntu /home/ubuntu/.ssh\n\necho \"${private_key}\" | base64 --decode | sudo tee /home/ubuntu/.ssh/gibeom01.json \u003e /dev/null\n\nsudo chmod 600 /home/ubuntu/.ssh/gibeom01.json\nsudo chown ubuntu:ubuntu /home/ubuntu/.ssh/gibeom01.json\n\nsudo apt-get install -y apt-transport-https ca-certificates gnupg curl\ncurl https://packages.cloud.google.com/apt/doc/apt-key.gpg | sudo gpg --dearmor -o /usr/share/keyrings/cloud.google.gpg\necho \"deb [signed-by=/usr/share/keyrings/cloud.google.gpg] https://packages.cloud.google.com/apt cloud-sdk main\" | sudo tee /etc/apt/sources.list.d/google-cloud-sdk.list\nsudo apt-get update -y\nsudo apt-get install -y google-cloud-cli\nsudo apt-get install -y google-cloud-cli-gke-gcloud-auth-plugin\n\nsudo -u ubuntu gcloud auth activate-service-account --key-file=/home/ubuntu/.ssh/gibeom01.json\nsudo -u ubuntu gcloud config set project deep-thought-440807-g3\n\ncurl -LO \"https://dl.k8s.io/release/v1.30.0/bin/linux/amd64/kubectl\"\nsudo mv kubectl /usr/local/bin/\nsudo chmod +x /usr/local/bin/kubectl\nkubectl version --client\n\necho 'export PATH=$PATH:/usr/local/bin' | sudo tee -a /home/ubuntu/.bashrc\nsource /home/ubuntu/.bashrc\n\ngcloud auth list\ngcloud config list\n",
            "min_cpu_platform": "",
            "name": "bastion-host",
            "network_interface": [
              {
                "access_config": [
                  {
                    "nat_ip": "34.64.201.71",
                    "network_tier": "PREMIUM",
                    "public_ptr_domain_name": ""
                  }
                ],
                "alias_ip_range": [],
                "internal_ipv6_prefix_length": 0,
                "ipv6_access_config": [],
                "ipv6_access_type": "",
                "ipv6_address": "",
                "name": "nic0",
                "network": "https://www.googleapis.com/compute/v1/projects/deep-thought-440807-g3/global/networks/project-vpc",
                "network_ip": "10.0.70.3",
                "nic_type": "",
                "queue_count": 0,
                "stack_type": "IPV4_ONLY",
                "subnetwork": "https://www.googleapis.com/compute/v1/projects/deep-thought-440807-g3/regions/asia-northeast3/subnetworks/gcp-pub",
                "subnetwork_project": "deep-thought-440807-g3"
              }
            ],
            "network_performance_config": [],
            "params": [],
            "project": "deep-thought-440807-g3",
            "reservation_affinity": [],
            "resource_policies": [],
            "scheduling": [
              {
                "automatic_restart": true,
                "instance_termination_action": "",
                "local_ssd_recovery_timeout": [],
                "max_run_duration": [],
                "min_node_cpus": 0,
                "node_affinities": [],
                "on_host_maintenance": "MIGRATE",
                "on_instance_stop_action": [],
                "preemptible": false,
                "provisioning_model": "STANDARD"
              }
            ],
            "scratch_disk": [],
            "self_link": "https://www.googleapis.com/compute/v1/projects/deep-thought-440807-g3/zones/asia-northeast3-a/instances/bastion-host",
            "service_account": [
              {
                "email": "635009463326-compute@developer.gserviceaccount.com",
                "scopes": [
                  "https://www.googleapis.com/auth/cloud-platform"
                ]
              }
            ],
            "shielded_instance_config": [
              {
                "enable_integrity_monitoring": true,
                "enable_secure_boot": false,
                "enable_vtpm": true
              }
            ],
            "tags": [
              "bastion"
            ],
            "tags_fingerprint": "NfTTNVh6sLU=",
            "terraform_labels": {
              "goog-terraform-provisioned": "true"
            },
            "timeouts": null,
            "zone": "asia-northeast3-a"
          },
          "sensitive_attributes": [
            [
              {
                "type": "get_attr",
                "value": "boot_disk"
              },
              {
                "type": "index",
                "value": {
                  "value": 0,
                  "type": "number"
                }
              },
              {
                "type": "get_attr",
                "value": "disk_encryption_key_raw"
              }
            ]
          ],
          "private": "eyJlMmJmYjczMC1lY2FhLTExZTYtOGY4OC0zNDM2M2JjN2M0YzAiOnsiY3JlYXRlIjoxMjAwMDAwMDAwMDAwLCJkZWxldGUiOjEyMDAwMDAwMDAwMDAsInVwZGF0ZSI6MTIwMDAwMDAwMDAwMH0sInNjaGVtYV92ZXJzaW9uIjoiNiJ9",
          "dependencies": [
            "google_compute_network.vpc_network",
            "google_compute_subnetwork.GCP_PUB"
          ]
        }
      ]
    },
    {
      "mode": "managed",
      "type": "google_compute_network",
      "name": "vpc_network",
      "provider": "provider[\"registry.terraform.io/hashicorp/google\"]",
      "instances": [
        {
          "schema_version": 0,
          "attributes": {
            "auto_create_subnetworks": false,
            "delete_default_routes_on_create": false,
            "description": "",
            "enable_ula_internal_ipv6": false,
            "gateway_ipv4": "",
            "id": "projects/deep-thought-440807-g3/global/networks/project-vpc",
            "internal_ipv6_range": "",
            "mtu": 0,
            "name": "project-vpc",
            "network_firewall_policy_enforcement_order": "AFTER_CLASSIC_FIREWALL",
            "numeric_id": "5600044651616894355",
            "project": "deep-thought-440807-g3",
            "routing_mode": "GLOBAL",
            "self_link": "https://www.googleapis.com/compute/v1/projects/deep-thought-440807-g3/global/networks/project-vpc",
            "timeouts": null
          },
          "sensitive_attributes": [],
          "private": "eyJlMmJmYjczMC1lY2FhLTExZTYtOGY4OC0zNDM2M2JjN2M0YzAiOnsiY3JlYXRlIjoxMjAwMDAwMDAwMDAwLCJkZWxldGUiOjEyMDAwMDAwMDAwMDAsInVwZGF0ZSI6MTIwMDAwMDAwMDAwMH19"
        }
      ]
    },
    {
      "mode": "managed",
      "type": "google_compute_router",
      "name": "router",
      "provider": "provider[\"registry.terraform.io/hashicorp/google\"]",
      "instances": [
        {
          "schema_version": 0,
          "attributes": {
            "bgp": [
              {
                "advertise_mode": "DEFAULT",
                "advertised_groups": [],
                "advertised_ip_ranges": [],
                "asn": 65000,
                "identifier_range": "",
                "keepalive_interval": 20
              }
            ],
            "creation_timestamp": "2024-12-15T03:54:48.692-08:00",
            "description": "",
            "encrypted_interconnect_router": false,
            "id": "projects/deep-thought-440807-g3/regions/asia-northeast3/routers/ha-vpn-router",
            "name": "ha-vpn-router",
            "network": "https://www.googleapis.com/compute/v1/projects/deep-thought-440807-g3/global/networks/project-vpc",
            "project": "deep-thought-440807-g3",
            "region": "asia-northeast3",
            "self_link": "https://www.googleapis.com/compute/v1/projects/deep-thought-440807-g3/regions/asia-northeast3/routers/ha-vpn-router",
            "timeouts": null
          },
          "sensitive_attributes": [],
          "private": "eyJlMmJmYjczMC1lY2FhLTExZTYtOGY4OC0zNDM2M2JjN2M0YzAiOnsiY3JlYXRlIjoxMjAwMDAwMDAwMDAwLCJkZWxldGUiOjEyMDAwMDAwMDAwMDAsInVwZGF0ZSI6MTIwMDAwMDAwMDAwMH19",
          "dependencies": [
            "google_compute_network.vpc_network"
          ]
        }
      ]
    },
    {
      "mode": "managed",
      "type": "google_compute_router_interface",
      "name": "router-interface1",
      "provider": "provider[\"registry.terraform.io/hashicorp/google\"]",
      "instances": [
        {
          "schema_version": 0,
          "attributes": {
            "id": "asia-northeast3/ha-vpn-router/router-interface1",
            "interconnect_attachment": "",
            "ip_range": "169.254.109.66/30",
            "ip_version": "IPV4",
            "name": "router-interface1",
            "private_ip_address": "",
            "project": "deep-thought-440807-g3",
            "redundant_interface": "",
            "region": "asia-northeast3",
            "router": "ha-vpn-router",
            "subnetwork": "",
            "timeouts": null,
            "vpn_tunnel": "https://www.googleapis.com/compute/v1/projects/deep-thought-440807-g3/regions/asia-northeast3/vpnTunnels/nat-vpn-tunnel1"
          },
          "sensitive_attributes": [],
          "private": "eyJlMmJmYjczMC1lY2FhLTExZTYtOGY4OC0zNDM2M2JjN2M0YzAiOnsiY3JlYXRlIjoyNDAwMDAwMDAwMDAsImRlbGV0ZSI6MjQwMDAwMDAwMDAwfX0=",
          "dependencies": [
            "aws_customer_gateway.CGW-FOR-GCP-0",
            "aws_customer_gateway.CGW-FOR-GCP-1",
            "aws_vpc.SEC-PRD-VPC",
            "aws_vpn_connection.AWS-GCP-VPN-0",
            "aws_vpn_connection.AWS-GCP-VPN-1",
            "aws_vpn_gateway.VGW-FOR-GCP",
            "google_compute_external_vpn_gateway.peer-gw",
            "google_compute_ha_vpn_gateway.ha-gateway",
            "google_compute_network.vpc_network",
            "google_compute_router.router",
            "google_compute_vpn_tunnel.tunnel1"
          ]
        }
      ]
    },
    {
      "mode": "managed",
      "type": "google_compute_router_interface",
      "name": "router-interface2",
      "provider": "provider[\"registry.terraform.io/hashicorp/google\"]",
      "instances": [
        {
          "schema_version": 0,
          "attributes": {
            "id": "asia-northeast3/ha-vpn-router/router-interface2",
            "interconnect_attachment": "",
            "ip_range": "169.254.225.6/30",
            "ip_version": "IPV4",
            "name": "router-interface2",
            "private_ip_address": "",
            "project": "deep-thought-440807-g3",
            "redundant_interface": "",
            "region": "asia-northeast3",
            "router": "ha-vpn-router",
            "subnetwork": "",
            "timeouts": null,
            "vpn_tunnel": "https://www.googleapis.com/compute/v1/projects/deep-thought-440807-g3/regions/asia-northeast3/vpnTunnels/ha-vpn-tunnel2"
          },
          "sensitive_attributes": [],
          "private": "eyJlMmJmYjczMC1lY2FhLTExZTYtOGY4OC0zNDM2M2JjN2M0YzAiOnsiY3JlYXRlIjoyNDAwMDAwMDAwMDAsImRlbGV0ZSI6MjQwMDAwMDAwMDAwfX0=",
          "dependencies": [
            "aws_customer_gateway.CGW-FOR-GCP-0",
            "aws_customer_gateway.CGW-FOR-GCP-1",
            "aws_vpc.SEC-PRD-VPC",
            "aws_vpn_connection.AWS-GCP-VPN-0",
            "aws_vpn_connection.AWS-GCP-VPN-1",
            "aws_vpn_gateway.VGW-FOR-GCP",
            "google_compute_external_vpn_gateway.peer-gw",
            "google_compute_ha_vpn_gateway.ha-gateway",
            "google_compute_network.vpc_network",
            "google_compute_router.router",
            "google_compute_vpn_tunnel.tunnel2"
          ]
        }
      ]
    },
    {
      "mode": "managed",
      "type": "google_compute_router_interface",
      "name": "router-interface3",
      "provider": "provider[\"registry.terraform.io/hashicorp/google\"]",
      "instances": [
        {
          "schema_version": 0,
          "attributes": {
            "id": "asia-northeast3/ha-vpn-router/route-interface3",
            "interconnect_attachment": "",
            "ip_range": "169.254.86.126/30",
            "ip_version": "IPV4",
            "name": "route-interface3",
            "private_ip_address": "",
            "project": "deep-thought-440807-g3",
            "redundant_interface": "",
            "region": "asia-northeast3",
            "router": "ha-vpn-router",
            "subnetwork": "",
            "timeouts": null,
            "vpn_tunnel": "https://www.googleapis.com/compute/v1/projects/deep-thought-440807-g3/regions/asia-northeast3/vpnTunnels/ha-vpn-tunnel3"
          },
          "sensitive_attributes": [],
          "private": "eyJlMmJmYjczMC1lY2FhLTExZTYtOGY4OC0zNDM2M2JjN2M0YzAiOnsiY3JlYXRlIjoyNDAwMDAwMDAwMDAsImRlbGV0ZSI6MjQwMDAwMDAwMDAwfX0=",
          "dependencies": [
            "aws_customer_gateway.CGW-FOR-GCP-0",
            "aws_customer_gateway.CGW-FOR-GCP-1",
            "aws_vpc.SEC-PRD-VPC",
            "aws_vpn_connection.AWS-GCP-VPN-0",
            "aws_vpn_connection.AWS-GCP-VPN-1",
            "aws_vpn_gateway.VGW-FOR-GCP",
            "google_compute_external_vpn_gateway.peer-gw",
            "google_compute_ha_vpn_gateway.ha-gateway",
            "google_compute_network.vpc_network",
            "google_compute_router.router",
            "google_compute_vpn_tunnel.tunnel3"
          ]
        }
      ]
    },
    {
      "mode": "managed",
      "type": "google_compute_router_interface",
      "name": "router-interface4",
      "provider": "provider[\"registry.terraform.io/hashicorp/google\"]",
      "instances": [
        {
          "schema_version": 0,
          "attributes": {
            "id": "asia-northeast3/ha-vpn-router/route-interface4",
            "interconnect_attachment": "",
            "ip_range": "169.254.120.102/30",
            "ip_version": "IPV4",
            "name": "route-interface4",
            "private_ip_address": "",
            "project": "deep-thought-440807-g3",
            "redundant_interface": "",
            "region": "asia-northeast3",
            "router": "ha-vpn-router",
            "subnetwork": "",
            "timeouts": null,
            "vpn_tunnel": "https://www.googleapis.com/compute/v1/projects/deep-thought-440807-g3/regions/asia-northeast3/vpnTunnels/ha-vpn-tunnel4"
          },
          "sensitive_attributes": [],
          "private": "eyJlMmJmYjczMC1lY2FhLTExZTYtOGY4OC0zNDM2M2JjN2M0YzAiOnsiY3JlYXRlIjoyNDAwMDAwMDAwMDAsImRlbGV0ZSI6MjQwMDAwMDAwMDAwfX0=",
          "dependencies": [
            "aws_customer_gateway.CGW-FOR-GCP-0",
            "aws_customer_gateway.CGW-FOR-GCP-1",
            "aws_vpc.SEC-PRD-VPC",
            "aws_vpn_connection.AWS-GCP-VPN-0",
            "aws_vpn_connection.AWS-GCP-VPN-1",
            "aws_vpn_gateway.VGW-FOR-GCP",
            "google_compute_external_vpn_gateway.peer-gw",
            "google_compute_ha_vpn_gateway.ha-gateway",
            "google_compute_network.vpc_network",
            "google_compute_router.router",
            "google_compute_vpn_tunnel.tunnel4"
          ]
        }
      ]
    },
    {
      "mode": "managed",
      "type": "google_compute_router_peer",
      "name": "route-peer1",
      "provider": "provider[\"registry.terraform.io/hashicorp/google\"]",
      "instances": [
        {
          "schema_version": 0,
          "attributes": {
            "advertise_mode": "DEFAULT",
            "advertised_groups": [],
            "advertised_ip_ranges": [],
            "advertised_route_priority": 0,
            "bfd": [
              {
                "min_receive_interval": 1000,
                "min_transmit_interval": 1000,
                "multiplier": 5,
                "session_initialization_mode": "DISABLED"
              }
            ],
            "custom_learned_ip_ranges": [],
            "custom_learned_route_priority": 0,
            "enable": true,
            "enable_ipv4": true,
            "enable_ipv6": false,
            "id": "projects/deep-thought-440807-g3/regions/asia-northeast3/routers/ha-vpn-router/route-peer1",
            "interface": "router-interface1",
            "ip_address": "169.254.109.66",
            "ipv4_nexthop_address": "",
            "ipv6_nexthop_address": "",
            "management_type": "",
            "md5_authentication_key": [],
            "name": "route-peer1",
            "peer_asn": 64512,
            "peer_ip_address": "169.254.109.65",
            "peer_ipv4_nexthop_address": "",
            "peer_ipv6_nexthop_address": "",
            "project": "deep-thought-440807-g3",
            "region": null,
            "router": "ha-vpn-router",
            "router_appliance_instance": "",
            "timeouts": null
          },
          "sensitive_attributes": [],
          "private": "eyJlMmJmYjczMC1lY2FhLTExZTYtOGY4OC0zNDM2M2JjN2M0YzAiOnsiY3JlYXRlIjoxMjAwMDAwMDAwMDAwLCJkZWxldGUiOjEyMDAwMDAwMDAwMDAsInVwZGF0ZSI6MTIwMDAwMDAwMDAwMH19",
          "dependencies": [
            "aws_customer_gateway.CGW-FOR-GCP-0",
            "aws_customer_gateway.CGW-FOR-GCP-1",
            "aws_vpc.SEC-PRD-VPC",
            "aws_vpn_connection.AWS-GCP-VPN-0",
            "aws_vpn_connection.AWS-GCP-VPN-1",
            "aws_vpn_gateway.VGW-FOR-GCP",
            "google_compute_external_vpn_gateway.peer-gw",
            "google_compute_ha_vpn_gateway.ha-gateway",
            "google_compute_network.vpc_network",
            "google_compute_router.router",
            "google_compute_router_interface.router-interface1",
            "google_compute_vpn_tunnel.tunnel1"
          ]
        }
      ]
    },
    {
      "mode": "managed",
      "type": "google_compute_router_peer",
      "name": "route-peer2",
      "provider": "provider[\"registry.terraform.io/hashicorp/google\"]",
      "instances": [
        {
          "schema_version": 0,
          "attributes": {
            "advertise_mode": "DEFAULT",
            "advertised_groups": [],
            "advertised_ip_ranges": [],
            "advertised_route_priority": 0,
            "bfd": [
              {
                "min_receive_interval": 1000,
                "min_transmit_interval": 1000,
                "multiplier": 5,
                "session_initialization_mode": "DISABLED"
              }
            ],
            "custom_learned_ip_ranges": [],
            "custom_learned_route_priority": 0,
            "enable": true,
            "enable_ipv4": true,
            "enable_ipv6": false,
            "id": "projects/deep-thought-440807-g3/regions/asia-northeast3/routers/ha-vpn-router/route-peer2",
            "interface": "router-interface2",
            "ip_address": "169.254.225.6",
            "ipv4_nexthop_address": "",
            "ipv6_nexthop_address": "",
            "management_type": "",
            "md5_authentication_key": [],
            "name": "route-peer2",
            "peer_asn": 64512,
            "peer_ip_address": "169.254.225.5",
            "peer_ipv4_nexthop_address": "",
            "peer_ipv6_nexthop_address": "",
            "project": "deep-thought-440807-g3",
            "region": null,
            "router": "ha-vpn-router",
            "router_appliance_instance": "",
            "timeouts": null
          },
          "sensitive_attributes": [],
          "private": "eyJlMmJmYjczMC1lY2FhLTExZTYtOGY4OC0zNDM2M2JjN2M0YzAiOnsiY3JlYXRlIjoxMjAwMDAwMDAwMDAwLCJkZWxldGUiOjEyMDAwMDAwMDAwMDAsInVwZGF0ZSI6MTIwMDAwMDAwMDAwMH19",
          "dependencies": [
            "aws_customer_gateway.CGW-FOR-GCP-0",
            "aws_customer_gateway.CGW-FOR-GCP-1",
            "aws_vpc.SEC-PRD-VPC",
            "aws_vpn_connection.AWS-GCP-VPN-0",
            "aws_vpn_connection.AWS-GCP-VPN-1",
            "aws_vpn_gateway.VGW-FOR-GCP",
            "google_compute_external_vpn_gateway.peer-gw",
            "google_compute_ha_vpn_gateway.ha-gateway",
            "google_compute_network.vpc_network",
            "google_compute_router.router",
            "google_compute_router_interface.router-interface2",
            "google_compute_vpn_tunnel.tunnel2"
          ]
        }
      ]
    },
    {
      "mode": "managed",
      "type": "google_compute_router_peer",
      "name": "route-peer3",
      "provider": "provider[\"registry.terraform.io/hashicorp/google\"]",
      "instances": [
        {
          "schema_version": 0,
          "attributes": {
            "advertise_mode": "DEFAULT",
            "advertised_groups": [],
            "advertised_ip_ranges": [],
            "advertised_route_priority": 0,
            "bfd": [
              {
                "min_receive_interval": 1000,
                "min_transmit_interval": 1000,
                "multiplier": 5,
                "session_initialization_mode": "DISABLED"
              }
            ],
            "custom_learned_ip_ranges": [],
            "custom_learned_route_priority": 0,
            "enable": true,
            "enable_ipv4": true,
            "enable_ipv6": false,
            "id": "projects/deep-thought-440807-g3/regions/asia-northeast3/routers/ha-vpn-router/route-peer3",
            "interface": "route-interface3",
            "ip_address": "169.254.86.126",
            "ipv4_nexthop_address": "",
            "ipv6_nexthop_address": "",
            "management_type": "",
            "md5_authentication_key": [],
            "name": "route-peer3",
            "peer_asn": 64512,
            "peer_ip_address": "169.254.86.125",
            "peer_ipv4_nexthop_address": "",
            "peer_ipv6_nexthop_address": "",
            "project": "deep-thought-440807-g3",
            "region": null,
            "router": "ha-vpn-router",
            "router_appliance_instance": "",
            "timeouts": null
          },
          "sensitive_attributes": [],
          "private": "eyJlMmJmYjczMC1lY2FhLTExZTYtOGY4OC0zNDM2M2JjN2M0YzAiOnsiY3JlYXRlIjoxMjAwMDAwMDAwMDAwLCJkZWxldGUiOjEyMDAwMDAwMDAwMDAsInVwZGF0ZSI6MTIwMDAwMDAwMDAwMH19",
          "dependencies": [
            "aws_customer_gateway.CGW-FOR-GCP-0",
            "aws_customer_gateway.CGW-FOR-GCP-1",
            "aws_vpc.SEC-PRD-VPC",
            "aws_vpn_connection.AWS-GCP-VPN-0",
            "aws_vpn_connection.AWS-GCP-VPN-1",
            "aws_vpn_gateway.VGW-FOR-GCP",
            "google_compute_external_vpn_gateway.peer-gw",
            "google_compute_ha_vpn_gateway.ha-gateway",
            "google_compute_network.vpc_network",
            "google_compute_router.router",
            "google_compute_router_interface.router-interface3",
            "google_compute_vpn_tunnel.tunnel3"
          ]
        }
      ]
    },
    {
      "mode": "managed",
      "type": "google_compute_router_peer",
      "name": "route-peer4",
      "provider": "provider[\"registry.terraform.io/hashicorp/google\"]",
      "instances": [
        {
          "schema_version": 0,
          "attributes": {
            "advertise_mode": "DEFAULT",
            "advertised_groups": [],
            "advertised_ip_ranges": [],
            "advertised_route_priority": 0,
            "bfd": [
              {
                "min_receive_interval": 1000,
                "min_transmit_interval": 1000,
                "multiplier": 5,
                "session_initialization_mode": "DISABLED"
              }
            ],
            "custom_learned_ip_ranges": [],
            "custom_learned_route_priority": 0,
            "enable": true,
            "enable_ipv4": true,
            "enable_ipv6": false,
            "id": "projects/deep-thought-440807-g3/regions/asia-northeast3/routers/ha-vpn-router/route-peer4",
            "interface": "route-interface4",
            "ip_address": "169.254.120.102",
            "ipv4_nexthop_address": "",
            "ipv6_nexthop_address": "",
            "management_type": "",
            "md5_authentication_key": [],
            "name": "route-peer4",
            "peer_asn": 64512,
            "peer_ip_address": "169.254.120.101",
            "peer_ipv4_nexthop_address": "",
            "peer_ipv6_nexthop_address": "",
            "project": "deep-thought-440807-g3",
            "region": null,
            "router": "ha-vpn-router",
            "router_appliance_instance": "",
            "timeouts": null
          },
          "sensitive_attributes": [],
          "private": "eyJlMmJmYjczMC1lY2FhLTExZTYtOGY4OC0zNDM2M2JjN2M0YzAiOnsiY3JlYXRlIjoxMjAwMDAwMDAwMDAwLCJkZWxldGUiOjEyMDAwMDAwMDAwMDAsInVwZGF0ZSI6MTIwMDAwMDAwMDAwMH19",
          "dependencies": [
            "aws_customer_gateway.CGW-FOR-GCP-0",
            "aws_customer_gateway.CGW-FOR-GCP-1",
            "aws_vpc.SEC-PRD-VPC",
            "aws_vpn_connection.AWS-GCP-VPN-0",
            "aws_vpn_connection.AWS-GCP-VPN-1",
            "aws_vpn_gateway.VGW-FOR-GCP",
            "google_compute_external_vpn_gateway.peer-gw",
            "google_compute_ha_vpn_gateway.ha-gateway",
            "google_compute_network.vpc_network",
            "google_compute_router.router",
            "google_compute_router_interface.router-interface4",
            "google_compute_vpn_tunnel.tunnel4"
          ]
        }
      ]
    },
    {
      "mode": "managed",
      "type": "google_compute_subnetwork",
      "name": "GCP_PRI_A",
      "provider": "provider[\"registry.terraform.io/hashicorp/google\"]",
      "instances": [
        {
          "schema_version": 0,
          "attributes": {
            "creation_timestamp": "2024-12-15T03:54:49.656-08:00",
            "description": "",
            "external_ipv6_prefix": "",
            "fingerprint": null,
            "gateway_address": "10.0.80.1",
            "id": "projects/deep-thought-440807-g3/regions/asia-northeast3/subnetworks/gcp-pri-a",
            "internal_ipv6_prefix": "",
            "ip_cidr_range": "10.0.80.0/21",
            "ipv6_access_type": "",
            "ipv6_cidr_range": "",
            "log_config": [],
            "name": "gcp-pri-a",
            "network": "https://www.googleapis.com/compute/v1/projects/deep-thought-440807-g3/global/networks/project-vpc",
            "private_ip_google_access": true,
            "private_ipv6_google_access": "DISABLE_GOOGLE_ACCESS",
            "project": "deep-thought-440807-g3",
            "purpose": "PRIVATE",
            "region": "asia-northeast3",
            "reserved_internal_range": "",
            "role": "",
            "secondary_ip_range": [
              {
                "ip_cidr_range": "10.0.120.0/22",
                "range_name": "pri-a-nginxweb-pods",
                "reserved_internal_range": ""
              },
              {
                "ip_cidr_range": "10.0.140.0/22",
                "range_name": "pri-a-nginxweb-services",
                "reserved_internal_range": ""
              }
            ],
            "self_link": "https://www.googleapis.com/compute/v1/projects/deep-thought-440807-g3/regions/asia-northeast3/subnetworks/gcp-pri-a",
            "send_secondary_ip_range_if_empty": null,
            "stack_type": "IPV4_ONLY",
            "subnetwork_id": 1529191450656603494,
            "timeouts": null
          },
          "sensitive_attributes": [],
          "private": "eyJlMmJmYjczMC1lY2FhLTExZTYtOGY4OC0zNDM2M2JjN2M0YzAiOnsiY3JlYXRlIjoxMjAwMDAwMDAwMDAwLCJkZWxldGUiOjEyMDAwMDAwMDAwMDAsInVwZGF0ZSI6MTIwMDAwMDAwMDAwMH19",
          "dependencies": [
            "google_compute_network.vpc_network"
          ]
        }
      ]
    },
    {
      "mode": "managed",
      "type": "google_compute_subnetwork",
      "name": "GCP_PRI_C",
      "provider": "provider[\"registry.terraform.io/hashicorp/google\"]",
      "instances": [
        {
          "schema_version": 0,
          "attributes": {
            "creation_timestamp": "2024-12-15T03:54:49.539-08:00",
            "description": "",
            "external_ipv6_prefix": "",
            "fingerprint": null,
            "gateway_address": "10.0.90.1",
            "id": "projects/deep-thought-440807-g3/regions/asia-northeast3/subnetworks/gcp-pri-c",
            "internal_ipv6_prefix": "",
            "ip_cidr_range": "10.0.90.0/24",
            "ipv6_access_type": "",
            "ipv6_cidr_range": "",
            "log_config": [],
            "name": "gcp-pri-c",
            "network": "https://www.googleapis.com/compute/v1/projects/deep-thought-440807-g3/global/networks/project-vpc",
            "private_ip_google_access": true,
            "private_ipv6_google_access": "DISABLE_GOOGLE_ACCESS",
            "project": "deep-thought-440807-g3",
            "purpose": "PRIVATE",
            "region": "asia-northeast3",
            "reserved_internal_range": "",
            "role": "",
            "secondary_ip_range": [
              {
                "ip_cidr_range": "10.0.92.0/22",
                "range_name": "pri-c-nginxweb-pods",
                "reserved_internal_range": ""
              },
              {
                "ip_cidr_range": "10.0.96.0/24",
                "range_name": "pri-c-nginxweb-services",
                "reserved_internal_range": ""
              }
            ],
            "self_link": "https://www.googleapis.com/compute/v1/projects/deep-thought-440807-g3/regions/asia-northeast3/subnetworks/gcp-pri-c",
            "send_secondary_ip_range_if_empty": null,
            "stack_type": "IPV4_ONLY",
            "subnetwork_id": 8827281832290778470,
            "timeouts": null
          },
          "sensitive_attributes": [],
          "private": "eyJlMmJmYjczMC1lY2FhLTExZTYtOGY4OC0zNDM2M2JjN2M0YzAiOnsiY3JlYXRlIjoxMjAwMDAwMDAwMDAwLCJkZWxldGUiOjEyMDAwMDAwMDAwMDAsInVwZGF0ZSI6MTIwMDAwMDAwMDAwMH19",
          "dependencies": [
            "google_compute_network.vpc_network"
          ]
        }
      ]
    },
    {
      "mode": "managed",
      "type": "google_compute_subnetwork",
      "name": "GCP_PUB",
      "provider": "provider[\"registry.terraform.io/hashicorp/google\"]",
      "instances": [
        {
          "schema_version": 0,
          "attributes": {
            "creation_timestamp": "2024-12-15T03:54:49.809-08:00",
            "description": "",
            "external_ipv6_prefix": "",
            "fingerprint": null,
            "gateway_address": "10.0.70.1",
            "id": "projects/deep-thought-440807-g3/regions/asia-northeast3/subnetworks/gcp-pub",
            "internal_ipv6_prefix": "",
            "ip_cidr_range": "10.0.70.0/24",
            "ipv6_access_type": "",
            "ipv6_cidr_range": "",
            "log_config": [],
            "name": "gcp-pub",
            "network": "https://www.googleapis.com/compute/v1/projects/deep-thought-440807-g3/global/networks/project-vpc",
            "private_ip_google_access": true,
            "private_ipv6_google_access": "DISABLE_GOOGLE_ACCESS",
            "project": "deep-thought-440807-g3",
            "purpose": "PRIVATE",
            "region": "asia-northeast3",
            "reserved_internal_range": "",
            "role": "",
            "secondary_ip_range": [
              {
                "ip_cidr_range": "10.0.72.0/22",
                "range_name": "pub-nginxweb-pods",
                "reserved_internal_range": ""
              },
              {
                "ip_cidr_range": "10.0.76.0/24",
                "range_name": "pub-nginxweb-services",
                "reserved_internal_range": ""
              }
            ],
            "self_link": "https://www.googleapis.com/compute/v1/projects/deep-thought-440807-g3/regions/asia-northeast3/subnetworks/gcp-pub",
            "send_secondary_ip_range_if_empty": null,
            "stack_type": "IPV4_ONLY",
            "subnetwork_id": 3447487165476601190,
            "timeouts": null
          },
          "sensitive_attributes": [],
          "private": "eyJlMmJmYjczMC1lY2FhLTExZTYtOGY4OC0zNDM2M2JjN2M0YzAiOnsiY3JlYXRlIjoxMjAwMDAwMDAwMDAwLCJkZWxldGUiOjEyMDAwMDAwMDAwMDAsInVwZGF0ZSI6MTIwMDAwMDAwMDAwMH19",
          "dependencies": [
            "google_compute_network.vpc_network"
          ]
        }
      ]
    },
    {
      "mode": "managed",
      "type": "google_compute_vpn_tunnel",
      "name": "tunnel1",
      "provider": "provider[\"registry.terraform.io/hashicorp/google\"]",
      "instances": [
        {
          "schema_version": 0,
          "attributes": {
            "creation_timestamp": "2024-12-15T03:58:49.424-08:00",
            "description": "",
            "detailed_status": "Tunnel is up and running.",
            "effective_labels": {
              "goog-terraform-provisioned": "true"
            },
            "id": "projects/deep-thought-440807-g3/regions/asia-northeast3/vpnTunnels/nat-vpn-tunnel1",
            "ike_version": 2,
            "label_fingerprint": "vezUS-42LLM=",
            "labels": {},
            "local_traffic_selector": [
              "0.0.0.0/0"
            ],
            "name": "nat-vpn-tunnel1",
            "peer_external_gateway": "https://www.googleapis.com/compute/v1/projects/deep-thought-440807-g3/global/externalVpnGateways/peer-gw",
            "peer_external_gateway_interface": 0,
            "peer_gcp_gateway": "",
            "peer_ip": "13.209.180.14",
            "project": "deep-thought-440807-g3",
            "region": "asia-northeast3",
            "remote_traffic_selector": [
              "0.0.0.0/0"
            ],
            "router": "https://www.googleapis.com/compute/v1/projects/deep-thought-440807-g3/regions/asia-northeast3/routers/ha-vpn-router",
            "self_link": "https://www.googleapis.com/compute/v1/projects/deep-thought-440807-g3/regions/asia-northeast3/vpnTunnels/nat-vpn-tunnel1",
            "shared_secret": "CcrcUwZ755SuvfPrewXk1qug.SklpKhc",
            "shared_secret_hash": "QITAs86GF11KqMnSU9FdFt0XdowD",
            "target_vpn_gateway": "",
            "terraform_labels": {
              "goog-terraform-provisioned": "true"
            },
            "timeouts": null,
            "tunnel_id": "887119691312757398",
            "vpn_gateway": "https://www.googleapis.com/compute/v1/projects/deep-thought-440807-g3/regions/asia-northeast3/vpnGateways/ha-vpn",
            "vpn_gateway_interface": 0
          },
          "sensitive_attributes": [
            [
              {
                "type": "get_attr",
                "value": "shared_secret"
              }
            ]
          ],
          "private": "eyJlMmJmYjczMC1lY2FhLTExZTYtOGY4OC0zNDM2M2JjN2M0YzAiOnsiY3JlYXRlIjoxMjAwMDAwMDAwMDAwLCJkZWxldGUiOjEyMDAwMDAwMDAwMDAsInVwZGF0ZSI6MTIwMDAwMDAwMDAwMH19",
          "dependencies": [
            "aws_customer_gateway.CGW-FOR-GCP-0",
            "aws_customer_gateway.CGW-FOR-GCP-1",
            "aws_vpc.SEC-PRD-VPC",
            "aws_vpn_connection.AWS-GCP-VPN-0",
            "aws_vpn_connection.AWS-GCP-VPN-1",
            "aws_vpn_gateway.VGW-FOR-GCP",
            "google_compute_external_vpn_gateway.peer-gw",
            "google_compute_ha_vpn_gateway.ha-gateway",
            "google_compute_network.vpc_network",
            "google_compute_router.router"
          ]
        }
      ]
    },
    {
      "mode": "managed",
      "type": "google_compute_vpn_tunnel",
      "name": "tunnel2",
      "provider": "provider[\"registry.terraform.io/hashicorp/google\"]",
      "instances": [
        {
          "schema_version": 0,
          "attributes": {
            "creation_timestamp": "2024-12-15T03:58:49.424-08:00",
            "description": "",
            "detailed_status": "Tunnel is up and running.",
            "effective_labels": {
              "goog-terraform-provisioned": "true"
            },
            "id": "projects/deep-thought-440807-g3/regions/asia-northeast3/vpnTunnels/ha-vpn-tunnel2",
            "ike_version": 2,
            "label_fingerprint": "vezUS-42LLM=",
            "labels": {},
            "local_traffic_selector": [
              "0.0.0.0/0"
            ],
            "name": "ha-vpn-tunnel2",
            "peer_external_gateway": "https://www.googleapis.com/compute/v1/projects/deep-thought-440807-g3/global/externalVpnGateways/peer-gw",
            "peer_external_gateway_interface": 1,
            "peer_gcp_gateway": "",
            "peer_ip": "43.201.119.87",
            "project": "deep-thought-440807-g3",
            "region": "asia-northeast3",
            "remote_traffic_selector": [
              "0.0.0.0/0"
            ],
            "router": "https://www.googleapis.com/compute/v1/projects/deep-thought-440807-g3/regions/asia-northeast3/routers/ha-vpn-router",
            "self_link": "https://www.googleapis.com/compute/v1/projects/deep-thought-440807-g3/regions/asia-northeast3/vpnTunnels/ha-vpn-tunnel2",
            "shared_secret": "2zR3Jaaa1OyD0DKNysXV48suevCdk02X",
            "shared_secret_hash": "JRMG9e67HuChm8H3pwYmWcFnQVnD",
            "target_vpn_gateway": "",
            "terraform_labels": {
              "goog-terraform-provisioned": "true"
            },
            "timeouts": null,
            "tunnel_id": "789871267975232150",
            "vpn_gateway": "https://www.googleapis.com/compute/v1/projects/deep-thought-440807-g3/regions/asia-northeast3/vpnGateways/ha-vpn",
            "vpn_gateway_interface": 0
          },
          "sensitive_attributes": [
            [
              {
                "type": "get_attr",
                "value": "shared_secret"
              }
            ]
          ],
          "private": "eyJlMmJmYjczMC1lY2FhLTExZTYtOGY4OC0zNDM2M2JjN2M0YzAiOnsiY3JlYXRlIjoxMjAwMDAwMDAwMDAwLCJkZWxldGUiOjEyMDAwMDAwMDAwMDAsInVwZGF0ZSI6MTIwMDAwMDAwMDAwMH19",
          "dependencies": [
            "aws_customer_gateway.CGW-FOR-GCP-0",
            "aws_customer_gateway.CGW-FOR-GCP-1",
            "aws_vpc.SEC-PRD-VPC",
            "aws_vpn_connection.AWS-GCP-VPN-0",
            "aws_vpn_connection.AWS-GCP-VPN-1",
            "aws_vpn_gateway.VGW-FOR-GCP",
            "google_compute_external_vpn_gateway.peer-gw",
            "google_compute_ha_vpn_gateway.ha-gateway",
            "google_compute_network.vpc_network",
            "google_compute_router.router"
          ]
        }
      ]
    },
    {
      "mode": "managed",
      "type": "google_compute_vpn_tunnel",
      "name": "tunnel3",
      "provider": "provider[\"registry.terraform.io/hashicorp/google\"]",
      "instances": [
        {
          "schema_version": 0,
          "attributes": {
            "creation_timestamp": "2024-12-15T03:58:49.412-08:00",
            "description": "",
            "detailed_status": "Tunnel is up and running.",
            "effective_labels": {
              "goog-terraform-provisioned": "true"
            },
            "id": "projects/deep-thought-440807-g3/regions/asia-northeast3/vpnTunnels/ha-vpn-tunnel3",
            "ike_version": 2,
            "label_fingerprint": "vezUS-42LLM=",
            "labels": {},
            "local_traffic_selector": [
              "0.0.0.0/0"
            ],
            "name": "ha-vpn-tunnel3",
            "peer_external_gateway": "https://www.googleapis.com/compute/v1/projects/deep-thought-440807-g3/global/externalVpnGateways/peer-gw",
            "peer_external_gateway_interface": 2,
            "peer_gcp_gateway": "",
            "peer_ip": "43.201.221.176",
            "project": "deep-thought-440807-g3",
            "region": "asia-northeast3",
            "remote_traffic_selector": [
              "0.0.0.0/0"
            ],
            "router": "https://www.googleapis.com/compute/v1/projects/deep-thought-440807-g3/regions/asia-northeast3/routers/ha-vpn-router",
            "self_link": "https://www.googleapis.com/compute/v1/projects/deep-thought-440807-g3/regions/asia-northeast3/vpnTunnels/ha-vpn-tunnel3",
            "shared_secret": "fxhKon_c5csu4nLZF8DvA0wHy260Kpto",
            "shared_secret_hash": "AJcpEGWwiRQW4cnnuEVNt4nvc7Ey",
            "target_vpn_gateway": "",
            "terraform_labels": {
              "goog-terraform-provisioned": "true"
            },
            "timeouts": null,
            "tunnel_id": "1103116830738971286",
            "vpn_gateway": "https://www.googleapis.com/compute/v1/projects/deep-thought-440807-g3/regions/asia-northeast3/vpnGateways/ha-vpn",
            "vpn_gateway_interface": 1
          },
          "sensitive_attributes": [
            [
              {
                "type": "get_attr",
                "value": "shared_secret"
              }
            ]
          ],
          "private": "eyJlMmJmYjczMC1lY2FhLTExZTYtOGY4OC0zNDM2M2JjN2M0YzAiOnsiY3JlYXRlIjoxMjAwMDAwMDAwMDAwLCJkZWxldGUiOjEyMDAwMDAwMDAwMDAsInVwZGF0ZSI6MTIwMDAwMDAwMDAwMH19",
          "dependencies": [
            "aws_customer_gateway.CGW-FOR-GCP-0",
            "aws_customer_gateway.CGW-FOR-GCP-1",
            "aws_vpc.SEC-PRD-VPC",
            "aws_vpn_connection.AWS-GCP-VPN-0",
            "aws_vpn_connection.AWS-GCP-VPN-1",
            "aws_vpn_gateway.VGW-FOR-GCP",
            "google_compute_external_vpn_gateway.peer-gw",
            "google_compute_ha_vpn_gateway.ha-gateway",
            "google_compute_network.vpc_network",
            "google_compute_router.router"
          ]
        }
      ]
    },
    {
      "mode": "managed",
      "type": "google_compute_vpn_tunnel",
      "name": "tunnel4",
      "provider": "provider[\"registry.terraform.io/hashicorp/google\"]",
      "instances": [
        {
          "schema_version": 0,
          "attributes": {
            "creation_timestamp": "2024-12-15T03:58:49.373-08:00",
            "description": "",
            "detailed_status": "Tunnel is up and running.",
            "effective_labels": {
              "goog-terraform-provisioned": "true"
            },
            "id": "projects/deep-thought-440807-g3/regions/asia-northeast3/vpnTunnels/ha-vpn-tunnel4",
            "ike_version": 2,
            "label_fingerprint": "vezUS-42LLM=",
            "labels": {},
            "local_traffic_selector": [
              "0.0.0.0/0"
            ],
            "name": "ha-vpn-tunnel4",
            "peer_external_gateway": "https://www.googleapis.com/compute/v1/projects/deep-thought-440807-g3/global/externalVpnGateways/peer-gw",
            "peer_external_gateway_interface": 3,
            "peer_gcp_gateway": "",
            "peer_ip": "43.203.16.135",
            "project": "deep-thought-440807-g3",
            "region": "asia-northeast3",
            "remote_traffic_selector": [
              "0.0.0.0/0"
            ],
            "router": "https://www.googleapis.com/compute/v1/projects/deep-thought-440807-g3/regions/asia-northeast3/routers/ha-vpn-router",
            "self_link": "https://www.googleapis.com/compute/v1/projects/deep-thought-440807-g3/regions/asia-northeast3/vpnTunnels/ha-vpn-tunnel4",
            "shared_secret": "8aQyVkeMTVilnJ86B3PUEdZw6VKxxmzg",
            "shared_secret_hash": "m4zmujaAkR9K7LT6qfxxL2QXLbzm",
            "target_vpn_gateway": "",
            "terraform_labels": {
              "goog-terraform-provisioned": "true"
            },
            "timeouts": null,
            "tunnel_id": "1431988145950522006",
            "vpn_gateway": "https://www.googleapis.com/compute/v1/projects/deep-thought-440807-g3/regions/asia-northeast3/vpnGateways/ha-vpn",
            "vpn_gateway_interface": 1
          },
          "sensitive_attributes": [
            [
              {
                "type": "get_attr",
                "value": "shared_secret"
              }
            ]
          ],
          "private": "eyJlMmJmYjczMC1lY2FhLTExZTYtOGY4OC0zNDM2M2JjN2M0YzAiOnsiY3JlYXRlIjoxMjAwMDAwMDAwMDAwLCJkZWxldGUiOjEyMDAwMDAwMDAwMDAsInVwZGF0ZSI6MTIwMDAwMDAwMDAwMH19",
          "dependencies": [
            "aws_customer_gateway.CGW-FOR-GCP-0",
            "aws_customer_gateway.CGW-FOR-GCP-1",
            "aws_vpc.SEC-PRD-VPC",
            "aws_vpn_connection.AWS-GCP-VPN-0",
            "aws_vpn_connection.AWS-GCP-VPN-1",
            "aws_vpn_gateway.VGW-FOR-GCP",
            "google_compute_external_vpn_gateway.peer-gw",
            "google_compute_ha_vpn_gateway.ha-gateway",
            "google_compute_network.vpc_network",
            "google_compute_router.router"
          ]
        }
      ]
    },
    {
      "mode": "managed",
      "type": "google_container_cluster",
      "name": "nginxweb_cluster",
      "provider": "provider[\"registry.terraform.io/hashicorp/google\"]",
      "instances": [
        {
          "schema_version": 2,
          "attributes": {
            "addons_config": [
              {
                "cloudrun_config": [],
                "config_connector_config": [],
                "dns_cache_config": [],
                "gce_persistent_disk_csi_driver_config": [
                  {
                    "enabled": true
                  }
                ],
                "gcp_filestore_csi_driver_config": [],
                "gcs_fuse_csi_driver_config": [],
                "gke_backup_agent_config": [],
                "horizontal_pod_autoscaling": [],
                "http_load_balancing": [],
                "network_policy_config": [
                  {
                    "disabled": true
                  }
                ],
                "parallelstore_csi_driver_config": [],
                "ray_operator_config": [],
                "stateful_ha_config": []
              }
            ],
            "allow_net_admin": null,
            "authenticator_groups_config": [],
            "binary_authorization": [
              {
                "enabled": false,
                "evaluation_mode": ""
              }
            ],
            "cluster_autoscaling": [
              {
                "auto_provisioning_defaults": [],
                "auto_provisioning_locations": [],
                "autoscaling_profile": "BALANCED",
                "enabled": false,
                "resource_limits": []
              }
            ],
            "cluster_ipv4_cidr": "10.0.120.0/22",
            "confidential_nodes": [],
            "control_plane_endpoints_config": [
              {
                "dns_endpoint_config": [
                  {
                    "allow_external_traffic": false,
                    "endpoint": "gke-52f69a9ffa90483b88f7bad0f5a5ae76069a-635009463326.asia-northeast3.gke.goog"
                  }
                ]
              }
            ],
            "cost_management_config": [],
            "database_encryption": [
              {
                "key_name": "",
                "state": "DECRYPTED"
              }
            ],
            "datapath_provider": "",
            "default_max_pods_per_node": 110,
            "default_snat_status": [
              {
                "disabled": false
              }
            ],
            "deletion_protection": false,
            "description": "",
            "dns_config": [],
            "effective_labels": {
              "goog-terraform-provisioned": "true"
            },
            "enable_autopilot": false,
            "enable_cilium_clusterwide_network_policy": false,
            "enable_intranode_visibility": false,
            "enable_k8s_beta_apis": [],
            "enable_kubernetes_alpha": false,
            "enable_l4_ilb_subsetting": false,
            "enable_legacy_abac": false,
            "enable_multi_networking": false,
            "enable_shielded_nodes": true,
            "enable_tpu": false,
            "endpoint": "34.22.96.148",
            "enterprise_config": [
              {
                "cluster_tier": "STANDARD",
                "desired_tier": ""
              }
            ],
            "fleet": [],
            "gateway_api_config": [],
            "id": "projects/deep-thought-440807-g3/locations/asia-northeast3/clusters/nginxweb",
            "identity_service_config": [],
            "initial_node_count": 1,
            "ip_allocation_policy": [
              {
                "additional_pod_ranges_config": [],
                "cluster_ipv4_cidr_block": "10.0.120.0/22",
                "cluster_secondary_range_name": "pri-a-nginxweb-pods",
                "pod_cidr_overprovision_config": [
                  {
                    "disabled": false
                  }
                ],
                "services_ipv4_cidr_block": "10.0.140.0/22",
                "services_secondary_range_name": "pri-a-nginxweb-services",
                "stack_type": "IPV4"
              }
            ],
            "label_fingerprint": "78cdf2f6",
            "location": "asia-northeast3",
            "logging_config": [
              {
                "enable_components": [
                  "SYSTEM_COMPONENTS",
                  "WORKLOADS"
                ]
              }
            ],
            "logging_service": "logging.googleapis.com/kubernetes",
            "maintenance_policy": [],
            "master_auth": [
              {
                "client_certificate": "",
                "client_certificate_config": [
                  {
                    "issue_client_certificate": false
                  }
                ],
                "client_key": "",
                "cluster_ca_certificate": "LS0tLS1CRUdJTiBDRVJUSUZJQ0FURS0tLS0tCk1JSUVMVENDQXBXZ0F3SUJBZ0lSQUlxMmJnNzZtcXR2MWFYUEJOUDk3Rmd3RFFZSktvWklodmNOQVFFTEJRQXcKTHpFdE1Dc0dBMVVFQXhNa05tVmlaVFJpTVRRdE4yVTVZaTAwWXpjNExXSTJObUl0TURVNE5UTXdOakEwTm1KagpNQ0FYRFRJME1USXhOVEV6TkRjek5sb1lEekl3TlRReE1qQTRNVFEwTnpNMldqQXZNUzB3S3dZRFZRUURFeVEyClpXSmxOR0l4TkMwM1pUbGlMVFJqTnpndFlqWTJZaTB3TlRnMU16QTJNRFEyWW1Nd2dnR2lNQTBHQ1NxR1NJYjMKRFFFQkFRVUFBNElCandBd2dnR0tBb0lCZ1FEakFnMUxnSXBRck5TMHAxMlpVeDNwZXpQbTkzV0ZKUDlVTGlLagpocnN4M1FrZHZOWU5SbzQzOUhpSUZpZERBcjZYbGR5SVk2NVZpTXRCem8ySWRTNDFQZDdzajR0Q2F4S0tsYlZsCkpPdEFEa2w4ZXlCb0dZTTRta2dOajdzOUJ5ZFJERm5jNzN3OHdyMlZSb2haNWczQjhoK3FZOS95MU04aW9zR1EKYS9ndExZNUtPRlpPTGpvSXlwU2YxdHRjOVZ5Z1RnQVROMzhRWjc5MkFRK1lxT3o2d1VZRENjQWRrMnIrck9hegpwREMxcGdNV1ZTRFFoSllJUUU4aXF5VmZXVTJQWFlPb3BDbVJQYW1vdEVRMFl0aVZGa20reWhkUktjSXQ4N3N5Cm1zcGVwVlF2dXA4eDYzZlhCbmFQOGJWU01pOE0ycFhHN1pEbWdYeU1LZ21JMEdOa0trdDRQTGd0emM5VXRUbjYKbWtrcHhFVUg3aWVYWHZuS1lrdkNVQ250NmpDL2FZRGlkNFZJMjJ1eG1mMG5CbHp2WE4vcVdkVGpsb3lSK2hqSApyM2hlT0VNUmExVzc1R1Boand2L09XWDhBT0ZQTFhhczMvOFdxcW1ZVDVvZ0F2djFYaFVwanR5NVBDR1pEcjlGCk53T3c4QzJpTi9OV3ZKODlCalBoZXQ5RmRRVUNBd0VBQWFOQ01FQXdEZ1lEVlIwUEFRSC9CQVFEQWdJRU1BOEcKQTFVZEV3RUIvd1FGTUFNQkFmOHdIUVlEVlIwT0JCWUVGTGlpZnRMRlQ5UkRpNnRnTGx5WE42WGVMZnJZTUEwRwpDU3FHU0liM0RRRUJDd1VBQTRJQmdRQnhXQ1VpbGJ5ODdKdUFIcUxCQW9xT1dLUGdNUUdjaEhjUXJTUGp6WHlaCmcxOGY1OFR4eGVjeUxYNERzOHV5dm1pL3F2ZFZrQUJCL1lSNUVJUDFBUEJ2M3JreDVtRXhNYy8vNllna01iZFYKQW04dmI1ejR0c3dBQjBtUFVGNzE4MitTT0h1VndPNG05UzdQWmovWGJpODR4T1hjcUloeGNUVGQzOFpWUC9sUQoyZjVhSnAyU2M2VVQ5M3FkRzNmaHhQNDNBL01iU1dYWGRSQ3NHVHM2Y2VIRVU4VUo1dk43YmVtdFByaVRBSmdSCkQwSkdKallEY2ZnUkJrbU1Zdzkzd3l1ZU5JaE9CYndPeHRKM3c0R2VwdWkyb05RbW9tM0JIMFhDcW04cC8yYTgKMFZRWjkyNWoxTGxiMmtXblNzTTNwdGUveWV6ZFE5Y2oxZ29qQkhPOVN0bUl6NlZEZk84MHI1MlJ4UFdvT3E3QQovNm9wN3dPVmxybjFwRTRzYjRnZE5YQS9DZzNFZEdMeW5yNW50SDNabnR5VFlCQWVSaDZQR0JTN3ZXU1J0U3RXCjNtaG8zRFQwcjFHWU5adStLK0orUGFQa0ZnU3B6YXFrdE9BQUFkcGR5eFJuUWE5VzZmbEFwMGRDZlcraXhsejQKNHp6SXZPOHlUZnc2NldMbUpieW5hb2s9Ci0tLS0tRU5EIENFUlRJRklDQVRFLS0tLS0K"
              }
            ],
            "master_authorized_networks_config": [
              {
                "cidr_blocks": [
                  {
                    "cidr_block": "0.0.0.0/0",
                    "display_name": "Allow all IPs"
                  }
                ],
                "gcp_public_cidrs_access_enabled": false,
                "private_endpoint_enforcement_enabled": true
              }
            ],
            "master_version": "1.30.6-gke.1125000",
            "mesh_certificates": [],
            "min_master_version": null,
            "monitoring_config": [
              {
                "advanced_datapath_observability_config": [
                  {
                    "enable_metrics": false,
                    "enable_relay": false
                  }
                ],
                "enable_components": [
                  "SYSTEM_COMPONENTS",
                  "DEPLOYMENT",
                  "STATEFULSET",
                  "STORAGE",
                  "HPA",
                  "POD",
                  "DAEMONSET",
                  "CADVISOR",
                  "KUBELET"
                ],
                "managed_prometheus": [
                  {
                    "enabled": true
                  }
                ]
              }
            ],
            "monitoring_service": "monitoring.googleapis.com/kubernetes",
            "name": "nginxweb",
            "network": "projects/deep-thought-440807-g3/global/networks/project-vpc",
            "network_policy": [
              {
                "enabled": false,
                "provider": "PROVIDER_UNSPECIFIED"
              }
            ],
            "networking_mode": "VPC_NATIVE",
            "node_config": [
              {
                "advanced_machine_features": [],
                "boot_disk_kms_key": "",
                "confidential_nodes": [],
                "containerd_config": [],
                "disk_size_gb": 100,
                "disk_type": "pd-balanced",
                "effective_taints": [],
                "enable_confidential_storage": false,
                "ephemeral_storage_local_ssd_config": [],
                "fast_socket": [],
                "gcfs_config": [],
                "guest_accelerator": [],
                "gvnic": [],
                "host_maintenance_policy": [],
                "image_type": "COS_CONTAINERD",
                "kubelet_config": [
                  {
                    "cpu_cfs_quota": false,
                    "cpu_cfs_quota_period": "",
                    "cpu_manager_policy": "",
                    "insecure_kubelet_readonly_port_enabled": "TRUE",
                    "pod_pids_limit": 0
                  }
                ],
                "labels": {},
                "linux_node_config": [],
                "local_nvme_ssd_block_config": [],
                "local_ssd_count": 0,
                "local_ssd_encryption_mode": "",
                "logging_variant": "DEFAULT",
                "machine_type": "e2-medium",
                "metadata": {
                  "disable-legacy-endpoints": "true"
                },
                "min_cpu_platform": "",
                "node_group": "",
                "oauth_scopes": [
                  "https://www.googleapis.com/auth/devstorage.read_only",
                  "https://www.googleapis.com/auth/logging.write",
                  "https://www.googleapis.com/auth/monitoring",
                  "https://www.googleapis.com/auth/service.management.readonly",
                  "https://www.googleapis.com/auth/servicecontrol",
                  "https://www.googleapis.com/auth/trace.append"
                ],
                "preemptible": false,
                "reservation_affinity": [],
                "resource_labels": {},
                "resource_manager_tags": {},
                "secondary_boot_disks": [],
                "service_account": "default",
                "shielded_instance_config": [
                  {
                    "enable_integrity_monitoring": true,
                    "enable_secure_boot": false
                  }
                ],
                "sole_tenant_config": [],
                "spot": false,
                "storage_pools": [],
                "tags": [],
                "taint": [],
                "workload_metadata_config": []
              }
            ],
            "node_locations": [
              "asia-northeast3-b",
              "asia-northeast3-c"
            ],
            "node_pool": [
              {
                "autoscaling": [],
                "initial_node_count": 1,
                "instance_group_urls": [
                  "https://www.googleapis.com/compute/v1/projects/deep-thought-440807-g3/zones/asia-northeast3-b/instanceGroupManagers/gke-nginxweb-default-pool-36deb9a3-grp",
                  "https://www.googleapis.com/compute/v1/projects/deep-thought-440807-g3/zones/asia-northeast3-c/instanceGroupManagers/gke-nginxweb-default-pool-910ec254-grp"
                ],
                "managed_instance_group_urls": [
                  "https://www.googleapis.com/compute/v1/projects/deep-thought-440807-g3/zones/asia-northeast3-b/instanceGroups/gke-nginxweb-default-pool-36deb9a3-grp",
                  "https://www.googleapis.com/compute/v1/projects/deep-thought-440807-g3/zones/asia-northeast3-c/instanceGroups/gke-nginxweb-default-pool-910ec254-grp"
                ],
                "management": [
                  {
                    "auto_repair": true,
                    "auto_upgrade": true
                  }
                ],
                "max_pods_per_node": 110,
                "name": "default-pool",
                "name_prefix": "",
                "network_config": [
                  {
                    "additional_node_network_configs": [],
                    "additional_pod_network_configs": [],
                    "create_pod_range": false,
                    "enable_private_nodes": true,
                    "network_performance_config": [],
                    "pod_cidr_overprovision_config": [],
                    "pod_ipv4_cidr_block": "10.0.120.0/22",
                    "pod_range": "pri-a-nginxweb-pods"
                  }
                ],
                "node_config": [
                  {
                    "advanced_machine_features": [],
                    "boot_disk_kms_key": "",
                    "confidential_nodes": [],
                    "containerd_config": [],
                    "disk_size_gb": 100,
                    "disk_type": "pd-balanced",
                    "effective_taints": [],
                    "enable_confidential_storage": false,
                    "ephemeral_storage_local_ssd_config": [],
                    "fast_socket": [],
                    "gcfs_config": [],
                    "guest_accelerator": [],
                    "gvnic": [],
                    "host_maintenance_policy": [],
                    "image_type": "COS_CONTAINERD",
                    "kubelet_config": [
                      {
                        "cpu_cfs_quota": false,
                        "cpu_cfs_quota_period": "",
                        "cpu_manager_policy": "",
                        "insecure_kubelet_readonly_port_enabled": "TRUE",
                        "pod_pids_limit": 0
                      }
                    ],
                    "labels": {},
                    "linux_node_config": [],
                    "local_nvme_ssd_block_config": [],
                    "local_ssd_count": 0,
                    "local_ssd_encryption_mode": "",
                    "logging_variant": "DEFAULT",
                    "machine_type": "e2-medium",
                    "metadata": {
                      "disable-legacy-endpoints": "true"
                    },
                    "min_cpu_platform": "",
                    "node_group": "",
                    "oauth_scopes": [
                      "https://www.googleapis.com/auth/devstorage.read_only",
                      "https://www.googleapis.com/auth/logging.write",
                      "https://www.googleapis.com/auth/monitoring",
                      "https://www.googleapis.com/auth/service.management.readonly",
                      "https://www.googleapis.com/auth/servicecontrol",
                      "https://www.googleapis.com/auth/trace.append"
                    ],
                    "preemptible": false,
                    "reservation_affinity": [],
                    "resource_labels": {},
                    "resource_manager_tags": {},
                    "secondary_boot_disks": [],
                    "service_account": "default",
                    "shielded_instance_config": [
                      {
                        "enable_integrity_monitoring": true,
                        "enable_secure_boot": false
                      }
                    ],
                    "sole_tenant_config": [],
                    "spot": false,
                    "storage_pools": [],
                    "tags": [],
                    "taint": [],
                    "workload_metadata_config": []
                  }
                ],
                "node_count": 1,
                "node_locations": [
                  "asia-northeast3-b",
                  "asia-northeast3-c"
                ],
                "placement_policy": [],
                "queued_provisioning": [],
                "upgrade_settings": [
                  {
                    "blue_green_settings": [],
                    "max_surge": 1,
                    "max_unavailable": 0,
                    "strategy": "SURGE"
                  }
                ],
                "version": "1.30.6-gke.1125000"
              },
              {
                "autoscaling": [
                  {
                    "location_policy": "BALANCED",
                    "max_node_count": 2,
                    "min_node_count": 1,
                    "total_max_node_count": 0,
                    "total_min_node_count": 0
                  }
                ],
                "initial_node_count": 1,
                "instance_group_urls": [
                  "https://www.googleapis.com/compute/v1/projects/deep-thought-440807-g3/zones/asia-northeast3-b/instanceGroupManagers/gke-nginxweb-node-pool-1a139cb3-grp",
                  "https://www.googleapis.com/compute/v1/projects/deep-thought-440807-g3/zones/asia-northeast3-c/instanceGroupManagers/gke-nginxweb-node-pool-3f79896e-grp"
                ],
                "managed_instance_group_urls": [
                  "https://www.googleapis.com/compute/v1/projects/deep-thought-440807-g3/zones/asia-northeast3-b/instanceGroups/gke-nginxweb-node-pool-1a139cb3-grp",
                  "https://www.googleapis.com/compute/v1/projects/deep-thought-440807-g3/zones/asia-northeast3-c/instanceGroups/gke-nginxweb-node-pool-3f79896e-grp"
                ],
                "management": [
                  {
                    "auto_repair": true,
                    "auto_upgrade": true
                  }
                ],
                "max_pods_per_node": 110,
                "name": "node-pool",
                "name_prefix": "",
                "network_config": [
                  {
                    "additional_node_network_configs": [],
                    "additional_pod_network_configs": [],
                    "create_pod_range": false,
                    "enable_private_nodes": true,
                    "network_performance_config": [],
                    "pod_cidr_overprovision_config": [],
                    "pod_ipv4_cidr_block": "10.0.120.0/22",
                    "pod_range": "pri-a-nginxweb-pods"
                  }
                ],
                "node_config": [
                  {
                    "advanced_machine_features": [],
                    "boot_disk_kms_key": "",
                    "confidential_nodes": [],
                    "containerd_config": [],
                    "disk_size_gb": 30,
                    "disk_type": "pd-ssd",
                    "effective_taints": [],
                    "enable_confidential_storage": false,
                    "ephemeral_storage_local_ssd_config": [],
                    "fast_socket": [],
                    "gcfs_config": [],
                    "guest_accelerator": [],
                    "gvnic": [],
                    "host_maintenance_policy": [],
                    "image_type": "COS_CONTAINERD",
                    "kubelet_config": [
                      {
                        "cpu_cfs_quota": false,
                        "cpu_cfs_quota_period": "",
                        "cpu_manager_policy": "",
                        "insecure_kubelet_readonly_port_enabled": "TRUE",
                        "pod_pids_limit": 0
                      }
                    ],
                    "labels": {
                      "env": "prod",
                      "role": "webserver"
                    },
                    "linux_node_config": [],
                    "local_nvme_ssd_block_config": [],
                    "local_ssd_count": 0,
                    "local_ssd_encryption_mode": "",
                    "logging_variant": "DEFAULT",
                    "machine_type": "e2-medium",
                    "metadata": {
                      "disable-legacy-endpoints": "true"
                    },
                    "min_cpu_platform": "",
                    "node_group": "",
                    "oauth_scopes": [
                      "https://www.googleapis.com/auth/cloud-platform"
                    ],
                    "preemptible": false,
                    "reservation_affinity": [],
                    "resource_labels": {},
                    "resource_manager_tags": {},
                    "secondary_boot_disks": [],
                    "service_account": "default",
                    "shielded_instance_config": [
                      {
                        "enable_integrity_monitoring": true,
                        "enable_secure_boot": false
                      }
                    ],
                    "sole_tenant_config": [],
                    "spot": false,
                    "storage_pools": [],
                    "tags": [],
                    "taint": [],
                    "workload_metadata_config": []
                  }
                ],
                "node_count": 1,
                "node_locations": [
                  "asia-northeast3-b",
                  "asia-northeast3-c"
                ],
                "placement_policy": [],
                "queued_provisioning": [],
                "upgrade_settings": [
                  {
                    "blue_green_settings": [],
                    "max_surge": 1,
                    "max_unavailable": 0,
                    "strategy": "SURGE"
                  }
                ],
                "version": "1.30.6-gke.1125000"
              }
            ],
            "node_pool_auto_config": [],
            "node_pool_defaults": [
              {
                "node_config_defaults": [
                  {
                    "containerd_config": [],
                    "gcfs_config": [],
                    "insecure_kubelet_readonly_port_enabled": "FALSE",
                    "logging_variant": "DEFAULT"
                  }
                ]
              }
            ],
            "node_version": "1.30.6-gke.1125000",
            "notification_config": [
              {
                "pubsub": [
                  {
                    "enabled": false,
                    "filter": [],
                    "topic": ""
                  }
                ]
              }
            ],
            "operation": null,
            "private_cluster_config": [
              {
                "enable_private_endpoint": false,
                "enable_private_nodes": true,
                "master_global_access_config": [
                  {
                    "enabled": false
                  }
                ],
                "master_ipv4_cidr_block": "172.16.0.0/28",
                "peering_name": "",
                "private_endpoint": "172.16.0.2",
                "private_endpoint_subnetwork": "projects/deep-thought-440807-g3/regions/asia-northeast3/subnetworks/gke-nginxweb-5c10523b-pe-subnet",
                "public_endpoint": "34.22.96.148"
              }
            ],
            "private_ipv6_google_access": "",
            "project": "deep-thought-440807-g3",
            "release_channel": [
              {
                "channel": "REGULAR"
              }
            ],
            "remove_default_node_pool": null,
            "resource_labels": {},
            "resource_usage_export_config": [],
            "secret_manager_config": [
              {
                "enabled": false
              }
            ],
            "security_posture_config": [
              {
                "mode": "BASIC",
                "vulnerability_mode": "VULNERABILITY_MODE_UNSPECIFIED"
              }
            ],
            "self_link": "https://container.googleapis.com/v1/projects/deep-thought-440807-g3/locations/asia-northeast3/clusters/nginxweb",
            "service_external_ips_config": [
              {
                "enabled": false
              }
            ],
            "services_ipv4_cidr": "10.0.140.0/22",
            "subnetwork": "projects/deep-thought-440807-g3/regions/asia-northeast3/subnetworks/gcp-pri-a",
            "terraform_labels": {
              "goog-terraform-provisioned": "true"
            },
            "timeouts": null,
            "tpu_ipv4_cidr_block": "",
            "user_managed_keys_config": [],
            "vertical_pod_autoscaling": [],
            "workload_identity_config": []
          },
          "sensitive_attributes": [
            [
              {
                "type": "get_attr",
                "value": "master_auth"
              },
              {
                "type": "index",
                "value": {
                  "value": 0,
                  "type": "number"
                }
              },
              {
                "type": "get_attr",
                "value": "client_key"
              }
            ]
          ],
          "private": "eyJlMmJmYjczMC1lY2FhLTExZTYtOGY4OC0zNDM2M2JjN2M0YzAiOnsiY3JlYXRlIjoyNDAwMDAwMDAwMDAwLCJkZWxldGUiOjI0MDAwMDAwMDAwMDAsInJlYWQiOjI0MDAwMDAwMDAwMDAsInVwZGF0ZSI6MzYwMDAwMDAwMDAwMH0sInNjaGVtYV92ZXJzaW9uIjoiMiJ9",
          "dependencies": [
            "google_compute_network.vpc_network",
            "google_compute_subnetwork.GCP_PRI_A"
          ]
        }
      ]
    },
    {
      "mode": "managed",
      "type": "google_container_node_pool",
      "name": "nginxweb_node_pool",
      "provider": "provider[\"registry.terraform.io/hashicorp/google\"]",
      "instances": [
        {
          "schema_version": 1,
          "attributes": {
            "autoscaling": [
              {
                "location_policy": "BALANCED",
                "max_node_count": 2,
                "min_node_count": 1,
                "total_max_node_count": 0,
                "total_min_node_count": 0
              }
            ],
            "cluster": "nginxweb",
            "id": "projects/deep-thought-440807-g3/locations/asia-northeast3/clusters/nginxweb/nodePools/node-pool",
            "initial_node_count": 1,
            "instance_group_urls": [
              "https://www.googleapis.com/compute/v1/projects/deep-thought-440807-g3/zones/asia-northeast3-b/instanceGroupManagers/gke-nginxweb-node-pool-1a139cb3-grp",
              "https://www.googleapis.com/compute/v1/projects/deep-thought-440807-g3/zones/asia-northeast3-c/instanceGroupManagers/gke-nginxweb-node-pool-3f79896e-grp"
            ],
            "location": "asia-northeast3",
            "managed_instance_group_urls": [
              "https://www.googleapis.com/compute/v1/projects/deep-thought-440807-g3/zones/asia-northeast3-b/instanceGroups/gke-nginxweb-node-pool-1a139cb3-grp",
              "https://www.googleapis.com/compute/v1/projects/deep-thought-440807-g3/zones/asia-northeast3-c/instanceGroups/gke-nginxweb-node-pool-3f79896e-grp"
            ],
            "management": [
              {
                "auto_repair": true,
                "auto_upgrade": true
              }
            ],
            "max_pods_per_node": 110,
            "name": "node-pool",
            "name_prefix": "",
            "network_config": [
              {
                "additional_node_network_configs": [],
                "additional_pod_network_configs": [],
                "create_pod_range": false,
                "enable_private_nodes": true,
                "network_performance_config": [],
                "pod_cidr_overprovision_config": [],
                "pod_ipv4_cidr_block": "10.0.120.0/22",
                "pod_range": "pri-a-nginxweb-pods"
              }
            ],
            "node_config": [
              {
                "advanced_machine_features": [],
                "boot_disk_kms_key": "",
                "confidential_nodes": [],
                "containerd_config": [],
                "disk_size_gb": 30,
                "disk_type": "pd-ssd",
                "effective_taints": [],
                "enable_confidential_storage": false,
                "ephemeral_storage_local_ssd_config": [],
                "fast_socket": [],
                "gcfs_config": [],
                "guest_accelerator": [],
                "gvnic": [],
                "host_maintenance_policy": [],
                "image_type": "COS_CONTAINERD",
                "kubelet_config": [
                  {
                    "cpu_cfs_quota": false,
                    "cpu_cfs_quota_period": "",
                    "cpu_manager_policy": "",
                    "insecure_kubelet_readonly_port_enabled": "TRUE",
                    "pod_pids_limit": 0
                  }
                ],
                "labels": {
                  "env": "prod",
                  "role": "webserver"
                },
                "linux_node_config": [],
                "local_nvme_ssd_block_config": [],
                "local_ssd_count": 0,
                "local_ssd_encryption_mode": "",
                "logging_variant": "DEFAULT",
                "machine_type": "e2-medium",
                "metadata": {
                  "disable-legacy-endpoints": "true"
                },
                "min_cpu_platform": "",
                "node_group": "",
                "oauth_scopes": [
                  "https://www.googleapis.com/auth/cloud-platform"
                ],
                "preemptible": false,
                "reservation_affinity": [],
                "resource_labels": {},
                "resource_manager_tags": {},
                "secondary_boot_disks": [],
                "service_account": "default",
                "shielded_instance_config": [
                  {
                    "enable_integrity_monitoring": true,
                    "enable_secure_boot": false
                  }
                ],
                "sole_tenant_config": [],
                "spot": false,
                "storage_pools": [],
                "tags": [],
                "taint": [],
                "workload_metadata_config": []
              }
            ],
            "node_count": 1,
            "node_locations": [
              "asia-northeast3-b",
              "asia-northeast3-c"
            ],
            "operation": null,
            "placement_policy": [],
            "project": "deep-thought-440807-g3",
            "queued_provisioning": [],
            "timeouts": null,
            "upgrade_settings": [
              {
                "blue_green_settings": [],
                "max_surge": 1,
                "max_unavailable": 0,
                "strategy": "SURGE"
              }
            ],
            "version": "1.30.6-gke.1125000"
          },
          "sensitive_attributes": [],
          "private": "eyJlMmJmYjczMC1lY2FhLTExZTYtOGY4OC0zNDM2M2JjN2M0YzAiOnsiY3JlYXRlIjoxODAwMDAwMDAwMDAwLCJkZWxldGUiOjE4MDAwMDAwMDAwMDAsInVwZGF0ZSI6MTgwMDAwMDAwMDAwMH0sInNjaGVtYV92ZXJzaW9uIjoiMSJ9",
          "dependencies": [
            "google_compute_network.vpc_network",
            "google_compute_subnetwork.GCP_PRI_A",
            "google_container_cluster.nginxweb_cluster"
          ]
        }
      ]
    },
    {
      "mode": "managed",
      "type": "google_project_iam_member",
      "name": "compute_admin",
      "provider": "provider[\"registry.terraform.io/hashicorp/google\"]",
      "instances": [
        {
          "schema_version": 0,
          "attributes": {
            "condition": [
              {
                "description": "Expiring at midnight of 2025-01-01T00:00:00Z",
                "expression": "request.time \u003c timestamp(\"2025-01-01T00:00:00Z\")",
                "title": "expires_after_2025_01_01T00:00:00Z"
              }
            ],
            "etag": "BwYpTtnd/Wk=",
            "id": "deep-thought-440807-g3/roles/compute.admin/user:rlqja7638@gmail.com/expires_after_2025_01_01T00:00:00Z/Expiring at midnight of 2025-01-01T00:00:00Z/request.time \u003c timestamp(\"2025-01-01T00:00:00Z\")",
            "member": "user:rlqja7638@gmail.com",
            "project": "deep-thought-440807-g3",
            "role": "roles/compute.admin"
          },
          "sensitive_attributes": [],
          "private": "bnVsbA=="
        }
      ]
    },
    {
      "mode": "managed",
      "type": "google_project_iam_member",
      "name": "compute_network_user",
      "provider": "provider[\"registry.terraform.io/hashicorp/google\"]",
      "instances": [
        {
          "schema_version": 0,
          "attributes": {
            "condition": [],
            "etag": "BwYpTtnd/Wk=",
            "id": "deep-thought-440807-g3/roles/compute.networkUser/serviceAccount:default-service-account@deep-thought-440807-g3.iam.gserviceaccount.com",
            "member": "serviceAccount:default-service-account@deep-thought-440807-g3.iam.gserviceaccount.com",
            "project": "deep-thought-440807-g3",
            "role": "roles/compute.networkUser"
          },
          "sensitive_attributes": [],
          "private": "bnVsbA==",
          "dependencies": [
            "google_service_account.default"
          ]
        }
      ]
    },
    {
      "mode": "managed",
      "type": "google_project_iam_member",
      "name": "container_admin",
      "provider": "provider[\"registry.terraform.io/hashicorp/google\"]",
      "instances": [
        {
          "schema_version": 0,
          "attributes": {
            "condition": [
              {
                "description": "Expiring at midnight of 2025-01-01T00:00:00Z",
                "expression": "request.time \u003c timestamp(\"2025-01-01T00:00:00Z\")",
                "title": "expires_after_2025_01_01T00:00:00Z"
              }
            ],
            "etag": "BwYpTtnd/Wk=",
            "id": "deep-thought-440807-g3/roles/container.admin/user:rlqja7638@gmail.com/expires_after_2025_01_01T00:00:00Z/Expiring at midnight of 2025-01-01T00:00:00Z/request.time \u003c timestamp(\"2025-01-01T00:00:00Z\")",
            "member": "user:rlqja7638@gmail.com",
            "project": "deep-thought-440807-g3",
            "role": "roles/container.admin"
          },
          "sensitive_attributes": [],
          "private": "bnVsbA=="
        }
      ]
    },
    {
      "mode": "managed",
      "type": "google_project_iam_member",
      "name": "network_admin",
      "provider": "provider[\"registry.terraform.io/hashicorp/google\"]",
      "instances": [
        {
          "schema_version": 0,
          "attributes": {
            "condition": [
              {
                "description": "Expiring at midnight of 2025-01-01T00:00:00Z",
                "expression": "request.time \u003c timestamp(\"2025-01-01T00:00:00Z\")",
                "title": "expires_after_2025_01_01T00:00:00Z"
              }
            ],
            "etag": "BwYpTtnd/Wk=",
            "id": "deep-thought-440807-g3/roles/compute.networkAdmin/user:rlqja7638@gmail.com/expires_after_2025_01_01T00:00:00Z/Expiring at midnight of 2025-01-01T00:00:00Z/request.time \u003c timestamp(\"2025-01-01T00:00:00Z\")",
            "member": "user:rlqja7638@gmail.com",
            "project": "deep-thought-440807-g3",
            "role": "roles/compute.networkAdmin"
          },
          "sensitive_attributes": [],
          "private": "bnVsbA=="
        }
      ]
    },
    {
      "mode": "managed",
      "type": "google_project_iam_member",
      "name": "service_account_user",
      "provider": "provider[\"registry.terraform.io/hashicorp/google\"]",
      "instances": [
        {
          "schema_version": 0,
          "attributes": {
            "condition": [
              {
                "description": "Expiring at midnight of 2025-01-01T00:00:00Z",
                "expression": "request.time \u003c timestamp(\"2025-01-01T00:00:00Z\")",
                "title": "expires_after_2025_01_01T00:00:00Z"
              }
            ],
            "etag": "BwYpTtnd/Wk=",
            "id": "deep-thought-440807-g3/roles/iam.serviceAccountUser/user:rlqja7638@gmail.com/expires_after_2025_01_01T00:00:00Z/Expiring at midnight of 2025-01-01T00:00:00Z/request.time \u003c timestamp(\"2025-01-01T00:00:00Z\")",
            "member": "user:rlqja7638@gmail.com",
            "project": "deep-thought-440807-g3",
            "role": "roles/iam.serviceAccountUser"
          },
          "sensitive_attributes": [],
          "private": "bnVsbA=="
        }
      ]
    },
    {
      "mode": "managed",
      "type": "google_service_account",
      "name": "default",
      "provider": "provider[\"registry.terraform.io/hashicorp/google\"]",
      "instances": [
        {
          "schema_version": 0,
          "attributes": {
            "account_id": "default-service-account",
            "create_ignore_already_exists": null,
            "description": "",
            "disabled": false,
            "display_name": "Default Service Account",
            "email": "default-service-account@deep-thought-440807-g3.iam.gserviceaccount.com",
            "id": "projects/deep-thought-440807-g3/serviceAccounts/default-service-account@deep-thought-440807-g3.iam.gserviceaccount.com",
            "member": "serviceAccount:default-service-account@deep-thought-440807-g3.iam.gserviceaccount.com",
            "name": "projects/deep-thought-440807-g3/serviceAccounts/default-service-account@deep-thought-440807-g3.iam.gserviceaccount.com",
            "project": "deep-thought-440807-g3",
            "timeouts": null,
            "unique_id": "101977472798074682238"
          },
          "sensitive_attributes": [],
          "private": "eyJlMmJmYjczMC1lY2FhLTExZTYtOGY4OC0zNDM2M2JjN2M0YzAiOnsiY3JlYXRlIjozMDAwMDAwMDAwMDB9fQ=="
        }
      ]
    },
    {
      "mode": "managed",
      "type": "local_file",
      "name": "gibeom_private_key",
      "provider": "provider[\"registry.terraform.io/hashicorp/local\"]",
      "instances": [
        {
          "schema_version": 0,
          "attributes": {
            "content": "-----BEGIN RSA PRIVATE KEY-----\nMIIJKQIBAAKCAgEAuBPUAT9/yAWXUS39qrYDhXEBgdBP8iqrBp27t9Cpa9d2NjEc\nS2XwteDie+/+dzqN3ym6j1NionpRIp+0HRRDxSAuwFxi6TQE8Oy2w2yPjy9zdY08\nd9hSX4Zk9+7ZTlJI1YNy6UnXV6nIt98MYsmgLYELJZoOh/f9Je+aq6sqQFIgUDLw\nlf03Djb8K3YrBXtwxBYKXg7Z/C84dbLkKMEXnhSZh8hDpVn8wtczjsQt/u8hmuhp\nnPTPjBXDkNSt+aOKNcW7pwjWvQIIKMCT/Yr8c9P/DLgTuucjWvq2JrG5b+jL8Ao/\nO5q2ejo+qjvQQn+D6sBtsP3ZoxU/glmVRgMh6goIe4/aYAVrSTByA2YxKa7wIXOJ\ni+N7xbomizZysqPn/feAB2TJ157nhVsjmapBSZsEvTdlIAg7ylfWa13PPPrbFAS6\nWeKxU1cSZlLEHALeCU45+LTRRAIJQ0XgXd0/9yDTMj0bSm0phsUV60t89VWbDfzz\nOp+KClFgCewkAmx8XbDSQ+ew8UheRVjixKZNZJZ+OoGX5s+Zki0SldE5YOShH6HR\ni04ZzGad1O8qXWGPmK7WHt5FGKezKNBTQRHYukiwqe3+RKw9T5MFxP1+u/JYcyOk\n11Uko1EP1WL9gpsXyUv7finnypS4RBCHi8n5VEngySDWQNWTN/8E4x/2BSUCAwEA\nAQKCAgBaYgn/zuD8Ipqo1o8uKg7Sj6kwx0rp2j99kSdh2wfFFtdJRpXhA53MgC5U\nsoNcoZiVkdSzmTreEncSLB5xBMk92k56TyKV5N/kOCaJEB3xLVhgyMd/BO11T/T1\ntAZpKYfvpopet84PkiMm/VMEkoGetjT18o3d/0sCPILSdcnaKTkKh+iPjPRie2cY\nI/59w52b+kJ+6oXoCHuNdxgGVsE08mJsRE3Ku8ObG7WKDROUkHAMsr9gvOfHncwX\nqgX+hGlRe9Rm8LUXuw6si9pebMcGTHp4EU5GwEUg3+deWnd11nWEWFOx/YZJv52T\nUqkwbZIlSvTRKeOZ6s3zP+9GoDUe8tArAruLBl1oeHtt4XbmPbl6XppJ5NsVh1AN\nK3iKIl358nxnNk65ETBzunQeHo2mMiS/heFv5gsupy5HAyAgQnuLh1rA4WFQf1O0\napr95sm6G5kA52cvFErBwTZ/4TCYtQTHdOVbvKVABaX2pzqI7CTN0d7Z8z34gaP1\nxqXf6z/1Kpzcrsqw5/+WOQ7S0Vz8l/5m4HAV7C+/FAVd20U38icoYxUj73V7LJAo\na9z69h5W844zA9DcBPBkFKMFg7Qs/ReolMB28sSUj288s3Cs3nFPp1U1TfLIN/I/\nanrxBMsiZRbFLPlar4e5ulTJ4RXU/qTAzmNbJwz2B09sSHAoBQKCAQEAy7Q1fzx1\nfDs1dwFnI6+mxuNf85kppmvv0R/hYgH5gDcQiqv7Eyq3qX9p+QoCNgY96Yk/qEfD\nFwmTdmlLNmR4ZtJco3klOeE59J4eWtdJSbz4rFGFEbXr/7MmxoA/jEmEtPnOuCq6\n9YpgRofwMB1aTMv9rbJUb9U3bAXVrYt8XObsjLvyY90h/ldx1Wj45ONNfrI9eHnu\nkzNqyCO6DWKB3bAtwqKJ47wZ1KfWl3KblbeZTtIbLj2zepXVDlnmg+HcDj0So+NO\nRDfAg80IoaRMLrxg0i8EUPfE35a4JC9Y0FfXyuVURkk+od2D7i1GlqeRv12a6cuq\n7T0kqIIrdacwYwKCAQEA51W7H3cikTQYi9kD9ed2olR/b8i6xizQfUm9hgRvo6mS\n9Z7N6w9PcA93qvEV6tExGgi0Bny+SCYsEvlCmyUE2pXAVq36t+1BzSbaMCSy0sfY\nSf2sSPZc38Vib0Fu7oqaYHoWBwFv3Cvcpvf6QRCrgT3J491msuCStssGkTFL680I\nG6FYq3Fa2NT3pG9eBBEwFtutfWckOD+4ANNRR0+ylbGfaUFLikGcDkVZiU8mzGoF\nKuE0XgAwWGm/Xxw4srigb5K9RhJPMBchQe58bEtWq+imghPQv2xUH4ca5o9h53vb\n1OmQIJYHb1CkGTtEHI+dANQfyFjlLERwBHAnDSK21wKCAQB6ocyrApy/4202bZPH\n+hDvHyc+oXBfjg9b2FN5CzNHKt88fHi0ez0CP4BuusXF/E/9bfDyv/EEx3ENEiqD\nXkzVqcK3b1En3R1k1GP10DGAwND7/D+d/+VJlHK9gavAKupHgTQfzymqdFmtXF0O\nuj0Iiq33iaongTbSQ1j2F0kRLLwvpV4xHIlAcyhGj+F2+hhHM8qp4s3rtEKOpmN1\nd14zNcL2r59PiIgMa9ZWalqb8WHL/9T5K5AHNniDIUATGT+/GqlEHK2bh+zP6/lM\nRnrOj/3ByyhQDjlpWXUV46MWGiwBK7pmbeXU0GSCWKNsQwkNKa7/HOuT0wFkqKi9\nNZ99AoIBAQCnSTen6V714dZeSvCyQk9n0/LTwzRNWtrpvwlugIa6s0WymMQP12J6\nhrTiyLQwulXnnaORjWOMiQ4WKmogBwUbjG8qP2Wu28NZt17Qsbke86VU3DxaBs3i\ng7pK+eZeWZyJZ7/GESPy80T8+RXfN07OhwAX52L8t6lgxjBZjmx4eCwEzwhv8ejg\nJCFwp5g1GLjNzs4GgS+P/YPyFN4R03AxD+FXHACkWg2fxEabJMHJ0GEsQO69iyVq\nyg25mY7mrtxV0qdMpLDe9dr28p7HMTPb3MGMDwhFZPDwW6L4V3dVDhxKOxwedF+r\n/4SrOlBm1vOSRdM17hLLkDHxA6k5toDBAoIBAQCqKYZvrbW4M+pHStaBwpPBWpLJ\nM+/83B9SqDRrBqGgxzpt/eEpNZbGu4cPyRQo9shKvmlRosPJorePr8OaoI1fZV8H\n4TOiPESQZmrCkpp2jKdr22YZ8HWzRnWDut5QUBYHgyykDe7bFk/6ofL6OHYeRY04\nwMHQgHP9g1b+MyhUrtktIkLN9/neErObvUjFLaqIewCsScM1Ev28ShW6W/E5eFHd\nGmVRpM1TGoBXjWSUat8NeHgyqx69wyE2MrZZ/FZH6xzOLhwMMOgrMJXv97VLnY5H\nmYXOduRDez0Gonp1FF1OeXzDz1Tg1BeiIsiB8h9fJ4YKnM4X9jDKTZRIZSY+\n-----END RSA PRIVATE KEY-----\n",
            "content_base64": null,
            "content_base64sha256": "jKbuBX1tnsgt/959b4xFVwWhUWFQxLWYXRdCz9/giGo=",
            "content_base64sha512": "9cQgANywlb7sEHxAJiLoJGKwVA3F/YlYTOnw6itBVRFV8n2Ngkut/Txo33HGp3WqiHaj4QKc4PinMW2CExYtMw==",
            "content_md5": "c19995170c3ef5bdbf2058e8daace7e5",
            "content_sha1": "35d7a29147f4560ece814cea56a48ce47a13b068",
            "content_sha256": "8ca6ee057d6d9ec82dffde7d6f8c455705a1516150c4b5985d1742cfdfe0886a",
            "content_sha512": "f5c42000dcb095beec107c402622e82462b0540dc5fd89584ce9f0ea2b41551155f27d8d824badfd3c68df71c6a775aa8876a3e1029ce0f8a7316d8213162d33",
            "directory_permission": "0777",
            "file_permission": "0600",
            "filename": "./aws_project.pem",
            "id": "35d7a29147f4560ece814cea56a48ce47a13b068",
            "sensitive_content": null,
            "source": null
          },
          "sensitive_attributes": [
            [
              {
                "type": "get_attr",
                "value": "sensitive_content"
              }
            ],
            [
              {
                "type": "get_attr",
                "value": "content"
              }
            ]
          ],
          "dependencies": [
            "tls_private_key.aws_private_keypair"
          ],
          "create_before_destroy": true
        }
      ]
    },
    {
      "mode": "managed",
      "type": "null_resource",
      "name": "install_helm_mysqldb",
      "provider": "provider[\"registry.terraform.io/hashicorp/null\"]",
      "instances": [
        {
          "schema_version": 0,
          "attributes": {
            "id": "8840958740475696466",
            "triggers": null
          },
          "sensitive_attributes": [],
          "dependencies": [
            "aws_eip.nat_gateway_eip",
            "aws_eks_cluster.mysqldb_cluster",
            "aws_iam_role.aws_eks_role",
            "aws_internet_gateway.IGW",
            "aws_nat_gateway.nat_gateway",
            "aws_security_group.PRI-RDS-SG",
            "aws_security_group.PUB-SG",
            "aws_subnet.PRI-RDS-2A",
            "aws_subnet.PRI-RDS-2C",
            "aws_subnet.PUB-2A",
            "aws_subnet.PUB-2C",
            "aws_vpc.SEC-PRD-VPC"
          ]
        }
      ]
    },
    {
      "mode": "managed",
      "type": "null_resource",
      "name": "install_helm_nginxweb",
      "provider": "provider[\"registry.terraform.io/hashicorp/null\"]",
      "instances": [
        {
          "schema_version": 0,
          "attributes": {
            "id": "492067277021189116",
            "triggers": null
          },
          "sensitive_attributes": [],
          "dependencies": [
            "aws_eip.nat_gateway_eip",
            "aws_eks_cluster.mysqldb_cluster",
            "aws_eks_cluster.tomcatwas_cluster",
            "aws_iam_role.aws_eks_role",
            "aws_internet_gateway.IGW",
            "aws_nat_gateway.nat_gateway",
            "aws_security_group.PRI-RDS-SG",
            "aws_security_group.PRI-SG",
            "aws_security_group.PUB-SG",
            "aws_subnet.PRI-2A",
            "aws_subnet.PRI-2C",
            "aws_subnet.PRI-RDS-2A",
            "aws_subnet.PRI-RDS-2C",
            "aws_subnet.PUB-2A",
            "aws_subnet.PUB-2C",
            "aws_vpc.SEC-PRD-VPC",
            "google_compute_network.vpc_network",
            "google_compute_subnetwork.GCP_PRI_A",
            "google_container_cluster.nginxweb_cluster",
            "null_resource.install_helm_mysqldb",
            "null_resource.install_helm_tomcatwas"
          ]
        }
      ]
    },
    {
      "mode": "managed",
      "type": "null_resource",
      "name": "install_helm_tomcatwas",
      "provider": "provider[\"registry.terraform.io/hashicorp/null\"]",
      "instances": [
        {
          "schema_version": 0,
          "attributes": {
            "id": "5591910086643511788",
            "triggers": null
          },
          "sensitive_attributes": [],
          "dependencies": [
            "aws_eip.nat_gateway_eip",
            "aws_eks_cluster.mysqldb_cluster",
            "aws_eks_cluster.tomcatwas_cluster",
            "aws_iam_role.aws_eks_role",
            "aws_internet_gateway.IGW",
            "aws_nat_gateway.nat_gateway",
            "aws_security_group.PRI-RDS-SG",
            "aws_security_group.PRI-SG",
            "aws_security_group.PUB-SG",
            "aws_subnet.PRI-2A",
            "aws_subnet.PRI-2C",
            "aws_subnet.PRI-RDS-2A",
            "aws_subnet.PRI-RDS-2C",
            "aws_subnet.PUB-2A",
            "aws_subnet.PUB-2C",
            "aws_vpc.SEC-PRD-VPC",
            "null_resource.install_helm_mysqldb"
          ]
        }
      ]
    },
    {
      "mode": "managed",
      "type": "tls_private_key",
      "name": "aws_private_keypair",
      "provider": "provider[\"registry.terraform.io/hashicorp/tls\"]",
      "instances": [
        {
          "schema_version": 1,
          "attributes": {
            "algorithm": "RSA",
            "ecdsa_curve": "P224",
            "id": "441ad2d5384022d640e226cebb4c0952cca923a2",
            "private_key_openssh": "-----BEGIN OPENSSH PRIVATE KEY-----\nb3BlbnNzaC1rZXktdjEAAAAABG5vbmUAAAAEbm9uZQAAAAAAAAABAAACFwAAAAdz\nc2gtcnNhAAAAAwEAAQAAAgEAuBPUAT9/yAWXUS39qrYDhXEBgdBP8iqrBp27t9Cp\na9d2NjEcS2XwteDie+/+dzqN3ym6j1NionpRIp+0HRRDxSAuwFxi6TQE8Oy2w2yP\njy9zdY08d9hSX4Zk9+7ZTlJI1YNy6UnXV6nIt98MYsmgLYELJZoOh/f9Je+aq6sq\nQFIgUDLwlf03Djb8K3YrBXtwxBYKXg7Z/C84dbLkKMEXnhSZh8hDpVn8wtczjsQt\n/u8hmuhpnPTPjBXDkNSt+aOKNcW7pwjWvQIIKMCT/Yr8c9P/DLgTuucjWvq2JrG5\nb+jL8Ao/O5q2ejo+qjvQQn+D6sBtsP3ZoxU/glmVRgMh6goIe4/aYAVrSTByA2Yx\nKa7wIXOJi+N7xbomizZysqPn/feAB2TJ157nhVsjmapBSZsEvTdlIAg7ylfWa13P\nPPrbFAS6WeKxU1cSZlLEHALeCU45+LTRRAIJQ0XgXd0/9yDTMj0bSm0phsUV60t8\n9VWbDfzzOp+KClFgCewkAmx8XbDSQ+ew8UheRVjixKZNZJZ+OoGX5s+Zki0SldE5\nYOShH6HRi04ZzGad1O8qXWGPmK7WHt5FGKezKNBTQRHYukiwqe3+RKw9T5MFxP1+\nu/JYcyOk11Uko1EP1WL9gpsXyUv7finnypS4RBCHi8n5VEngySDWQNWTN/8E4x/2\nBSUAAAc43ojZhd6I2YUAAAAHc3NoLXJzYQAAAgEAuBPUAT9/yAWXUS39qrYDhXEB\ngdBP8iqrBp27t9Cpa9d2NjEcS2XwteDie+/+dzqN3ym6j1NionpRIp+0HRRDxSAu\nwFxi6TQE8Oy2w2yPjy9zdY08d9hSX4Zk9+7ZTlJI1YNy6UnXV6nIt98MYsmgLYEL\nJZoOh/f9Je+aq6sqQFIgUDLwlf03Djb8K3YrBXtwxBYKXg7Z/C84dbLkKMEXnhSZ\nh8hDpVn8wtczjsQt/u8hmuhpnPTPjBXDkNSt+aOKNcW7pwjWvQIIKMCT/Yr8c9P/\nDLgTuucjWvq2JrG5b+jL8Ao/O5q2ejo+qjvQQn+D6sBtsP3ZoxU/glmVRgMh6goI\ne4/aYAVrSTByA2YxKa7wIXOJi+N7xbomizZysqPn/feAB2TJ157nhVsjmapBSZsE\nvTdlIAg7ylfWa13PPPrbFAS6WeKxU1cSZlLEHALeCU45+LTRRAIJQ0XgXd0/9yDT\nMj0bSm0phsUV60t89VWbDfzzOp+KClFgCewkAmx8XbDSQ+ew8UheRVjixKZNZJZ+\nOoGX5s+Zki0SldE5YOShH6HRi04ZzGad1O8qXWGPmK7WHt5FGKezKNBTQRHYukiw\nqe3+RKw9T5MFxP1+u/JYcyOk11Uko1EP1WL9gpsXyUv7finnypS4RBCHi8n5VEng\nySDWQNWTN/8E4x/2BSUAAAADAQABAAACAFpiCf/O4PwimqjWjy4qDtKPqTDHSuna\nP32RJ2HbB8UW10lGleEDncyALlSyg1yhmJWR1LOZOt4SdxIsHnEEyT3aTnpPIpXk\n3+Q4JokQHfEtWGDIx38E7XVP9PW0Bmkph++mil63zg+SIyb9UwSSgZ62NPXyjd3/\nSwI8gtJ1ydopOQqH6I+M9GJ7Zxgj/n3DnZv6Qn7qhegIe413GAZWwTTyYmxETcq7\nw5sbtYoNE5SQcAyyv2C858edzBeqBf6EaVF71GbwtRe7DqyL2l5sxwZMengRTkbA\nRSDf515ad3XWdYRYU7H9hkm/nZNSqTBtkiVK9NEp45nqzfM/70agNR7y0CsCu4sG\nXWh4e23hduY9uXpemknk2xWHUA0reIoiXfnyfGc2TrkRMHO6dB4ejaYyJL+F4W/m\nCy6nLkcDICBCe4uHWsDhYVB/U7Rqmv3mybobmQDnZy8USsHBNn/hMJi1BMd05Vu8\npUAFpfanOojsJM3R3tnzPfiBo/XGpd/rP/UqnNyuyrDn/5Y5DtLRXPyX/mbgcBXs\nL78UBV3bRTfyJyhjFSPvdXsskChr3Pr2HlbzjjMD0NwE8GQUowWDtCz9F6iUwHby\nxJSPbzyzcKzecU+nVTVN8sg38j9qevEEyyJlFsUs+Vqvh7m6VMnhFdT+pMDOY1sn\nDPYHT2xIcCgFAAABAQCqKYZvrbW4M+pHStaBwpPBWpLJM+/83B9SqDRrBqGgxzpt\n/eEpNZbGu4cPyRQo9shKvmlRosPJorePr8OaoI1fZV8H4TOiPESQZmrCkpp2jKdr\n22YZ8HWzRnWDut5QUBYHgyykDe7bFk/6ofL6OHYeRY04wMHQgHP9g1b+MyhUrtkt\nIkLN9/neErObvUjFLaqIewCsScM1Ev28ShW6W/E5eFHdGmVRpM1TGoBXjWSUat8N\neHgyqx69wyE2MrZZ/FZH6xzOLhwMMOgrMJXv97VLnY5HmYXOduRDez0Gonp1FF1O\neXzDz1Tg1BeiIsiB8h9fJ4YKnM4X9jDKTZRIZSY+AAABAQDLtDV/PHV8OzV3AWcj\nr6bG41/zmSmma+/RH+FiAfmANxCKq/sTKrepf2n5CgI2Bj3piT+oR8MXCZN2aUs2\nZHhm0lyjeSU54Tn0nh5a10lJvPisUYURtev/sybGgD+MSYS0+c64Krr1imBGh/Aw\nHVpMy/2tslRv1TdsBdWti3xc5uyMu/Jj3SH+V3HVaPjk401+sj14ee6TM2rII7oN\nYoHdsC3CoonjvBnUp9aXcpuVt5lO0hsuPbN6ldUOWeaD4dwOPRKj405EN8CDzQih\npEwuvGDSLwRQ98TflrgkL1jQV9fK5VRGST6h3YPuLUaWp5G/XZrpy6rtPSSogit1\npzBjAAABAQDnVbsfdyKRNBiL2QP153aiVH9vyLrGLNB9Sb2GBG+jqZL1ns3rD09w\nD3eq8RXq0TEaCLQGfL5IJiwS+UKbJQTalcBWrfq37UHNJtowJLLSx9hJ/axI9lzf\nxWJvQW7uippgehYHAW/cK9ym9/pBEKuBPcnj3Way4JK2ywaRMUvrzQgboVircVrY\n1Pekb14EETAW2619ZyQ4P7gA01FHT7KVsZ9pQUuKQZwORVmJTybMagUq4TReADBY\nab9fHDiyuKBvkr1GEk8wFyFB7nxsS1ar6KaCE9C/bFQfhxrmj2Hne9vU6ZAglgdv\nUKQZO0Qcj50A1B/IWOUsRHAEcCcNIrbXAAAAAAEC\n-----END OPENSSH PRIVATE KEY-----\n",
            "private_key_pem": "-----BEGIN RSA PRIVATE KEY-----\nMIIJKQIBAAKCAgEAuBPUAT9/yAWXUS39qrYDhXEBgdBP8iqrBp27t9Cpa9d2NjEc\nS2XwteDie+/+dzqN3ym6j1NionpRIp+0HRRDxSAuwFxi6TQE8Oy2w2yPjy9zdY08\nd9hSX4Zk9+7ZTlJI1YNy6UnXV6nIt98MYsmgLYELJZoOh/f9Je+aq6sqQFIgUDLw\nlf03Djb8K3YrBXtwxBYKXg7Z/C84dbLkKMEXnhSZh8hDpVn8wtczjsQt/u8hmuhp\nnPTPjBXDkNSt+aOKNcW7pwjWvQIIKMCT/Yr8c9P/DLgTuucjWvq2JrG5b+jL8Ao/\nO5q2ejo+qjvQQn+D6sBtsP3ZoxU/glmVRgMh6goIe4/aYAVrSTByA2YxKa7wIXOJ\ni+N7xbomizZysqPn/feAB2TJ157nhVsjmapBSZsEvTdlIAg7ylfWa13PPPrbFAS6\nWeKxU1cSZlLEHALeCU45+LTRRAIJQ0XgXd0/9yDTMj0bSm0phsUV60t89VWbDfzz\nOp+KClFgCewkAmx8XbDSQ+ew8UheRVjixKZNZJZ+OoGX5s+Zki0SldE5YOShH6HR\ni04ZzGad1O8qXWGPmK7WHt5FGKezKNBTQRHYukiwqe3+RKw9T5MFxP1+u/JYcyOk\n11Uko1EP1WL9gpsXyUv7finnypS4RBCHi8n5VEngySDWQNWTN/8E4x/2BSUCAwEA\nAQKCAgBaYgn/zuD8Ipqo1o8uKg7Sj6kwx0rp2j99kSdh2wfFFtdJRpXhA53MgC5U\nsoNcoZiVkdSzmTreEncSLB5xBMk92k56TyKV5N/kOCaJEB3xLVhgyMd/BO11T/T1\ntAZpKYfvpopet84PkiMm/VMEkoGetjT18o3d/0sCPILSdcnaKTkKh+iPjPRie2cY\nI/59w52b+kJ+6oXoCHuNdxgGVsE08mJsRE3Ku8ObG7WKDROUkHAMsr9gvOfHncwX\nqgX+hGlRe9Rm8LUXuw6si9pebMcGTHp4EU5GwEUg3+deWnd11nWEWFOx/YZJv52T\nUqkwbZIlSvTRKeOZ6s3zP+9GoDUe8tArAruLBl1oeHtt4XbmPbl6XppJ5NsVh1AN\nK3iKIl358nxnNk65ETBzunQeHo2mMiS/heFv5gsupy5HAyAgQnuLh1rA4WFQf1O0\napr95sm6G5kA52cvFErBwTZ/4TCYtQTHdOVbvKVABaX2pzqI7CTN0d7Z8z34gaP1\nxqXf6z/1Kpzcrsqw5/+WOQ7S0Vz8l/5m4HAV7C+/FAVd20U38icoYxUj73V7LJAo\na9z69h5W844zA9DcBPBkFKMFg7Qs/ReolMB28sSUj288s3Cs3nFPp1U1TfLIN/I/\nanrxBMsiZRbFLPlar4e5ulTJ4RXU/qTAzmNbJwz2B09sSHAoBQKCAQEAy7Q1fzx1\nfDs1dwFnI6+mxuNf85kppmvv0R/hYgH5gDcQiqv7Eyq3qX9p+QoCNgY96Yk/qEfD\nFwmTdmlLNmR4ZtJco3klOeE59J4eWtdJSbz4rFGFEbXr/7MmxoA/jEmEtPnOuCq6\n9YpgRofwMB1aTMv9rbJUb9U3bAXVrYt8XObsjLvyY90h/ldx1Wj45ONNfrI9eHnu\nkzNqyCO6DWKB3bAtwqKJ47wZ1KfWl3KblbeZTtIbLj2zepXVDlnmg+HcDj0So+NO\nRDfAg80IoaRMLrxg0i8EUPfE35a4JC9Y0FfXyuVURkk+od2D7i1GlqeRv12a6cuq\n7T0kqIIrdacwYwKCAQEA51W7H3cikTQYi9kD9ed2olR/b8i6xizQfUm9hgRvo6mS\n9Z7N6w9PcA93qvEV6tExGgi0Bny+SCYsEvlCmyUE2pXAVq36t+1BzSbaMCSy0sfY\nSf2sSPZc38Vib0Fu7oqaYHoWBwFv3Cvcpvf6QRCrgT3J491msuCStssGkTFL680I\nG6FYq3Fa2NT3pG9eBBEwFtutfWckOD+4ANNRR0+ylbGfaUFLikGcDkVZiU8mzGoF\nKuE0XgAwWGm/Xxw4srigb5K9RhJPMBchQe58bEtWq+imghPQv2xUH4ca5o9h53vb\n1OmQIJYHb1CkGTtEHI+dANQfyFjlLERwBHAnDSK21wKCAQB6ocyrApy/4202bZPH\n+hDvHyc+oXBfjg9b2FN5CzNHKt88fHi0ez0CP4BuusXF/E/9bfDyv/EEx3ENEiqD\nXkzVqcK3b1En3R1k1GP10DGAwND7/D+d/+VJlHK9gavAKupHgTQfzymqdFmtXF0O\nuj0Iiq33iaongTbSQ1j2F0kRLLwvpV4xHIlAcyhGj+F2+hhHM8qp4s3rtEKOpmN1\nd14zNcL2r59PiIgMa9ZWalqb8WHL/9T5K5AHNniDIUATGT+/GqlEHK2bh+zP6/lM\nRnrOj/3ByyhQDjlpWXUV46MWGiwBK7pmbeXU0GSCWKNsQwkNKa7/HOuT0wFkqKi9\nNZ99AoIBAQCnSTen6V714dZeSvCyQk9n0/LTwzRNWtrpvwlugIa6s0WymMQP12J6\nhrTiyLQwulXnnaORjWOMiQ4WKmogBwUbjG8qP2Wu28NZt17Qsbke86VU3DxaBs3i\ng7pK+eZeWZyJZ7/GESPy80T8+RXfN07OhwAX52L8t6lgxjBZjmx4eCwEzwhv8ejg\nJCFwp5g1GLjNzs4GgS+P/YPyFN4R03AxD+FXHACkWg2fxEabJMHJ0GEsQO69iyVq\nyg25mY7mrtxV0qdMpLDe9dr28p7HMTPb3MGMDwhFZPDwW6L4V3dVDhxKOxwedF+r\n/4SrOlBm1vOSRdM17hLLkDHxA6k5toDBAoIBAQCqKYZvrbW4M+pHStaBwpPBWpLJ\nM+/83B9SqDRrBqGgxzpt/eEpNZbGu4cPyRQo9shKvmlRosPJorePr8OaoI1fZV8H\n4TOiPESQZmrCkpp2jKdr22YZ8HWzRnWDut5QUBYHgyykDe7bFk/6ofL6OHYeRY04\nwMHQgHP9g1b+MyhUrtktIkLN9/neErObvUjFLaqIewCsScM1Ev28ShW6W/E5eFHd\nGmVRpM1TGoBXjWSUat8NeHgyqx69wyE2MrZZ/FZH6xzOLhwMMOgrMJXv97VLnY5H\nmYXOduRDez0Gonp1FF1OeXzDz1Tg1BeiIsiB8h9fJ4YKnM4X9jDKTZRIZSY+\n-----END RSA PRIVATE KEY-----\n",
            "private_key_pem_pkcs8": "-----BEGIN PRIVATE KEY-----\nMIIJQwIBADANBgkqhkiG9w0BAQEFAASCCS0wggkpAgEAAoICAQC4E9QBP3/IBZdR\nLf2qtgOFcQGB0E/yKqsGnbu30Klr13Y2MRxLZfC14OJ77/53Oo3fKbqPU2KielEi\nn7QdFEPFIC7AXGLpNATw7LbDbI+PL3N1jTx32FJfhmT37tlOUkjVg3LpSddXqci3\n3wxiyaAtgQslmg6H9/0l75qrqypAUiBQMvCV/TcONvwrdisFe3DEFgpeDtn8Lzh1\nsuQowReeFJmHyEOlWfzC1zOOxC3+7yGa6Gmc9M+MFcOQ1K35o4o1xbunCNa9Aggo\nwJP9ivxz0/8MuBO65yNa+rYmsblv6MvwCj87mrZ6Oj6qO9BCf4PqwG2w/dmjFT+C\nWZVGAyHqCgh7j9pgBWtJMHIDZjEprvAhc4mL43vFuiaLNnKyo+f994AHZMnXnueF\nWyOZqkFJmwS9N2UgCDvKV9ZrXc88+tsUBLpZ4rFTVxJmUsQcAt4JTjn4tNFEAglD\nReBd3T/3INMyPRtKbSmGxRXrS3z1VZsN/PM6n4oKUWAJ7CQCbHxdsNJD57DxSF5F\nWOLEpk1kln46gZfmz5mSLRKV0Tlg5KEfodGLThnMZp3U7ypdYY+YrtYe3kUYp7Mo\n0FNBEdi6SLCp7f5ErD1PkwXE/X678lhzI6TXVSSjUQ/VYv2CmxfJS/t+KefKlLhE\nEIeLyflUSeDJINZA1ZM3/wTjH/YFJQIDAQABAoICAFpiCf/O4PwimqjWjy4qDtKP\nqTDHSunaP32RJ2HbB8UW10lGleEDncyALlSyg1yhmJWR1LOZOt4SdxIsHnEEyT3a\nTnpPIpXk3+Q4JokQHfEtWGDIx38E7XVP9PW0Bmkph++mil63zg+SIyb9UwSSgZ62\nNPXyjd3/SwI8gtJ1ydopOQqH6I+M9GJ7Zxgj/n3DnZv6Qn7qhegIe413GAZWwTTy\nYmxETcq7w5sbtYoNE5SQcAyyv2C858edzBeqBf6EaVF71GbwtRe7DqyL2l5sxwZM\nengRTkbARSDf515ad3XWdYRYU7H9hkm/nZNSqTBtkiVK9NEp45nqzfM/70agNR7y\n0CsCu4sGXWh4e23hduY9uXpemknk2xWHUA0reIoiXfnyfGc2TrkRMHO6dB4ejaYy\nJL+F4W/mCy6nLkcDICBCe4uHWsDhYVB/U7Rqmv3mybobmQDnZy8USsHBNn/hMJi1\nBMd05Vu8pUAFpfanOojsJM3R3tnzPfiBo/XGpd/rP/UqnNyuyrDn/5Y5DtLRXPyX\n/mbgcBXsL78UBV3bRTfyJyhjFSPvdXsskChr3Pr2HlbzjjMD0NwE8GQUowWDtCz9\nF6iUwHbyxJSPbzyzcKzecU+nVTVN8sg38j9qevEEyyJlFsUs+Vqvh7m6VMnhFdT+\npMDOY1snDPYHT2xIcCgFAoIBAQDLtDV/PHV8OzV3AWcjr6bG41/zmSmma+/RH+Fi\nAfmANxCKq/sTKrepf2n5CgI2Bj3piT+oR8MXCZN2aUs2ZHhm0lyjeSU54Tn0nh5a\n10lJvPisUYURtev/sybGgD+MSYS0+c64Krr1imBGh/AwHVpMy/2tslRv1TdsBdWt\ni3xc5uyMu/Jj3SH+V3HVaPjk401+sj14ee6TM2rII7oNYoHdsC3CoonjvBnUp9aX\ncpuVt5lO0hsuPbN6ldUOWeaD4dwOPRKj405EN8CDzQihpEwuvGDSLwRQ98Tflrgk\nL1jQV9fK5VRGST6h3YPuLUaWp5G/XZrpy6rtPSSogit1pzBjAoIBAQDnVbsfdyKR\nNBiL2QP153aiVH9vyLrGLNB9Sb2GBG+jqZL1ns3rD09wD3eq8RXq0TEaCLQGfL5I\nJiwS+UKbJQTalcBWrfq37UHNJtowJLLSx9hJ/axI9lzfxWJvQW7uippgehYHAW/c\nK9ym9/pBEKuBPcnj3Way4JK2ywaRMUvrzQgboVircVrY1Pekb14EETAW2619ZyQ4\nP7gA01FHT7KVsZ9pQUuKQZwORVmJTybMagUq4TReADBYab9fHDiyuKBvkr1GEk8w\nFyFB7nxsS1ar6KaCE9C/bFQfhxrmj2Hne9vU6ZAglgdvUKQZO0Qcj50A1B/IWOUs\nRHAEcCcNIrbXAoIBAHqhzKsCnL/jbTZtk8f6EO8fJz6hcF+OD1vYU3kLM0cq3zx8\neLR7PQI/gG66xcX8T/1t8PK/8QTHcQ0SKoNeTNWpwrdvUSfdHWTUY/XQMYDA0Pv8\nP53/5UmUcr2Bq8Aq6keBNB/PKap0Wa1cXQ66PQiKrfeJqieBNtJDWPYXSREsvC+l\nXjEciUBzKEaP4Xb6GEczyqnizeu0Qo6mY3V3XjM1wvavn0+IiAxr1lZqWpvxYcv/\n1PkrkAc2eIMhQBMZP78aqUQcrZuH7M/r+UxGes6P/cHLKFAOOWlZdRXjoxYaLAEr\numZt5dTQZIJYo2xDCQ0prv8c65PTAWSoqL01n30CggEBAKdJN6fpXvXh1l5K8LJC\nT2fT8tPDNE1a2um/CW6AhrqzRbKYxA/XYnqGtOLItDC6Veedo5GNY4yJDhYqaiAH\nBRuMbyo/Za7bw1m3XtCxuR7zpVTcPFoGzeKDukr55l5ZnIlnv8YRI/LzRPz5Fd83\nTs6HABfnYvy3qWDGMFmObHh4LATPCG/x6OAkIXCnmDUYuM3OzgaBL4/9g/IU3hHT\ncDEP4VccAKRaDZ/ERpskwcnQYSxA7r2LJWrKDbmZjuau3FXSp0yksN712vbynscx\nM9vcwYwPCEVk8PBbovhXd1UOHEo7HB50X6v/hKs6UGbW85JF0zXuEsuQMfEDqTm2\ngMECggEBAKophm+ttbgz6kdK1oHCk8Fakskz7/zcH1KoNGsGoaDHOm394Sk1lsa7\nhw/JFCj2yEq+aVGiw8mit4+vw5qgjV9lXwfhM6I8RJBmasKSmnaMp2vbZhnwdbNG\ndYO63lBQFgeDLKQN7tsWT/qh8vo4dh5FjTjAwdCAc/2DVv4zKFSu2S0iQs33+d4S\ns5u9SMUtqoh7AKxJwzUS/bxKFbpb8Tl4Ud0aZVGkzVMagFeNZJRq3w14eDKrHr3D\nITYytln8VkfrHM4uHAww6Cswle/3tUudjkeZhc525EN7PQaienUUXU55fMPPVODU\nF6IiyIHyH18nhgqczhf2MMpNlEhlJj4=\n-----END PRIVATE KEY-----\n",
            "public_key_fingerprint_md5": "91:62:6e:18:d8:a5:b2:0d:5d:eb:6e:23:de:cc:7a:86",
            "public_key_fingerprint_sha256": "SHA256:uqJCoMRi1VebmHGzRNCrt4cq3gCMmjnf67UF2r3kUvM",
            "public_key_openssh": "ssh-rsa AAAAB3NzaC1yc2EAAAADAQABAAACAQC4E9QBP3/IBZdRLf2qtgOFcQGB0E/yKqsGnbu30Klr13Y2MRxLZfC14OJ77/53Oo3fKbqPU2KielEin7QdFEPFIC7AXGLpNATw7LbDbI+PL3N1jTx32FJfhmT37tlOUkjVg3LpSddXqci33wxiyaAtgQslmg6H9/0l75qrqypAUiBQMvCV/TcONvwrdisFe3DEFgpeDtn8Lzh1suQowReeFJmHyEOlWfzC1zOOxC3+7yGa6Gmc9M+MFcOQ1K35o4o1xbunCNa9AggowJP9ivxz0/8MuBO65yNa+rYmsblv6MvwCj87mrZ6Oj6qO9BCf4PqwG2w/dmjFT+CWZVGAyHqCgh7j9pgBWtJMHIDZjEprvAhc4mL43vFuiaLNnKyo+f994AHZMnXnueFWyOZqkFJmwS9N2UgCDvKV9ZrXc88+tsUBLpZ4rFTVxJmUsQcAt4JTjn4tNFEAglDReBd3T/3INMyPRtKbSmGxRXrS3z1VZsN/PM6n4oKUWAJ7CQCbHxdsNJD57DxSF5FWOLEpk1kln46gZfmz5mSLRKV0Tlg5KEfodGLThnMZp3U7ypdYY+YrtYe3kUYp7Mo0FNBEdi6SLCp7f5ErD1PkwXE/X678lhzI6TXVSSjUQ/VYv2CmxfJS/t+KefKlLhEEIeLyflUSeDJINZA1ZM3/wTjH/YFJQ==\n",
            "public_key_pem": "-----BEGIN PUBLIC KEY-----\nMIICIjANBgkqhkiG9w0BAQEFAAOCAg8AMIICCgKCAgEAuBPUAT9/yAWXUS39qrYD\nhXEBgdBP8iqrBp27t9Cpa9d2NjEcS2XwteDie+/+dzqN3ym6j1NionpRIp+0HRRD\nxSAuwFxi6TQE8Oy2w2yPjy9zdY08d9hSX4Zk9+7ZTlJI1YNy6UnXV6nIt98MYsmg\nLYELJZoOh/f9Je+aq6sqQFIgUDLwlf03Djb8K3YrBXtwxBYKXg7Z/C84dbLkKMEX\nnhSZh8hDpVn8wtczjsQt/u8hmuhpnPTPjBXDkNSt+aOKNcW7pwjWvQIIKMCT/Yr8\nc9P/DLgTuucjWvq2JrG5b+jL8Ao/O5q2ejo+qjvQQn+D6sBtsP3ZoxU/glmVRgMh\n6goIe4/aYAVrSTByA2YxKa7wIXOJi+N7xbomizZysqPn/feAB2TJ157nhVsjmapB\nSZsEvTdlIAg7ylfWa13PPPrbFAS6WeKxU1cSZlLEHALeCU45+LTRRAIJQ0XgXd0/\n9yDTMj0bSm0phsUV60t89VWbDfzzOp+KClFgCewkAmx8XbDSQ+ew8UheRVjixKZN\nZJZ+OoGX5s+Zki0SldE5YOShH6HRi04ZzGad1O8qXWGPmK7WHt5FGKezKNBTQRHY\nukiwqe3+RKw9T5MFxP1+u/JYcyOk11Uko1EP1WL9gpsXyUv7finnypS4RBCHi8n5\nVEngySDWQNWTN/8E4x/2BSUCAwEAAQ==\n-----END PUBLIC KEY-----\n",
            "rsa_bits": 4096
          },
          "sensitive_attributes": [
            [
              {
                "type": "get_attr",
                "value": "private_key_openssh"
              }
            ],
            [
              {
                "type": "get_attr",
                "value": "private_key_pem"
              }
            ],
            [
              {
                "type": "get_attr",
                "value": "private_key_pem_pkcs8"
              }
            ]
          ],
          "create_before_destroy": true
        }
      ]
    },
    {
      "module": "module.iam_policy_eks",
      "mode": "managed",
      "type": "aws_iam_policy",
      "name": "policy",
      "provider": "provider[\"registry.terraform.io/hashicorp/aws\"]",
      "instances": [
        {
          "index_key": 0,
          "schema_version": 0,
          "attributes": {
            "arn": "arn:aws:iam::038462785952:policy/eks-cluster-admin-policy",
            "attachment_count": 1,
            "description": "EKS admin policy for cluster mysqldb",
            "id": "arn:aws:iam::038462785952:policy/eks-cluster-admin-policy",
            "name": "eks-cluster-admin-policy",
            "name_prefix": "",
            "path": "/",
            "policy": "{\"Statement\":[{\"Action\":[\"kms:DescribeKey\",\"elasticloadbalancing:SetLoadBalancerPoliciesOfListener\",\"elasticloadbalancing:SetLoadBalancerPoliciesForBackendServer\",\"elasticloadbalancing:RegisterTargets\",\"elasticloadbalancing:RegisterInstancesWithLoadBalancer\",\"elasticloadbalancing:ModifyTargetGroupAttributes\",\"elasticloadbalancing:ModifyTargetGroup\",\"elasticloadbalancing:ModifyLoadBalancerAttributes\",\"elasticloadbalancing:ModifyListener\",\"elasticloadbalancing:DetachLoadBalancerFromSubnets\",\"elasticloadbalancing:DescribeTargetHealth\",\"elasticloadbalancing:DescribeTargetGroups\",\"elasticloadbalancing:DescribeTargetGroupAttributes\",\"elasticloadbalancing:DescribeLoadBalancers\",\"elasticloadbalancing:DescribeLoadBalancerPolicies\",\"elasticloadbalancing:DescribeLoadBalancerAttributes\",\"elasticloadbalancing:DescribeListeners\",\"elasticloadbalancing:DeregisterTargets\",\"elasticloadbalancing:DeregisterInstancesFromLoadBalancer\",\"elasticloadbalancing:DeleteTargetGroup\",\"elasticloadbalancing:DeleteLoadBalancerListeners\",\"elasticloadbalancing:DeleteLoadBalancer\",\"elasticloadbalancing:DeleteListener\",\"elasticloadbalancing:CreateTargetGroup\",\"elasticloadbalancing:CreateRule\",\"elasticloadbalancing:CreateLoadBalancerPolicy\",\"elasticloadbalancing:CreateLoadBalancerListeners\",\"elasticloadbalancing:CreateLoadBalancer\",\"elasticloadbalancing:CreateListener\",\"elasticloadbalancing:ConfigureHealthCheck\",\"elasticloadbalancing:AttachLoadBalancerToSubnets\",\"elasticloadbalancing:ApplySecurityGroupsToLoadBalancer\",\"elasticloadbalancing:AddTags\",\"eks:DescribeCluster\",\"eks-auth:AssumeRoleForPodIdentity\",\"ec2:RunInstances\",\"ec2:RevokeSecurityGroupIngress\",\"ec2:ModifyVolume\",\"ec2:ModifyNetworkInterfaceAttribute\",\"ec2:ModifyInstanceAttribute\",\"ec2:EnableFastSnapshotRestores\",\"ec2:DetachVolume\",\"ec2:DetachNetworkInterface\",\"ec2:DescribeVpcs\",\"ec2:DescribeVolumesModifications\",\"ec2:DescribeVolumes\",\"ec2:DescribeTags\",\"ec2:DescribeSubnets\",\"ec2:DescribeSecurityGroups\",\"ec2:DescribeRouteTables\",\"ec2:DescribeNetworkInterfaces\",\"ec2:DescribeInternetGateways\",\"ec2:DescribeInstances\",\"ec2:DescribeInstanceTypes\",\"ec2:DescribeDhcpOptions\",\"ec2:DescribeAvailabilityZones\",\"ec2:DescribeAddresses\",\"ec2:DescribeAccountAttributes\",\"ec2:DeleteVolume\",\"ec2:DeleteSecurityGroup\",\"ec2:DeleteRoute\",\"ec2:DeleteNetworkInterface\",\"ec2:CreateVolume\",\"ec2:CreateTags\",\"ec2:CreateSecurityGroup\",\"ec2:CreateRoute\",\"ec2:CreateNetworkInterface\",\"ec2:CreateFleet\",\"ec2:AuthorizeSecurityGroupIngress\",\"ec2:AttachVolume\",\"ec2:AttachNetworkInterface\",\"ec2:AssignPrivateIpAddresses\",\"autoscaling:UpdateAutoScalingGroup\",\"autoscaling:DescribeTags\",\"autoscaling:DescribeLaunchConfigurations\",\"autoscaling:DescribeAutoScalingInstances\",\"autoscaling:DescribeAutoScalingGroups\"],\"Condition\":{\"StringEquals\":{\"autoscaling:ResourceTag/k8s.io/cluster-autoscaler/enabled\":\"true\",\"autoscaling:ResourceTag/kubernetes.io/cluster/mysqldb\":\"owned\"}},\"Effect\":\"Allow\",\"Resource\":\"*\",\"Sid\":\"EKSPermissions\"}],\"Version\":\"2012-10-17\"}",
            "policy_id": "ANPAQR5EPRGQKO3QIHKY7",
            "tags": {},
            "tags_all": {}
          },
          "sensitive_attributes": [],
          "private": "bnVsbA==",
          "dependencies": [
            "data.aws_iam_policy_document.aws_eks_policy"
          ]
        }
      ]
    }
  ],
  "check_results": null
}
